// !$*UTF8*$!
{
	archiveVersion = 1;
	classes = {
	};
	objectVersion = 55;
	objects = {

/* Begin PBXBuildFile section */
		6009FB642876A47100FC5A60 /* fontmetrics.dat in Resources */ = {isa = PBXBuildFile; fileRef = 6009FB632876A47100FC5A60 /* fontmetrics.dat */; };
		601128452861239600F92967 /* Foundation.framework in Frameworks */ = {isa = PBXBuildFile; fileRef = 601128442861239600F92967 /* Foundation.framework */; };
		601128A2286253FA00F92967 /* MetalKit.framework in Frameworks */ = {isa = PBXBuildFile; fileRef = 601128A0286253FA00F92967 /* MetalKit.framework */; };
		601128A3286253FA00F92967 /* Metal.framework in Frameworks */ = {isa = PBXBuildFile; fileRef = 601128A1286253FA00F92967 /* Metal.framework */; };
		601128A82862588900F92967 /* AppKit.framework in Frameworks */ = {isa = PBXBuildFile; fileRef = 601128A72862588900F92967 /* AppKit.framework */; };
		601128AD28625BAF00F92967 /* structuredart1.png in Resources */ = {isa = PBXBuildFile; fileRef = 601128A928625BAE00F92967 /* structuredart1.png */; };
		601128AE28625BAF00F92967 /* structuredart2.png in Resources */ = {isa = PBXBuildFile; fileRef = 601128AA28625BAE00F92967 /* structuredart2.png */; };
		601128AF28625BAF00F92967 /* teapot.obj in Resources */ = {isa = PBXBuildFile; fileRef = 601128AB28625BAE00F92967 /* teapot.obj */; };
		601128B028625BAF00F92967 /* font.png in Resources */ = {isa = PBXBuildFile; fileRef = 601128AC28625BAF00F92967 /* font.png */; };
		6028DD332886EE54000E1E98 /* T1_appinit.h in Sources */ = {isa = PBXBuildFile; fileRef = 6028DD302886EE36000E1E98 /* T1_appinit.h */; };
		6028DD342886EE54000E1E98 /* T1_appinit.c in Sources */ = {isa = PBXBuildFile; fileRef = 6028DD2F2886EE35000E1E98 /* T1_appinit.c */; };
		6064C0C22892505000E8B3AD /* T1_gameloop.c in Sources */ = {isa = PBXBuildFile; fileRef = 6064C0BF2892504A00E8B3AD /* T1_gameloop.c */; };
		6080CC46286FFD1E00444118 /* phoebus.png in Resources */ = {isa = PBXBuildFile; fileRef = 6080CC45286FFD1D00444118 /* phoebus.png */; };
		60A998F1287BD4C3003F7159 /* T1_logger.h in Sources */ = {isa = PBXBuildFile; fileRef = 601128752862511600F92967 /* T1_logger.h */; };
		60A998F2287BD4C3003F7159 /* T1_renderer.h in Sources */ = {isa = PBXBuildFile; fileRef = 6011287B2862511700F92967 /* T1_renderer.h */; };
		60A998F4287BD4C3003F7159 /* T1_apple_platform_layer.m in Sources */ = {isa = PBXBuildFile; fileRef = 60112896286253C100F92967 /* T1_apple_platform_layer.m */; };
		60A998F5287BD4C3003F7159 /* T1_texture_array.h in Sources */ = {isa = PBXBuildFile; fileRef = 601128682862511500F92967 /* T1_texture_array.h */; };
		60A998F7287BD4C3003F7159 /* T1_logger.c in Sources */ = {isa = PBXBuildFile; fileRef = 6011287F2862511700F92967 /* T1_logger.c */; };
		60A998F8287BD4C3003F7159 /* T1_std.h in Sources */ = {isa = PBXBuildFile; fileRef = 6080CC472870182700444118 /* T1_std.h */; };
		60A998FA287BD4C3003F7159 /* T1_renderer.c in Sources */ = {isa = PBXBuildFile; fileRef = 6011286C2862511500F92967 /* T1_renderer.c */; };
		60A998FB287BD4C3003F7159 /* T1_lightsource.h in Sources */ = {isa = PBXBuildFile; fileRef = 601128712862511600F92967 /* T1_lightsource.h */; };
		60A998FD287BD4C3003F7159 /* T1_decodedimage.c in Sources */ = {isa = PBXBuildFile; fileRef = 60A998D9287BD332003F7159 /* T1_decodedimage.c */; };
		60A998FE287BD4C3003F7159 /* T1_mem.c in Sources */ = {isa = PBXBuildFile; fileRef = 6009B4F328679E7D00F1F279 /* T1_mem.c */; };
		60A99900287BD4C3003F7159 /* T1_cpu_to_gpu_types.h in Sources */ = {isa = PBXBuildFile; fileRef = 601128762862511600F92967 /* T1_cpu_to_gpu_types.h */; };
		60A99901287BD4C3003F7159 /* T1_text.h in Sources */ = {isa = PBXBuildFile; fileRef = 601128672862511500F92967 /* T1_text.h */; };
		60A99902287BD4C3003F7159 /* decode_png.h in Sources */ = {isa = PBXBuildFile; fileRef = 6011283C286122FE00F92967 /* decode_png.h */; };
		60A99903287BD4C3003F7159 /* T1_uiinteraction.c in Sources */ = {isa = PBXBuildFile; fileRef = 601128692862511500F92967 /* T1_uiinteraction.c */; };
		60A99904287BD4C3003F7159 /* T1_random.c in Sources */ = {isa = PBXBuildFile; fileRef = 601128772862511600F92967 /* T1_random.c */; };
		60A99905287BD4C3003F7159 /* T1_engineglobals.h in Sources */ = {isa = PBXBuildFile; fileRef = 601128822862511700F92967 /* T1_engineglobals.h */; };
		60A99908287BD4C3003F7159 /* T1_random.h in Sources */ = {isa = PBXBuildFile; fileRef = 601128802862511700F92967 /* T1_random.h */; };
		60A99909287BD4C3003F7159 /* T1_platform_layer.h in Sources */ = {isa = PBXBuildFile; fileRef = 601128832862511700F92967 /* T1_platform_layer.h */; };
		60A9990A287BD4C3003F7159 /* T1_zsprite.h in Sources */ = {isa = PBXBuildFile; fileRef = 601128842862511700F92967 /* T1_zsprite.h */; };
		60A9990B287BD4C3003F7159 /* T1_decodedimage.h in Sources */ = {isa = PBXBuildFile; fileRef = 60A998DA287BD333003F7159 /* T1_decodedimage.h */; };
		60A9990C287BD4C3003F7159 /* decode_png.c in Sources */ = {isa = PBXBuildFile; fileRef = 6011283D286122FE00F92967 /* decode_png.c */; };
		60A9990D287BD4C3003F7159 /* T1_gpu.h in Sources */ = {isa = PBXBuildFile; fileRef = 60112898286253C100F92967 /* T1_gpu.h */; };
		60A9990E287BD4C3003F7159 /* T1_scheduled_animations.h in Sources */ = {isa = PBXBuildFile; fileRef = 6011286A2862511500F92967 /* T1_scheduled_animations.h */; };
		60A9990F287BD4C4003F7159 /* T1_text.c in Sources */ = {isa = PBXBuildFile; fileRef = 601128742862511600F92967 /* T1_text.c */; };
		60A99910287BD4C4003F7159 /* T1_texture_array.c in Sources */ = {isa = PBXBuildFile; fileRef = 601128662862511500F92967 /* T1_texture_array.c */; };
		60A99911287BD4C4003F7159 /* T1_zsprite.c in Sources */ = {isa = PBXBuildFile; fileRef = 6011287E2862511700F92967 /* T1_zsprite.c */; };
		60A99912287BD4C4003F7159 /* T1_uiinteraction.h in Sources */ = {isa = PBXBuildFile; fileRef = 6011286B2862511500F92967 /* T1_uiinteraction.h */; };
		60A99913287BD4C4003F7159 /* inflate.h in Sources */ = {isa = PBXBuildFile; fileRef = 6011283E286122FE00F92967 /* inflate.h */; };
		60A99915287BD4C4003F7159 /* T1_cpu_gpu_shared_types.h in Sources */ = {isa = PBXBuildFile; fileRef = 6011287A2862511600F92967 /* T1_cpu_gpu_shared_types.h */; };
		60A99916287BD4C4003F7159 /* T1_scheduled_animations.c in Sources */ = {isa = PBXBuildFile; fileRef = 6011287D2862511700F92967 /* T1_scheduled_animations.c */; };
		60A99917287BD4C4003F7159 /* T1_lightsource.c in Sources */ = {isa = PBXBuildFile; fileRef = 601128782862511600F92967 /* T1_lightsource.c */; };
		60A99919287BD4C4003F7159 /* T1_mem.h in Sources */ = {isa = PBXBuildFile; fileRef = 6009B4F228679E7D00F1F279 /* T1_mem.h */; };
		60A9991A287BD4C4003F7159 /* T1_engineglobals.c in Sources */ = {isa = PBXBuildFile; fileRef = 6011286E2862511600F92967 /* T1_engineglobals.c */; };
		60A9991C287BD4C4003F7159 /* inflate.c in Sources */ = {isa = PBXBuildFile; fileRef = 60112839286122FE00F92967 /* inflate.c */; };
		60A9991D287BD4C4003F7159 /* T1_std.c in Sources */ = {isa = PBXBuildFile; fileRef = 6011286F2862511600F92967 /* T1_std.c */; };
		60A9991E287BD4D6003F7159 /* shaders.metal in Sources */ = {isa = PBXBuildFile; fileRef = 60112895286253C100F92967 /* shaders.metal */; };
		60A9991F287BDF31003F7159 /* font.png in Resources */ = {isa = PBXBuildFile; fileRef = 601128AC28625BAF00F92967 /* font.png */; };
		60A99920287BDF31003F7159 /* structuredart1.png in Resources */ = {isa = PBXBuildFile; fileRef = 601128A928625BAE00F92967 /* structuredart1.png */; };
		60A99921287BDF31003F7159 /* fontmetrics.dat in Resources */ = {isa = PBXBuildFile; fileRef = 6009FB632876A47100FC5A60 /* fontmetrics.dat */; };
		60A99922287BDF31003F7159 /* structuredart2.png in Resources */ = {isa = PBXBuildFile; fileRef = 601128AA28625BAE00F92967 /* structuredart2.png */; };
		60A99923287BDF31003F7159 /* teapot.obj in Resources */ = {isa = PBXBuildFile; fileRef = 601128AB28625BAE00F92967 /* teapot.obj */; };
		60A99924287BDF31003F7159 /* phoebus.png in Resources */ = {isa = PBXBuildFile; fileRef = 6080CC45286FFD1D00444118 /* phoebus.png */; };
		EC0531612C43D20F00C6771A /* unitybuild_macos.c in Sources */ = {isa = PBXBuildFile; fileRef = EC493BC42BEDA96D004D957F /* unitybuild_macos.c */; };
		EC0717F02C29CDD5007A4AFA /* teapot_smooth.obj in Resources */ = {isa = PBXBuildFile; fileRef = EC0717EF2C29CDD5007A4AFA /* teapot_smooth.obj */; };
		EC0717F12C29CDD5007A4AFA /* teapot_smooth.obj in Resources */ = {isa = PBXBuildFile; fileRef = EC0717EF2C29CDD5007A4AFA /* teapot_smooth.obj */; };
		EC083A3B2AFF727900234FE3 /* T1_objparser.c in Sources */ = {isa = PBXBuildFile; fileRef = EC083A392AFF727900234FE3 /* T1_objparser.c */; };
		EC0BFBD929EE71A200E4BC1C /* tree.obj in Resources */ = {isa = PBXBuildFile; fileRef = EC0BFBD729EE71A200E4BC1C /* tree.obj */; };
		EC0BFBDA29EE71A200E4BC1C /* tree.obj in Resources */ = {isa = PBXBuildFile; fileRef = EC0BFBD729EE71A200E4BC1C /* tree.obj */; };
		EC0BFBDB29EE71A200E4BC1C /* xmas_tree.obj in Resources */ = {isa = PBXBuildFile; fileRef = EC0BFBD829EE71A200E4BC1C /* xmas_tree.obj */; };
		EC0BFBDC29EE71A200E4BC1C /* xmas_tree.obj in Resources */ = {isa = PBXBuildFile; fileRef = EC0BFBD829EE71A200E4BC1C /* xmas_tree.obj */; };
		EC14028D2DF8FDA400697AF4 /* normalmap_rectangles.png in Resources */ = {isa = PBXBuildFile; fileRef = EC14028C2DF8FDA400697AF4 /* normalmap_rectangles.png */; };
		EC14028E2DF8FDA400697AF4 /* normalmap_rectangles.png in Resources */ = {isa = PBXBuildFile; fileRef = EC14028C2DF8FDA400697AF4 /* normalmap_rectangles.png */; };
		EC1412B12938597400DA0D21 /* cardwithuvcoords.obj in Resources */ = {isa = PBXBuildFile; fileRef = EC1412AE2938597400DA0D21 /* cardwithuvcoords.obj */; };
		EC1412B22938597400DA0D21 /* cardwithuvcoords.obj in Resources */ = {isa = PBXBuildFile; fileRef = EC1412AE2938597400DA0D21 /* cardwithuvcoords.obj */; };
		EC18FF4229E3DC8B00ED785C /* blob1.png in Resources */ = {isa = PBXBuildFile; fileRef = EC18FF4129E3DC8B00ED785C /* blob1.png */; };
		EC18FF4329E3DC8B00ED785C /* blob1.png in Resources */ = {isa = PBXBuildFile; fileRef = EC18FF4129E3DC8B00ED785C /* blob1.png */; };
		EC18FF4629E3DD8900ED785C /* blob2.png in Resources */ = {isa = PBXBuildFile; fileRef = EC18FF4429E3DD8900ED785C /* blob2.png */; };
		EC18FF4729E3DD8900ED785C /* blob2.png in Resources */ = {isa = PBXBuildFile; fileRef = EC18FF4429E3DD8900ED785C /* blob2.png */; };
		EC18FF4829E3DD8900ED785C /* blob3.png in Resources */ = {isa = PBXBuildFile; fileRef = EC18FF4529E3DD8900ED785C /* blob3.png */; };
		EC18FF4929E3DD8900ED785C /* blob3.png in Resources */ = {isa = PBXBuildFile; fileRef = EC18FF4529E3DD8900ED785C /* blob3.png */; };
		EC31932529DFAAFB00E320CD /* T1_particle.c in Sources */ = {isa = PBXBuildFile; fileRef = EC31932329DFAAFB00E320CD /* T1_particle.c */; };
		EC4040DB2E5431C000264128 /* clientlogic_particledesigner.c in Sources */ = {isa = PBXBuildFile; fileRef = EC4040D92E5431C000264128 /* clientlogic_particledesigner.c */; };
		EC493BC92BEDABCC004D957F /* UIKit.framework in Frameworks */ = {isa = PBXBuildFile; fileRef = EC6B1F48293C9FD900837369 /* UIKit.framework */; };
		EC493BCB2BEDAE07004D957F /* shaders.metal in Sources */ = {isa = PBXBuildFile; fileRef = 60112895286253C100F92967 /* shaders.metal */; };
		EC6441A429318B6D00A0267B /* main.m in Sources */ = {isa = PBXBuildFile; fileRef = EC64419F29318B6D00A0267B /* main.m */; };
		EC6441A529318B6D00A0267B /* AppDelegate.m in Sources */ = {isa = PBXBuildFile; fileRef = EC6441A029318B6D00A0267B /* AppDelegate.m */; };
		EC6441A629318B6D00A0267B /* ios_platform_layer.c in Sources */ = {isa = PBXBuildFile; fileRef = EC6441A129318B6D00A0267B /* ios_platform_layer.c */; };
		EC6441A729318B6D00A0267B /* ViewController.m in Sources */ = {isa = PBXBuildFile; fileRef = EC6441A329318B6D00A0267B /* ViewController.m */; };
		EC676A3A2DE6D667001FD4DE /* T1_material.c in Sources */ = {isa = PBXBuildFile; fileRef = EC676A392DE6D667001FD4DE /* T1_material.c */; };
		EC676A3C2DE85210001FD4DE /* T1_cpu_to_gpu_types.c in Sources */ = {isa = PBXBuildFile; fileRef = EC676A3B2DE85210001FD4DE /* T1_cpu_to_gpu_types.c */; };
		EC676A3D2DE8D41D001FD4DE /* guitar_simplified.mtl in Resources */ = {isa = PBXBuildFile; fileRef = EC74B51A2DE3BC070033206F /* guitar_simplified.mtl */; };
		EC67AE162A1B0813002D8380 /* leaves3.png in Resources */ = {isa = PBXBuildFile; fileRef = EC67AE152A1B0813002D8380 /* leaves3.png */; };
		EC67AE172A1B0813002D8380 /* leaves3.png in Resources */ = {isa = PBXBuildFile; fileRef = EC67AE152A1B0813002D8380 /* leaves3.png */; };
		EC6A301C29EFA1440071C58F /* T1_triangle.c in Sources */ = {isa = PBXBuildFile; fileRef = EC6A301A29EFA1440071C58F /* T1_triangle.c */; };
		EC6B1F4B293CA04800837369 /* Foundation.framework in Frameworks */ = {isa = PBXBuildFile; fileRef = EC6B1F4A293CA04800837369 /* Foundation.framework */; };
		EC6B1F4D293CA04F00837369 /* Metal.framework in Frameworks */ = {isa = PBXBuildFile; fileRef = EC6B1F4C293CA04F00837369 /* Metal.framework */; };
		EC6B1F4F293CA05500837369 /* MetalKit.framework in Frameworks */ = {isa = PBXBuildFile; fileRef = EC6B1F4E293CA05500837369 /* MetalKit.framework */; };
		EC6E12172A03BD90004E7BD1 /* T1_uielement.c in Sources */ = {isa = PBXBuildFile; fileRef = EC6E12142A03BD8F004E7BD1 /* T1_uielement.c */; };
		EC6E121B2A04CE13004E7BD1 /* T1_zspriteid.c in Sources */ = {isa = PBXBuildFile; fileRef = EC6E12182A04CE12004E7BD1 /* T1_zspriteid.c */; };
		EC74B5222DE3BC070033206F /* guitar_simplified.mtl in Resources */ = {isa = PBXBuildFile; fileRef = EC74B51A2DE3BC070033206F /* guitar_simplified.mtl */; };
		EC74B5252DE3BC070033206F /* 1001_normal.png in Resources */ = {isa = PBXBuildFile; fileRef = EC74B51C2DE3BC070033206F /* 1001_normal.png */; };
		EC74B5262DE3BC070033206F /* 1001_normal.png in Resources */ = {isa = PBXBuildFile; fileRef = EC74B51C2DE3BC070033206F /* 1001_normal.png */; };
		EC74B52B2DE3BC070033206F /* guitar_simplified.obj in Resources */ = {isa = PBXBuildFile; fileRef = EC74B51F2DE3BC070033206F /* guitar_simplified.obj */; };
		EC74B52C2DE3BC070033206F /* guitar_simplified.obj in Resources */ = {isa = PBXBuildFile; fileRef = EC74B51F2DE3BC070033206F /* guitar_simplified.obj */; };
		EC78509B29E62CA800E6882A /* T1_objmodel.c in Sources */ = {isa = PBXBuildFile; fileRef = EC78509929E62CA800E6882A /* T1_objmodel.c */; };
		EC7B09D4293CAC8B000ED98E /* Main.storyboard in Resources */ = {isa = PBXBuildFile; fileRef = EC7B09D3293CAC8B000ED98E /* Main.storyboard */; };
		EC7B171B293A23E400C1D20C /* roundedborder.png in Resources */ = {isa = PBXBuildFile; fileRef = EC7B171A293A23E300C1D20C /* roundedborder.png */; };
		EC7B171C293A23E400C1D20C /* roundedborder.png in Resources */ = {isa = PBXBuildFile; fileRef = EC7B171A293A23E300C1D20C /* roundedborder.png */; };
		EC7FBC402DECE93000A679A7 /* 1001_albedo.png in Resources */ = {isa = PBXBuildFile; fileRef = EC7FBC3F2DECE93000A679A7 /* 1001_albedo.png */; };
		EC7FBC412DECE93000A679A7 /* 1001_albedo.png in Resources */ = {isa = PBXBuildFile; fileRef = EC7FBC3F2DECE93000A679A7 /* 1001_albedo.png */; };
		EC8043212E56C3A800434066 /* T1_meta.c in Sources */ = {isa = PBXBuildFile; fileRef = EC8043202E56C3A800434066 /* T1_meta.c */; };
		EC843EA82D1401F3001AD2E9 /* cardstand.obj in Resources */ = {isa = PBXBuildFile; fileRef = EC843EA72D1401F3001AD2E9 /* cardstand.obj */; };
		EC843EA92D1401F3001AD2E9 /* cardstand.obj in Resources */ = {isa = PBXBuildFile; fileRef = EC843EA72D1401F3001AD2E9 /* cardstand.obj */; };
		EC8E828C2DF25F9E00E2D97A /* open_cube.obj in Resources */ = {isa = PBXBuildFile; fileRef = EC8E828B2DF25F9E00E2D97A /* open_cube.obj */; };
		EC8E828D2DF25F9E00E2D97A /* open_cube.mtl in Resources */ = {isa = PBXBuildFile; fileRef = EC8E828A2DF25F9E00E2D97A /* open_cube.mtl */; };
		EC8E828E2DF25F9E00E2D97A /* open_cube.obj in Resources */ = {isa = PBXBuildFile; fileRef = EC8E828B2DF25F9E00E2D97A /* open_cube.obj */; };
		EC8E828F2DF25F9E00E2D97A /* open_cube.mtl in Resources */ = {isa = PBXBuildFile; fileRef = EC8E828A2DF25F9E00E2D97A /* open_cube.mtl */; };
		EC90BD982E03266700773769 /* crack_1.mtl in Resources */ = {isa = PBXBuildFile; fileRef = EC90BD962E03266700773769 /* crack_1.mtl */; };
		EC90BD992E03266700773769 /* crack_1.obj in Resources */ = {isa = PBXBuildFile; fileRef = EC90BD972E03266700773769 /* crack_1.obj */; };
		EC90BD9A2E03266700773769 /* crack_1.mtl in Resources */ = {isa = PBXBuildFile; fileRef = EC90BD962E03266700773769 /* crack_1.mtl */; };
		EC90BD9B2E03266700773769 /* crack_1.obj in Resources */ = {isa = PBXBuildFile; fileRef = EC90BD972E03266700773769 /* crack_1.obj */; };
		EC90BDC22E040D5200773769 /* perlin_noise.dds in Resources */ = {isa = PBXBuildFile; fileRef = EC90BDC12E040D5200773769 /* perlin_noise.dds */; };
		EC90BDC32E040D5200773769 /* perlin_noise.dds in Resources */ = {isa = PBXBuildFile; fileRef = EC90BDC12E040D5200773769 /* perlin_noise.dds */; };
		EC914B7F2B8AD447007FCBFC /* T1_audio.c in Sources */ = {isa = PBXBuildFile; fileRef = EC914B7A2B8AD447007FCBFC /* T1_audio.c */; };
		EC914B812B8AD447007FCBFC /* T1_wav.c in Sources */ = {isa = PBXBuildFile; fileRef = EC914B7B2B8AD447007FCBFC /* T1_wav.c */; };
		EC914B852B8AD5AB007FCBFC /* T1_apple_audio.m in Sources */ = {isa = PBXBuildFile; fileRef = EC914B832B8AD5AB007FCBFC /* T1_apple_audio.m */; };
		EC914B8A2B9199A1007FCBFC /* AudioToolbox.framework in Frameworks */ = {isa = PBXBuildFile; fileRef = EC914B892B9199A1007FCBFC /* AudioToolbox.framework */; };
		EC914B8D2B94B193007FCBFC /* T1_linux_apple_platform_layer.c in Sources */ = {isa = PBXBuildFile; fileRef = EC61E2D42AFB02B7004D316D /* T1_linux_apple_platform_layer.c */; };
		EC914B8E2B94B1EF007FCBFC /* T1_terminal.c in Sources */ = {isa = PBXBuildFile; fileRef = EC7C25252980B6A900DB7BC8 /* T1_terminal.c */; };
		EC92FDAE2902917500C10865 /* decode_bmp.c in Sources */ = {isa = PBXBuildFile; fileRef = EC92FDAC2902917500C10865 /* decode_bmp.c */; };
		ECB05E4D294F8FD400050BD4 /* key.obj in Resources */ = {isa = PBXBuildFile; fileRef = ECB05E4C294F8FD300050BD4 /* key.obj */; };
		ECB05E4E2950864000050BD4 /* T1_gpu.m in Sources */ = {isa = PBXBuildFile; fileRef = ECB05E48294F8B1300050BD4 /* T1_gpu.m */; };
		ECB05E4F2950868E00050BD4 /* key.obj in Resources */ = {isa = PBXBuildFile; fileRef = ECB05E4C294F8FD300050BD4 /* key.obj */; };
		ECC47A6029E9111C0082A7C6 /* disk.obj in Resources */ = {isa = PBXBuildFile; fileRef = ECC47A5F29E9111C0082A7C6 /* disk.obj */; };
		ECC47A6129E9111C0082A7C6 /* disk.obj in Resources */ = {isa = PBXBuildFile; fileRef = ECC47A5F29E9111C0082A7C6 /* disk.obj */; };
		ECDCFF4D2DDE0F2B002AA399 /* T1_mtlparser.c in Sources */ = {isa = PBXBuildFile; fileRef = ECDCFF4B2DDE0F2A002AA399 /* T1_mtlparser.c */; };
		ECDCFF502DDE0F52002AA399 /* T1_tokenizer.c in Sources */ = {isa = PBXBuildFile; fileRef = ECDCFF4F2DDE0F52002AA399 /* T1_tokenizer.c */; };
		ECDD9C232DE2157500721A48 /* T1_texture_files.c in Sources */ = {isa = PBXBuildFile; fileRef = ECDD9C212DE2157400721A48 /* T1_texture_files.c */; };
		ECE759CE2C3FF1BE004B0847 /* T1_collision.c in Sources */ = {isa = PBXBuildFile; fileRef = ECE759CC2C3FF1BE004B0847 /* T1_collision.c */; };
		ECE759D12C400175004B0847 /* T1_lines.c in Sources */ = {isa = PBXBuildFile; fileRef = ECE759D02C400175004B0847 /* T1_lines.c */; };
		ECF7CB172D53ADA400623C60 /* T1_platform_layer_common.c in Sources */ = {isa = PBXBuildFile; fileRef = ECF7CB142D53ADA400623C60 /* T1_platform_layer_common.c */; };
		ECF7CB182D53ADA400623C60 /* T1_profiler.c in Sources */ = {isa = PBXBuildFile; fileRef = ECF7CB152D53ADA400623C60 /* T1_profiler.c */; };
/* End PBXBuildFile section */

/* Begin PBXFileReference section */
		6009B4F228679E7D00F1F279 /* T1_mem.h */ = {isa = PBXFileReference; lastKnownFileType = sourcecode.c.h; name = T1_mem.h; path = ../../engine_src/shared/T1_mem.h; sourceTree = "<group>"; };
		6009B4F328679E7D00F1F279 /* T1_mem.c */ = {isa = PBXFileReference; lastKnownFileType = sourcecode.c.c; name = T1_mem.c; path = ../../engine_src/shared/T1_mem.c; sourceTree = "<group>"; };
		6009FB632876A47100FC5A60 /* fontmetrics.dat */ = {isa = PBXFileReference; lastKnownFileType = file; name = fontmetrics.dat; path = ../../resources/fontmetrics.dat; sourceTree = "<group>"; };
		6011281928611F5100F92967 /* TOKONE_macos.app */ = {isa = PBXFileReference; explicitFileType = wrapper.application; includeInIndex = 0; path = TOKONE_macos.app; sourceTree = BUILT_PRODUCTS_DIR; };
		6011282928611F7900F92967 /* TOKONE_macos.entitlements */ = {isa = PBXFileReference; lastKnownFileType = text.plist.entitlements; path = TOKONE_macos.entitlements; sourceTree = "<group>"; };
		60112839286122FE00F92967 /* inflate.c */ = {isa = PBXFileReference; fileEncoding = 4; lastKnownFileType = sourcecode.c.c; name = inflate.c; path = ../../engine_src/shared/debigulator/src/inflate.c; sourceTree = "<group>"; };
		6011283C286122FE00F92967 /* decode_png.h */ = {isa = PBXFileReference; fileEncoding = 4; lastKnownFileType = sourcecode.c.h; name = decode_png.h; path = ../../engine_src/shared/debigulator/src/decode_png.h; sourceTree = "<group>"; };
		6011283D286122FE00F92967 /* decode_png.c */ = {isa = PBXFileReference; fileEncoding = 4; lastKnownFileType = sourcecode.c.c; name = decode_png.c; path = ../../engine_src/shared/debigulator/src/decode_png.c; sourceTree = "<group>"; };
		6011283E286122FE00F92967 /* inflate.h */ = {isa = PBXFileReference; fileEncoding = 4; lastKnownFileType = sourcecode.c.h; name = inflate.h; path = ../../engine_src/shared/debigulator/src/inflate.h; sourceTree = "<group>"; };
		601128442861239600F92967 /* Foundation.framework */ = {isa = PBXFileReference; lastKnownFileType = wrapper.framework; name = Foundation.framework; path = System/Library/Frameworks/Foundation.framework; sourceTree = SDKROOT; };
		601128662862511500F92967 /* T1_texture_array.c */ = {isa = PBXFileReference; fileEncoding = 4; lastKnownFileType = sourcecode.c.c; name = T1_texture_array.c; path = ../../engine_src/shared/T1_texture_array.c; sourceTree = "<group>"; };
		601128672862511500F92967 /* T1_text.h */ = {isa = PBXFileReference; fileEncoding = 4; lastKnownFileType = sourcecode.c.h; name = T1_text.h; path = ../../engine_src/shared/T1_text.h; sourceTree = "<group>"; };
		601128682862511500F92967 /* T1_texture_array.h */ = {isa = PBXFileReference; fileEncoding = 4; lastKnownFileType = sourcecode.c.h; name = T1_texture_array.h; path = ../../engine_src/shared/T1_texture_array.h; sourceTree = "<group>"; };
		601128692862511500F92967 /* T1_uiinteraction.c */ = {isa = PBXFileReference; fileEncoding = 4; lastKnownFileType = sourcecode.c.c; name = T1_uiinteraction.c; path = ../../engine_src/shared/T1_uiinteraction.c; sourceTree = "<group>"; };
		6011286A2862511500F92967 /* T1_scheduled_animations.h */ = {isa = PBXFileReference; fileEncoding = 4; lastKnownFileType = sourcecode.c.h; name = T1_scheduled_animations.h; path = ../../engine_src/shared/T1_scheduled_animations.h; sourceTree = "<group>"; };
		6011286B2862511500F92967 /* T1_uiinteraction.h */ = {isa = PBXFileReference; fileEncoding = 4; lastKnownFileType = sourcecode.c.h; name = T1_uiinteraction.h; path = ../../engine_src/shared/T1_uiinteraction.h; sourceTree = "<group>"; };
		6011286C2862511500F92967 /* T1_renderer.c */ = {isa = PBXFileReference; fileEncoding = 4; lastKnownFileType = sourcecode.c.c; name = T1_renderer.c; path = ../../engine_src/shared/T1_renderer.c; sourceTree = "<group>"; };
		6011286E2862511600F92967 /* T1_engineglobals.c */ = {isa = PBXFileReference; fileEncoding = 4; lastKnownFileType = sourcecode.c.c; name = T1_engineglobals.c; path = ../../engine_src/shared/T1_engineglobals.c; sourceTree = "<group>"; };
		6011286F2862511600F92967 /* T1_std.c */ = {isa = PBXFileReference; fileEncoding = 4; lastKnownFileType = sourcecode.c.c; name = T1_std.c; path = ../../engine_src/shared/T1_std.c; sourceTree = "<group>"; };
		601128702862511600F92967 /* clientlogic.c */ = {isa = PBXFileReference; fileEncoding = 4; lastKnownFileType = sourcecode.c.c; name = clientlogic.c; path = ../../sampleproject_src/clientlogic.c; sourceTree = "<group>"; };
		601128712862511600F92967 /* T1_lightsource.h */ = {isa = PBXFileReference; fileEncoding = 4; lastKnownFileType = sourcecode.c.h; name = T1_lightsource.h; path = ../../engine_src/shared/T1_lightsource.h; sourceTree = "<group>"; };
		601128742862511600F92967 /* T1_text.c */ = {isa = PBXFileReference; fileEncoding = 4; lastKnownFileType = sourcecode.c.c; name = T1_text.c; path = ../../engine_src/shared/T1_text.c; sourceTree = "<group>"; };
		601128752862511600F92967 /* T1_logger.h */ = {isa = PBXFileReference; fileEncoding = 4; lastKnownFileType = sourcecode.c.h; name = T1_logger.h; path = ../../engine_src/shared/T1_logger.h; sourceTree = "<group>"; };
		601128762862511600F92967 /* T1_cpu_to_gpu_types.h */ = {isa = PBXFileReference; fileEncoding = 4; lastKnownFileType = sourcecode.c.h; name = T1_cpu_to_gpu_types.h; path = ../../engine_src/shared/T1_cpu_to_gpu_types.h; sourceTree = "<group>"; };
		601128772862511600F92967 /* T1_random.c */ = {isa = PBXFileReference; fileEncoding = 4; lastKnownFileType = sourcecode.c.c; name = T1_random.c; path = ../../engine_src/shared/T1_random.c; sourceTree = "<group>"; };
		601128782862511600F92967 /* T1_lightsource.c */ = {isa = PBXFileReference; fileEncoding = 4; lastKnownFileType = sourcecode.c.c; name = T1_lightsource.c; path = ../../engine_src/shared/T1_lightsource.c; sourceTree = "<group>"; };
		6011287A2862511600F92967 /* T1_cpu_gpu_shared_types.h */ = {isa = PBXFileReference; fileEncoding = 4; lastKnownFileType = sourcecode.c.h; name = T1_cpu_gpu_shared_types.h; path = ../../engine_src/shared/T1_cpu_gpu_shared_types.h; sourceTree = "<group>"; };
		6011287B2862511700F92967 /* T1_renderer.h */ = {isa = PBXFileReference; fileEncoding = 4; lastKnownFileType = sourcecode.c.h; name = T1_renderer.h; path = ../../engine_src/shared/T1_renderer.h; sourceTree = "<group>"; };
		6011287D2862511700F92967 /* T1_scheduled_animations.c */ = {isa = PBXFileReference; fileEncoding = 4; lastKnownFileType = sourcecode.c.c; name = T1_scheduled_animations.c; path = ../../engine_src/shared/T1_scheduled_animations.c; sourceTree = "<group>"; };
		6011287E2862511700F92967 /* T1_zsprite.c */ = {isa = PBXFileReference; fileEncoding = 4; lastKnownFileType = sourcecode.c.c; name = T1_zsprite.c; path = ../../engine_src/shared/T1_zsprite.c; sourceTree = "<group>"; };
		6011287F2862511700F92967 /* T1_logger.c */ = {isa = PBXFileReference; fileEncoding = 4; lastKnownFileType = sourcecode.c.c; name = T1_logger.c; path = ../../engine_src/shared/T1_logger.c; sourceTree = "<group>"; };
		601128802862511700F92967 /* T1_random.h */ = {isa = PBXFileReference; fileEncoding = 4; lastKnownFileType = sourcecode.c.h; name = T1_random.h; path = ../../engine_src/shared/T1_random.h; sourceTree = "<group>"; };
		601128822862511700F92967 /* T1_engineglobals.h */ = {isa = PBXFileReference; fileEncoding = 4; lastKnownFileType = sourcecode.c.h; name = T1_engineglobals.h; path = ../../engine_src/shared/T1_engineglobals.h; sourceTree = "<group>"; };
		601128832862511700F92967 /* T1_platform_layer.h */ = {isa = PBXFileReference; explicitFileType = sourcecode.c.objc; fileEncoding = 4; name = T1_platform_layer.h; path = ../../engine_src/shared/T1_platform_layer.h; sourceTree = "<group>"; };
		601128842862511700F92967 /* T1_zsprite.h */ = {isa = PBXFileReference; fileEncoding = 4; lastKnownFileType = sourcecode.c.h; name = T1_zsprite.h; path = ../../engine_src/shared/T1_zsprite.h; sourceTree = "<group>"; };
		60112895286253C100F92967 /* shaders.metal */ = {isa = PBXFileReference; fileEncoding = 4; lastKnownFileType = sourcecode.metal; name = shaders.metal; path = ../../engine_src/shared_apple/shaders.metal; sourceTree = "<group>"; };
		60112896286253C100F92967 /* T1_apple_platform_layer.m */ = {isa = PBXFileReference; explicitFileType = sourcecode.c.objc; fileEncoding = 4; name = T1_apple_platform_layer.m; path = ../../engine_src/shared_apple/T1_apple_platform_layer.m; sourceTree = "<group>"; };
		60112898286253C100F92967 /* T1_gpu.h */ = {isa = PBXFileReference; explicitFileType = sourcecode.c.objc; fileEncoding = 4; name = T1_gpu.h; path = ../../engine_src/shared_apple/T1_gpu.h; sourceTree = "<group>"; };
		6011289C286253DD00F92967 /* T1_macos_platform_layer.m */ = {isa = PBXFileReference; explicitFileType = sourcecode.c.objc; fileEncoding = 4; name = T1_macos_platform_layer.m; path = ../../engine_src/macos/T1_macos_platform_layer.m; sourceTree = "<group>"; };
		601128A0286253FA00F92967 /* MetalKit.framework */ = {isa = PBXFileReference; lastKnownFileType = wrapper.framework; name = MetalKit.framework; path = System/Library/Frameworks/MetalKit.framework; sourceTree = SDKROOT; };
		601128A1286253FA00F92967 /* Metal.framework */ = {isa = PBXFileReference; lastKnownFileType = wrapper.framework; name = Metal.framework; path = System/Library/Frameworks/Metal.framework; sourceTree = SDKROOT; };
		601128A72862588900F92967 /* AppKit.framework */ = {isa = PBXFileReference; lastKnownFileType = wrapper.framework; name = AppKit.framework; path = System/Library/Frameworks/AppKit.framework; sourceTree = SDKROOT; };
		601128A928625BAE00F92967 /* structuredart1.png */ = {isa = PBXFileReference; explicitFileType = compiled; name = structuredart1.png; path = ../../resources/structuredart1.png; sourceTree = "<group>"; };
		601128AA28625BAE00F92967 /* structuredart2.png */ = {isa = PBXFileReference; explicitFileType = compiled; name = structuredart2.png; path = ../../resources/structuredart2.png; sourceTree = "<group>"; };
		601128AB28625BAE00F92967 /* teapot.obj */ = {isa = PBXFileReference; fileEncoding = 4; lastKnownFileType = text; name = teapot.obj; path = ../../resources/teapot.obj; sourceTree = "<group>"; };
		601128AC28625BAF00F92967 /* font.png */ = {isa = PBXFileReference; explicitFileType = compiled; name = font.png; path = ../../resources/font.png; sourceTree = "<group>"; };
		6028DD2F2886EE35000E1E98 /* T1_appinit.c */ = {isa = PBXFileReference; lastKnownFileType = sourcecode.c.c; name = T1_appinit.c; path = ../../engine_src/shared/T1_appinit.c; sourceTree = "<group>"; };
		6028DD302886EE36000E1E98 /* T1_appinit.h */ = {isa = PBXFileReference; lastKnownFileType = sourcecode.c.h; name = T1_appinit.h; path = ../../engine_src/shared/T1_appinit.h; sourceTree = "<group>"; };
		6064C0BE2892504A00E8B3AD /* T1_gameloop.h */ = {isa = PBXFileReference; lastKnownFileType = sourcecode.c.h; name = T1_gameloop.h; path = ../../engine_src/shared/T1_gameloop.h; sourceTree = "<group>"; };
		6064C0BF2892504A00E8B3AD /* T1_gameloop.c */ = {isa = PBXFileReference; lastKnownFileType = sourcecode.c.c; name = T1_gameloop.c; path = ../../engine_src/shared/T1_gameloop.c; sourceTree = "<group>"; };
		6080CC45286FFD1D00444118 /* phoebus.png */ = {isa = PBXFileReference; explicitFileType = compiled; name = phoebus.png; path = ../../resources/phoebus.png; sourceTree = "<group>"; };
		6080CC472870182700444118 /* T1_std.h */ = {isa = PBXFileReference; lastKnownFileType = sourcecode.c.h; name = T1_std.h; path = ../../engine_src/shared/T1_std.h; sourceTree = "<group>"; };
		60A998B4287BCF52003F7159 /* TOKONE_iphone.app */ = {isa = PBXFileReference; explicitFileType = wrapper.application; includeInIndex = 0; path = TOKONE_iphone.app; sourceTree = BUILT_PRODUCTS_DIR; };
		60A998D9287BD332003F7159 /* T1_decodedimage.c */ = {isa = PBXFileReference; lastKnownFileType = sourcecode.c.c; name = T1_decodedimage.c; path = ../../engine_src/shared/T1_decodedimage.c; sourceTree = "<group>"; };
		60A998DA287BD333003F7159 /* T1_decodedimage.h */ = {isa = PBXFileReference; lastKnownFileType = sourcecode.c.h; name = T1_decodedimage.h; path = ../../engine_src/shared/T1_decodedimage.h; sourceTree = "<group>"; };
		EC0717EF2C29CDD5007A4AFA /* teapot_smooth.obj */ = {isa = PBXFileReference; fileEncoding = 4; lastKnownFileType = text; name = teapot_smooth.obj; path = ../../resources/teapot_smooth.obj; sourceTree = "<group>"; };
		EC083A382AFF727900234FE3 /* T1_objparser.h */ = {isa = PBXFileReference; fileEncoding = 4; lastKnownFileType = sourcecode.c.h; name = T1_objparser.h; path = ../../engine_src/shared/T1_objparser.h; sourceTree = "<group>"; };
		EC083A392AFF727900234FE3 /* T1_objparser.c */ = {isa = PBXFileReference; fileEncoding = 4; lastKnownFileType = sourcecode.c.c; name = T1_objparser.c; path = ../../engine_src/shared/T1_objparser.c; sourceTree = "<group>"; };
		EC0BFBD729EE71A200E4BC1C /* tree.obj */ = {isa = PBXFileReference; fileEncoding = 4; lastKnownFileType = text; name = tree.obj; path = ../../resources/tree.obj; sourceTree = "<group>"; };
		EC0BFBD829EE71A200E4BC1C /* xmas_tree.obj */ = {isa = PBXFileReference; fileEncoding = 4; lastKnownFileType = text; name = xmas_tree.obj; path = ../../resources/xmas_tree.obj; sourceTree = "<group>"; };
		EC14028C2DF8FDA400697AF4 /* normalmap_rectangles.png */ = {isa = PBXFileReference; explicitFileType = compiled; name = normalmap_rectangles.png; path = /Users/jellevandeneynde/Documents/github/loreseek/tok_one/resources/normalmap_rectangles.png; sourceTree = "<absolute>"; };
		EC1412AE2938597400DA0D21 /* cardwithuvcoords.obj */ = {isa = PBXFileReference; explicitFileType = compiled; fileEncoding = 4; name = cardwithuvcoords.obj; path = ../../resources/cardwithuvcoords.obj; sourceTree = "<group>"; };
		EC18FF4129E3DC8B00ED785C /* blob1.png */ = {isa = PBXFileReference; explicitFileType = compiled; name = blob1.png; path = ../../resources/blob1.png; sourceTree = "<group>"; };
		EC18FF4429E3DD8900ED785C /* blob2.png */ = {isa = PBXFileReference; explicitFileType = compiled; name = blob2.png; path = ../../resources/blob2.png; sourceTree = "<group>"; };
		EC18FF4529E3DD8900ED785C /* blob3.png */ = {isa = PBXFileReference; explicitFileType = compiled; name = blob3.png; path = ../../resources/blob3.png; sourceTree = "<group>"; };
		EC1BD95B297B5DBD00A9BA54 /* clientlogic_macro_settings.h */ = {isa = PBXFileReference; lastKnownFileType = sourcecode.c.h; name = clientlogic_macro_settings.h; path = ../../sampleproject_src/clientlogic_macro_settings.h; sourceTree = "<group>"; };
		EC31932229DFAAFB00E320CD /* T1_particle.h */ = {isa = PBXFileReference; fileEncoding = 4; lastKnownFileType = sourcecode.c.h; name = T1_particle.h; path = ../../engine_src/shared/T1_particle.h; sourceTree = "<group>"; };
		EC31932329DFAAFB00E320CD /* T1_particle.c */ = {isa = PBXFileReference; fileEncoding = 4; lastKnownFileType = sourcecode.c.c; name = T1_particle.c; path = ../../engine_src/shared/T1_particle.c; sourceTree = "<group>"; };
		EC4040D92E5431C000264128 /* clientlogic_particledesigner.c */ = {isa = PBXFileReference; lastKnownFileType = sourcecode.c.c; name = clientlogic_particledesigner.c; path = /Users/jellevandeneynde/Documents/github/loreseek/tok_one/sampleproject_src/clientlogic_particledesigner.c; sourceTree = "<absolute>"; };
		EC493BC42BEDA96D004D957F /* unitybuild_macos.c */ = {isa = PBXFileReference; explicitFileType = sourcecode.c.objc; fileEncoding = 4; name = unitybuild_macos.c; path = ../../unitybuild_macos.c; sourceTree = "<group>"; };
		EC61E2D42AFB02B7004D316D /* T1_linux_apple_platform_layer.c */ = {isa = PBXFileReference; fileEncoding = 4; lastKnownFileType = sourcecode.c.c; name = T1_linux_apple_platform_layer.c; path = ../../engine_src/shared_linux_apple/T1_linux_apple_platform_layer.c; sourceTree = "<group>"; };
		EC64419E29318B6D00A0267B /* AppDelegate.h */ = {isa = PBXFileReference; fileEncoding = 4; lastKnownFileType = sourcecode.c.h; name = AppDelegate.h; path = ../../engine_src/ios/AppDelegate.h; sourceTree = "<group>"; };
		EC64419F29318B6D00A0267B /* main.m */ = {isa = PBXFileReference; fileEncoding = 4; lastKnownFileType = sourcecode.c.objc; name = main.m; path = ../../engine_src/ios/main.m; sourceTree = "<group>"; };
		EC6441A029318B6D00A0267B /* AppDelegate.m */ = {isa = PBXFileReference; fileEncoding = 4; lastKnownFileType = sourcecode.c.objc; name = AppDelegate.m; path = ../../engine_src/ios/AppDelegate.m; sourceTree = "<group>"; };
		EC6441A129318B6D00A0267B /* ios_platform_layer.c */ = {isa = PBXFileReference; explicitFileType = sourcecode.c.objc; fileEncoding = 4; name = ios_platform_layer.c; path = ../../engine_src/ios/ios_platform_layer.c; sourceTree = "<group>"; };
		EC6441A229318B6D00A0267B /* ViewController.h */ = {isa = PBXFileReference; fileEncoding = 4; lastKnownFileType = sourcecode.c.h; name = ViewController.h; path = ../../engine_src/ios/ViewController.h; sourceTree = "<group>"; };
		EC6441A329318B6D00A0267B /* ViewController.m */ = {isa = PBXFileReference; fileEncoding = 4; lastKnownFileType = sourcecode.c.objc; name = ViewController.m; path = ../../engine_src/ios/ViewController.m; sourceTree = "<group>"; };
		EC676A382DE6D667001FD4DE /* T1_material.h */ = {isa = PBXFileReference; lastKnownFileType = sourcecode.c.h; name = T1_material.h; path = /Users/jellevandeneynde/Documents/github/loreseek/tok_one/engine_src/shared/T1_material.h; sourceTree = "<absolute>"; };
		EC676A392DE6D667001FD4DE /* T1_material.c */ = {isa = PBXFileReference; lastKnownFileType = sourcecode.c.c; name = T1_material.c; path = /Users/jellevandeneynde/Documents/github/loreseek/tok_one/engine_src/shared/T1_material.c; sourceTree = "<absolute>"; };
		EC676A3B2DE85210001FD4DE /* T1_cpu_to_gpu_types.c */ = {isa = PBXFileReference; lastKnownFileType = sourcecode.c.c; name = T1_cpu_to_gpu_types.c; path = /Users/jellevandeneynde/Documents/github/loreseek/tok_one/engine_src/shared/T1_cpu_to_gpu_types.c; sourceTree = "<absolute>"; };
		EC67AE152A1B0813002D8380 /* leaves3.png */ = {isa = PBXFileReference; explicitFileType = compiled; name = leaves3.png; path = ../../resources/leaves3.png; sourceTree = "<group>"; };
		EC6A301A29EFA1440071C58F /* T1_triangle.c */ = {isa = PBXFileReference; fileEncoding = 4; lastKnownFileType = sourcecode.c.c; name = T1_triangle.c; path = ../../engine_src/shared/T1_triangle.c; sourceTree = "<group>"; };
		EC6B1F48293C9FD900837369 /* UIKit.framework */ = {isa = PBXFileReference; lastKnownFileType = wrapper.framework; name = UIKit.framework; path = Platforms/iPhoneOS.platform/Developer/SDKs/iPhoneOS16.1.sdk/System/Library/Frameworks/UIKit.framework; sourceTree = DEVELOPER_DIR; };
		EC6B1F4A293CA04800837369 /* Foundation.framework */ = {isa = PBXFileReference; lastKnownFileType = wrapper.framework; name = Foundation.framework; path = Platforms/iPhoneOS.platform/Developer/SDKs/iPhoneOS16.1.sdk/System/Library/Frameworks/Foundation.framework; sourceTree = DEVELOPER_DIR; };
		EC6B1F4C293CA04F00837369 /* Metal.framework */ = {isa = PBXFileReference; lastKnownFileType = wrapper.framework; name = Metal.framework; path = Platforms/iPhoneOS.platform/Developer/SDKs/iPhoneOS16.1.sdk/System/Library/Frameworks/Metal.framework; sourceTree = DEVELOPER_DIR; };
		EC6B1F4E293CA05500837369 /* MetalKit.framework */ = {isa = PBXFileReference; lastKnownFileType = wrapper.framework; name = MetalKit.framework; path = Platforms/iPhoneOS.platform/Developer/SDKs/iPhoneOS16.1.sdk/System/Library/Frameworks/MetalKit.framework; sourceTree = DEVELOPER_DIR; };
		EC6E12132A03BD8F004E7BD1 /* T1_clientlogic.h */ = {isa = PBXFileReference; fileEncoding = 4; lastKnownFileType = sourcecode.c.h; name = T1_clientlogic.h; path = ../../engine_src/shared/T1_clientlogic.h; sourceTree = "<group>"; };
		EC6E12142A03BD8F004E7BD1 /* T1_uielement.c */ = {isa = PBXFileReference; fileEncoding = 4; lastKnownFileType = sourcecode.c.c; name = T1_uielement.c; path = ../../engine_src/shared/T1_uielement.c; sourceTree = "<group>"; };
		EC6E12152A03BD8F004E7BD1 /* T1_uielement.h */ = {isa = PBXFileReference; fileEncoding = 4; lastKnownFileType = sourcecode.c.h; name = T1_uielement.h; path = ../../engine_src/shared/T1_uielement.h; sourceTree = "<group>"; };
		EC6E12182A04CE12004E7BD1 /* T1_zspriteid.c */ = {isa = PBXFileReference; fileEncoding = 4; lastKnownFileType = sourcecode.c.c; name = T1_zspriteid.c; path = ../../engine_src/shared/T1_zspriteid.c; sourceTree = "<group>"; };
		EC6E12192A04CE13004E7BD1 /* T1_zspriteid.h */ = {isa = PBXFileReference; fileEncoding = 4; lastKnownFileType = sourcecode.c.h; name = T1_zspriteid.h; path = ../../engine_src/shared/T1_zspriteid.h; sourceTree = "<group>"; };
		EC74B51A2DE3BC070033206F /* guitar_simplified.mtl */ = {isa = PBXFileReference; fileEncoding = 4; lastKnownFileType = text; name = guitar_simplified.mtl; path = ../../resources/guitar_simplified.mtl; sourceTree = "<group>"; };
		EC74B51C2DE3BC070033206F /* 1001_normal.png */ = {isa = PBXFileReference; explicitFileType = compiled; name = 1001_normal.png; path = ../../resources/1001_normal.png; sourceTree = "<group>"; };
		EC74B51F2DE3BC070033206F /* guitar_simplified.obj */ = {isa = PBXFileReference; fileEncoding = 4; lastKnownFileType = text; name = guitar_simplified.obj; path = ../../resources/guitar_simplified.obj; sourceTree = "<group>"; };
		EC78509829E62CA800E6882A /* T1_objmodel.h */ = {isa = PBXFileReference; fileEncoding = 4; lastKnownFileType = sourcecode.c.h; name = T1_objmodel.h; path = ../../engine_src/shared/T1_objmodel.h; sourceTree = "<group>"; };
		EC78509929E62CA800E6882A /* T1_objmodel.c */ = {isa = PBXFileReference; fileEncoding = 4; lastKnownFileType = sourcecode.c.c; name = T1_objmodel.c; path = ../../engine_src/shared/T1_objmodel.c; sourceTree = "<group>"; };
		EC78509C29E639F900E6882A /* T1_triangle.h */ = {isa = PBXFileReference; fileEncoding = 4; lastKnownFileType = sourcecode.c.h; name = T1_triangle.h; path = ../../engine_src/shared/T1_triangle.h; sourceTree = "<group>"; };
		EC7B09D3293CAC8B000ED98E /* Main.storyboard */ = {isa = PBXFileReference; lastKnownFileType = file.storyboard; name = Main.storyboard; path = ../../resources/ios/Main.storyboard; sourceTree = "<group>"; };
		EC7B171A293A23E300C1D20C /* roundedborder.png */ = {isa = PBXFileReference; explicitFileType = compiled; name = roundedborder.png; path = ../../resources/roundedborder.png; sourceTree = "<group>"; };
		EC7C25242980B6A900DB7BC8 /* T1_terminal.h */ = {isa = PBXFileReference; lastKnownFileType = sourcecode.c.h; name = T1_terminal.h; path = ../../engine_src/shared/T1_terminal.h; sourceTree = "<group>"; };
		EC7C25252980B6A900DB7BC8 /* T1_terminal.c */ = {isa = PBXFileReference; lastKnownFileType = sourcecode.c.c; name = T1_terminal.c; path = ../../engine_src/shared/T1_terminal.c; sourceTree = "<group>"; };
		EC7FBC3F2DECE93000A679A7 /* 1001_albedo.png */ = {isa = PBXFileReference; explicitFileType = compiled; path = 1001_albedo.png; sourceTree = "<group>"; };
		EC8043202E56C3A800434066 /* T1_meta.c */ = {isa = PBXFileReference; lastKnownFileType = sourcecode.c.c; name = T1_meta.c; path = /Users/jellevandeneynde/Documents/github/loreseek/tok_one/engine_src/shared/T1_meta.c; sourceTree = "<absolute>"; };
		EC8043222E56D38000434066 /* T1_meta.h */ = {isa = PBXFileReference; lastKnownFileType = sourcecode.c.h; name = T1_meta.h; path = /Users/jellevandeneynde/Documents/github/loreseek/tok_one/engine_src/shared/T1_meta.h; sourceTree = "<absolute>"; };
		EC843EA72D1401F3001AD2E9 /* cardstand.obj */ = {isa = PBXFileReference; fileEncoding = 4; lastKnownFileType = text; name = cardstand.obj; path = ../../resources/cardstand.obj; sourceTree = "<group>"; };
		EC8E828A2DF25F9E00E2D97A /* open_cube.mtl */ = {isa = PBXFileReference; lastKnownFileType = text; name = open_cube.mtl; path = /Users/jellevandeneynde/Documents/github/loreseek/tok_one/resources/open_cube.mtl; sourceTree = "<absolute>"; };
		EC8E828B2DF25F9E00E2D97A /* open_cube.obj */ = {isa = PBXFileReference; lastKnownFileType = text; name = open_cube.obj; path = /Users/jellevandeneynde/Documents/github/loreseek/tok_one/resources/open_cube.obj; sourceTree = "<absolute>"; };
		EC90BD962E03266700773769 /* crack_1.mtl */ = {isa = PBXFileReference; lastKnownFileType = text; name = crack_1.mtl; path = /Users/jellevandeneynde/Documents/github/loreseek/tok_one/resources/crack_1.mtl; sourceTree = "<absolute>"; };
		EC90BD972E03266700773769 /* crack_1.obj */ = {isa = PBXFileReference; lastKnownFileType = text; name = crack_1.obj; path = /Users/jellevandeneynde/Documents/github/loreseek/tok_one/resources/crack_1.obj; sourceTree = "<absolute>"; };
		EC90BDC12E040D5200773769 /* perlin_noise.dds */ = {isa = PBXFileReference; explicitFileType = compiled; name = perlin_noise.dds; path = /Users/jellevandeneynde/Documents/github/loreseek/tok_one/resources/perlin_noise.dds; sourceTree = "<absolute>"; };
		EC914B7A2B8AD447007FCBFC /* T1_audio.c */ = {isa = PBXFileReference; fileEncoding = 4; lastKnownFileType = sourcecode.c.c; name = T1_audio.c; path = ../../engine_src/shared/T1_audio.c; sourceTree = "<group>"; };
		EC914B7B2B8AD447007FCBFC /* T1_wav.c */ = {isa = PBXFileReference; fileEncoding = 4; lastKnownFileType = sourcecode.c.c; name = T1_wav.c; path = ../../engine_src/shared/T1_wav.c; sourceTree = "<group>"; };
		EC914B7C2B8AD447007FCBFC /* T1_wav.h */ = {isa = PBXFileReference; fileEncoding = 4; lastKnownFileType = sourcecode.c.h; name = T1_wav.h; path = ../../engine_src/shared/T1_wav.h; sourceTree = "<group>"; };
		EC914B7D2B8AD447007FCBFC /* T1_audio.h */ = {isa = PBXFileReference; fileEncoding = 4; lastKnownFileType = sourcecode.c.h; name = T1_audio.h; path = ../../engine_src/shared/T1_audio.h; sourceTree = "<group>"; };
		EC914B822B8AD5AA007FCBFC /* T1_apple_audio.h */ = {isa = PBXFileReference; fileEncoding = 4; lastKnownFileType = sourcecode.c.h; name = T1_apple_audio.h; path = ../../engine_src/shared_apple/T1_apple_audio.h; sourceTree = "<group>"; };
		EC914B832B8AD5AB007FCBFC /* T1_apple_audio.m */ = {isa = PBXFileReference; fileEncoding = 4; lastKnownFileType = sourcecode.c.objc; name = T1_apple_audio.m; path = ../../engine_src/shared_apple/T1_apple_audio.m; sourceTree = "<group>"; };
		EC914B892B9199A1007FCBFC /* AudioToolbox.framework */ = {isa = PBXFileReference; lastKnownFileType = wrapper.framework; name = AudioToolbox.framework; path = System/Library/Frameworks/AudioToolbox.framework; sourceTree = SDKROOT; };
		EC92FDAB2902917500C10865 /* decode_bmp.h */ = {isa = PBXFileReference; fileEncoding = 4; lastKnownFileType = sourcecode.c.h; name = decode_bmp.h; path = ../../engine_src/shared/debigulator/src/decode_bmp.h; sourceTree = "<group>"; };
		EC92FDAC2902917500C10865 /* decode_bmp.c */ = {isa = PBXFileReference; fileEncoding = 4; lastKnownFileType = sourcecode.c.c; name = decode_bmp.c; path = ../../engine_src/shared/debigulator/src/decode_bmp.c; sourceTree = "<group>"; };
		ECB05E46294F8AC200050BD4 /* T1_simd.h */ = {isa = PBXFileReference; lastKnownFileType = sourcecode.c.h; name = T1_simd.h; path = ../../engine_src/shared/T1_simd.h; sourceTree = "<group>"; };
		ECB05E48294F8B1300050BD4 /* T1_gpu.m */ = {isa = PBXFileReference; lastKnownFileType = sourcecode.c.objc; name = T1_gpu.m; path = ../../engine_src/shared_apple/T1_gpu.m; sourceTree = "<group>"; xcLanguageSpecificationIdentifier = xcode.lang.c; };
		ECB05E4A294F8B3500050BD4 /* T1_macos_main.m */ = {isa = PBXFileReference; lastKnownFileType = sourcecode.c.objc; name = T1_macos_main.m; path = ../../engine_src/macos/T1_macos_main.m; sourceTree = "<group>"; };
		ECB05E4C294F8FD300050BD4 /* key.obj */ = {isa = PBXFileReference; lastKnownFileType = text; name = key.obj; path = ../../resources/key.obj; sourceTree = "<group>"; };
		ECC47A5F29E9111C0082A7C6 /* disk.obj */ = {isa = PBXFileReference; fileEncoding = 4; lastKnownFileType = text; name = disk.obj; path = ../../resources/disk.obj; sourceTree = "<group>"; };
		ECCB08A428DB6FD00038BBAC /* AVFoundation.framework */ = {isa = PBXFileReference; lastKnownFileType = wrapper.framework; name = AVFoundation.framework; path = System/Library/Frameworks/AVFoundation.framework; sourceTree = SDKROOT; };
		ECDCFF4B2DDE0F2A002AA399 /* T1_mtlparser.c */ = {isa = PBXFileReference; fileEncoding = 4; lastKnownFileType = sourcecode.c.c; name = T1_mtlparser.c; path = ../../engine_src/shared/T1_mtlparser.c; sourceTree = "<group>"; };
		ECDCFF4C2DDE0F2A002AA399 /* T1_mtlparser.h */ = {isa = PBXFileReference; fileEncoding = 4; lastKnownFileType = sourcecode.c.h; name = T1_mtlparser.h; path = ../../engine_src/shared/T1_mtlparser.h; sourceTree = "<group>"; };
		ECDCFF4E2DDE0F52002AA399 /* T1_tokenizer.h */ = {isa = PBXFileReference; fileEncoding = 4; lastKnownFileType = sourcecode.c.h; name = T1_tokenizer.h; path = ../../engine_src/shared/T1_tokenizer.h; sourceTree = "<group>"; };
		ECDCFF4F2DDE0F52002AA399 /* T1_tokenizer.c */ = {isa = PBXFileReference; fileEncoding = 4; lastKnownFileType = sourcecode.c.c; name = T1_tokenizer.c; path = ../../engine_src/shared/T1_tokenizer.c; sourceTree = "<group>"; };
		ECDD9C212DE2157400721A48 /* T1_texture_files.c */ = {isa = PBXFileReference; fileEncoding = 4; lastKnownFileType = sourcecode.c.c; name = T1_texture_files.c; path = ../../engine_src/shared/T1_texture_files.c; sourceTree = "<group>"; };
		ECDD9C222DE2157500721A48 /* T1_texture_files.h */ = {isa = PBXFileReference; fileEncoding = 4; lastKnownFileType = sourcecode.c.h; name = T1_texture_files.h; path = ../../engine_src/shared/T1_texture_files.h; sourceTree = "<group>"; };
		ECE759CC2C3FF1BE004B0847 /* T1_collision.c */ = {isa = PBXFileReference; fileEncoding = 4; lastKnownFileType = sourcecode.c.c; name = T1_collision.c; path = ../../engine_src/shared/T1_collision.c; sourceTree = "<group>"; };
		ECE759CD2C3FF1BE004B0847 /* T1_collision.h */ = {isa = PBXFileReference; fileEncoding = 4; lastKnownFileType = sourcecode.c.h; name = T1_collision.h; path = ../../engine_src/shared/T1_collision.h; sourceTree = "<group>"; };
		ECE759CF2C400174004B0847 /* T1_lines.h */ = {isa = PBXFileReference; fileEncoding = 4; lastKnownFileType = sourcecode.c.h; name = T1_lines.h; path = ../../engine_src/shared/T1_lines.h; sourceTree = "<group>"; };
		ECE759D02C400175004B0847 /* T1_lines.c */ = {isa = PBXFileReference; fileEncoding = 4; lastKnownFileType = sourcecode.c.c; name = T1_lines.c; path = ../../engine_src/shared/T1_lines.c; sourceTree = "<group>"; };
		ECF7CB142D53ADA400623C60 /* T1_platform_layer_common.c */ = {isa = PBXFileReference; fileEncoding = 4; lastKnownFileType = sourcecode.c.c; name = T1_platform_layer_common.c; path = ../../engine_src/shared/T1_platform_layer_common.c; sourceTree = "<group>"; };
		ECF7CB152D53ADA400623C60 /* T1_profiler.c */ = {isa = PBXFileReference; fileEncoding = 4; lastKnownFileType = sourcecode.c.c; name = T1_profiler.c; path = ../../engine_src/shared/T1_profiler.c; sourceTree = "<group>"; };
		ECF7CB162D53ADA400623C60 /* T1_profiler.h */ = {isa = PBXFileReference; fileEncoding = 4; lastKnownFileType = sourcecode.c.h; name = T1_profiler.h; path = ../../engine_src/shared/T1_profiler.h; sourceTree = "<group>"; };
/* End PBXFileReference section */

/* Begin PBXFrameworksBuildPhase section */
		6011281628611F5100F92967 /* Frameworks */ = {
			isa = PBXFrameworksBuildPhase;
			buildActionMask = 2147483647;
			files = (
				EC914B8A2B9199A1007FCBFC /* AudioToolbox.framework in Frameworks */,
				601128A82862588900F92967 /* AppKit.framework in Frameworks */,
				601128A2286253FA00F92967 /* MetalKit.framework in Frameworks */,
				601128A3286253FA00F92967 /* Metal.framework in Frameworks */,
				601128452861239600F92967 /* Foundation.framework in Frameworks */,
			);
			runOnlyForDeploymentPostprocessing = 0;
		};
		60A998B1287BCF52003F7159 /* Frameworks */ = {
			isa = PBXFrameworksBuildPhase;
			buildActionMask = 2147483647;
			files = (
				EC6B1F4F293CA05500837369 /* MetalKit.framework in Frameworks */,
				EC493BC92BEDABCC004D957F /* UIKit.framework in Frameworks */,
				EC6B1F4D293CA04F00837369 /* Metal.framework in Frameworks */,
				EC6B1F4B293CA04800837369 /* Foundation.framework in Frameworks */,
			);
			runOnlyForDeploymentPostprocessing = 0;
		};
/* End PBXFrameworksBuildPhase section */

/* Begin PBXGroup section */
		601127DF28611D6500F92967 = {
			isa = PBXGroup;
			children = (
				EC493BC42BEDA96D004D957F /* unitybuild_macos.c */,
				EC1BD95B297B5DBD00A9BA54 /* clientlogic_macro_settings.h */,
				601128B128625BC100F92967 /* resources */,
				601128A42862540400F92967 /* src */,
				6011281B28611F5100F92967 /* TOKONE_macos */,
				6011281A28611F5100F92967 /* Products */,
				601128432861239600F92967 /* Frameworks */,
			);
			sourceTree = "<group>";
		};
		6011281A28611F5100F92967 /* Products */ = {
			isa = PBXGroup;
			children = (
				6011281928611F5100F92967 /* TOKONE_macos.app */,
				60A998B4287BCF52003F7159 /* TOKONE_iphone.app */,
			);
			name = Products;
			sourceTree = "<group>";
		};
		6011281B28611F5100F92967 /* TOKONE_macos */ = {
			isa = PBXGroup;
			children = (
				6011282928611F7900F92967 /* TOKONE_macos.entitlements */,
			);
			path = TOKONE_macos;
			sourceTree = "<group>";
		};
		601128432861239600F92967 /* Frameworks */ = {
			isa = PBXGroup;
			children = (
				EC914B892B9199A1007FCBFC /* AudioToolbox.framework */,
				EC6B1F4E293CA05500837369 /* MetalKit.framework */,
				EC6B1F4C293CA04F00837369 /* Metal.framework */,
				EC6B1F4A293CA04800837369 /* Foundation.framework */,
				EC6B1F48293C9FD900837369 /* UIKit.framework */,
				ECCB08A428DB6FD00038BBAC /* AVFoundation.framework */,
				601128A72862588900F92967 /* AppKit.framework */,
				601128A1286253FA00F92967 /* Metal.framework */,
				601128A0286253FA00F92967 /* MetalKit.framework */,
				601128442861239600F92967 /* Foundation.framework */,
			);
			name = Frameworks;
			sourceTree = "<group>";
		};
		601128A42862540400F92967 /* src */ = {
			isa = PBXGroup;
			children = (
				601128702862511600F92967 /* clientlogic.c */,
				EC4040D92E5431C000264128 /* clientlogic_particledesigner.c */,
				EC61E2D32AFB029F004D316D /* shared_apple_linux */,
				EC6441A829318B7900A0267B /* iphone_only */,
				60A998DE287BD468003F7159 /* shared_macos_iphone */,
				60A998DD287BD459003F7159 /* macos_only */,
				60112895286253C100F92967 /* shaders.metal */,
			);
			name = src;
			sourceTree = "<group>";
		};
		601128B128625BC100F92967 /* resources */ = {
			isa = PBXGroup;
			children = (
				EC7FBC3F2DECE93000A679A7 /* 1001_albedo.png */,
				EC74B51C2DE3BC070033206F /* 1001_normal.png */,
				EC18FF4129E3DC8B00ED785C /* blob1.png */,
				EC18FF4429E3DD8900ED785C /* blob2.png */,
				EC18FF4529E3DD8900ED785C /* blob3.png */,
				EC843EA72D1401F3001AD2E9 /* cardstand.obj */,
				EC1412AE2938597400DA0D21 /* cardwithuvcoords.obj */,
				EC90BD962E03266700773769 /* crack_1.mtl */,
				EC90BD972E03266700773769 /* crack_1.obj */,
				ECC47A5F29E9111C0082A7C6 /* disk.obj */,
				601128AC28625BAF00F92967 /* font.png */,
				6009FB632876A47100FC5A60 /* fontmetrics.dat */,
				EC74B51A2DE3BC070033206F /* guitar_simplified.mtl */,
				EC74B51F2DE3BC070033206F /* guitar_simplified.obj */,
				ECB05E4C294F8FD300050BD4 /* key.obj */,
				EC67AE152A1B0813002D8380 /* leaves3.png */,
				EC7B09D3293CAC8B000ED98E /* Main.storyboard */,
				EC14028C2DF8FDA400697AF4 /* normalmap_rectangles.png */,
				EC8E828A2DF25F9E00E2D97A /* open_cube.mtl */,
				EC90BDC12E040D5200773769 /* perlin_noise.dds */,
				EC8E828B2DF25F9E00E2D97A /* open_cube.obj */,
				6080CC45286FFD1D00444118 /* phoebus.png */,
				EC7B171A293A23E300C1D20C /* roundedborder.png */,
				601128A928625BAE00F92967 /* structuredart1.png */,
				601128AA28625BAE00F92967 /* structuredart2.png */,
				601128AB28625BAE00F92967 /* teapot.obj */,
				EC0717EF2C29CDD5007A4AFA /* teapot_smooth.obj */,
				EC0BFBD729EE71A200E4BC1C /* tree.obj */,
				EC0BFBD829EE71A200E4BC1C /* xmas_tree.obj */,
			);
			name = resources;
			sourceTree = "<group>";
		};
		60A998DD287BD459003F7159 /* macos_only */ = {
			isa = PBXGroup;
			children = (
				ECB05E4A294F8B3500050BD4 /* T1_macos_main.m */,
				6011289C286253DD00F92967 /* T1_macos_platform_layer.m */,
			);
			name = macos_only;
			sourceTree = "<group>";
		};
		60A998DE287BD468003F7159 /* shared_macos_iphone */ = {
			isa = PBXGroup;
			children = (
				EC92FDAB2902917500C10865 /* decode_bmp.h */,
				EC92FDAC2902917500C10865 /* decode_bmp.c */,
				6011283C286122FE00F92967 /* decode_png.h */,
				6011283D286122FE00F92967 /* decode_png.c */,
				6011283E286122FE00F92967 /* inflate.h */,
				60112839286122FE00F92967 /* inflate.c */,
				EC914B822B8AD5AA007FCBFC /* T1_apple_audio.h */,
				EC914B832B8AD5AB007FCBFC /* T1_apple_audio.m */,
				60112896286253C100F92967 /* T1_apple_platform_layer.m */,
				EC914B7D2B8AD447007FCBFC /* T1_audio.h */,
				EC914B7A2B8AD447007FCBFC /* T1_audio.c */,
				EC6E12132A03BD8F004E7BD1 /* T1_clientlogic.h */,
				ECE759CD2C3FF1BE004B0847 /* T1_collision.h */,
				ECE759CC2C3FF1BE004B0847 /* T1_collision.c */,
				6080CC472870182700444118 /* T1_std.h */,
				6011286F2862511600F92967 /* T1_std.c */,
				6011287A2862511600F92967 /* T1_cpu_gpu_shared_types.h */,
				601128762862511600F92967 /* T1_cpu_to_gpu_types.h */,
				EC676A3B2DE85210001FD4DE /* T1_cpu_to_gpu_types.c */,
				60A998DA287BD333003F7159 /* T1_decodedimage.h */,
				60A998D9287BD332003F7159 /* T1_decodedimage.c */,
				601128822862511700F92967 /* T1_engineglobals.h */,
				6011286E2862511600F92967 /* T1_engineglobals.c */,
				6064C0BE2892504A00E8B3AD /* T1_gameloop.h */,
				6064C0BF2892504A00E8B3AD /* T1_gameloop.c */,
				60112898286253C100F92967 /* T1_gpu.h */,
				ECB05E48294F8B1300050BD4 /* T1_gpu.m */,
				6028DD302886EE36000E1E98 /* T1_appinit.h */,
				6028DD2F2886EE35000E1E98 /* T1_appinit.c */,
				601128712862511600F92967 /* T1_lightsource.h */,
				601128782862511600F92967 /* T1_lightsource.c */,
				ECE759CF2C400174004B0847 /* T1_lines.h */,
				ECE759D02C400175004B0847 /* T1_lines.c */,
				601128752862511600F92967 /* T1_logger.h */,
				6011287F2862511700F92967 /* T1_logger.c */,
				EC676A382DE6D667001FD4DE /* T1_material.h */,
				EC676A392DE6D667001FD4DE /* T1_material.c */,
				6009B4F228679E7D00F1F279 /* T1_mem.h */,
				6009B4F328679E7D00F1F279 /* T1_mem.c */,
				ECDCFF4C2DDE0F2A002AA399 /* T1_mtlparser.h */,
				ECDCFF4B2DDE0F2A002AA399 /* T1_mtlparser.c */,
				EC78509829E62CA800E6882A /* T1_objmodel.h */,
				EC78509929E62CA800E6882A /* T1_objmodel.c */,
				EC083A382AFF727900234FE3 /* T1_objparser.h */,
				EC083A392AFF727900234FE3 /* T1_objparser.c */,
				EC31932229DFAAFB00E320CD /* T1_particle.h */,
				EC31932329DFAAFB00E320CD /* T1_particle.c */,
				601128832862511700F92967 /* T1_platform_layer.h */,
				ECF7CB142D53ADA400623C60 /* T1_platform_layer_common.c */,
				ECF7CB162D53ADA400623C60 /* T1_profiler.h */,
				ECF7CB152D53ADA400623C60 /* T1_profiler.c */,
				601128802862511700F92967 /* T1_random.h */,
				601128772862511600F92967 /* T1_random.c */,
				EC8043222E56D38000434066 /* T1_meta.h */,
				EC8043202E56C3A800434066 /* T1_meta.c */,
				6011287B2862511700F92967 /* T1_renderer.h */,
				6011286C2862511500F92967 /* T1_renderer.c */,
				6011286A2862511500F92967 /* T1_scheduled_animations.h */,
				6011287D2862511700F92967 /* T1_scheduled_animations.c */,
				ECB05E46294F8AC200050BD4 /* T1_simd.h */,
				EC7C25242980B6A900DB7BC8 /* T1_terminal.h */,
				EC7C25252980B6A900DB7BC8 /* T1_terminal.c */,
				601128672862511500F92967 /* T1_text.h */,
				601128742862511600F92967 /* T1_text.c */,
				601128682862511500F92967 /* T1_texture_array.h */,
				601128662862511500F92967 /* T1_texture_array.c */,
				ECDD9C222DE2157500721A48 /* T1_texture_files.h */,
				ECDD9C212DE2157400721A48 /* T1_texture_files.c */,
				ECDCFF4E2DDE0F52002AA399 /* T1_tokenizer.h */,
				ECDCFF4F2DDE0F52002AA399 /* T1_tokenizer.c */,
				EC78509C29E639F900E6882A /* T1_triangle.h */,
				EC6A301A29EFA1440071C58F /* T1_triangle.c */,
				EC6E12152A03BD8F004E7BD1 /* T1_uielement.h */,
				EC6E12142A03BD8F004E7BD1 /* T1_uielement.c */,
				6011286B2862511500F92967 /* T1_uiinteraction.h */,
				601128692862511500F92967 /* T1_uiinteraction.c */,
				EC914B7C2B8AD447007FCBFC /* T1_wav.h */,
				EC914B7B2B8AD447007FCBFC /* T1_wav.c */,
				601128842862511700F92967 /* T1_zsprite.h */,
				6011287E2862511700F92967 /* T1_zsprite.c */,
				EC6E12192A04CE13004E7BD1 /* T1_zspriteid.h */,
				EC6E12182A04CE12004E7BD1 /* T1_zspriteid.c */,
			);
			name = shared_macos_iphone;
			sourceTree = "<group>";
		};
		EC61E2D32AFB029F004D316D /* shared_apple_linux */ = {
			isa = PBXGroup;
			children = (
				EC61E2D42AFB02B7004D316D /* T1_linux_apple_platform_layer.c */,
			);
			name = shared_apple_linux;
			sourceTree = "<group>";
		};
		EC6441A829318B7900A0267B /* iphone_only */ = {
			isa = PBXGroup;
			children = (
				EC64419E29318B6D00A0267B /* AppDelegate.h */,
				EC6441A029318B6D00A0267B /* AppDelegate.m */,
				EC6441A129318B6D00A0267B /* ios_platform_layer.c */,
				EC64419F29318B6D00A0267B /* main.m */,
				EC6441A229318B6D00A0267B /* ViewController.h */,
				EC6441A329318B6D00A0267B /* ViewController.m */,
			);
			name = iphone_only;
			sourceTree = "<group>";
		};
/* End PBXGroup section */

/* Begin PBXNativeTarget section */
		6011281828611F5100F92967 /* TOKONE_macos */ = {
			isa = PBXNativeTarget;
			buildConfigurationList = 6011282A28611F7900F92967 /* Build configuration list for PBXNativeTarget "TOKONE_macos" */;
			buildPhases = (
				6011281528611F5100F92967 /* Sources */,
				6011281628611F5100F92967 /* Frameworks */,
				6011281728611F5100F92967 /* Resources */,
			);
			buildRules = (
			);
			dependencies = (
			);
			name = TOKONE_macos;
			productName = engine;
			productReference = 6011281928611F5100F92967 /* TOKONE_macos.app */;
			productType = "com.apple.product-type.application";
		};
		60A998B3287BCF52003F7159 /* TOKONE_iphone */ = {
			isa = PBXNativeTarget;
			buildConfigurationList = 60A998CA287BCF55003F7159 /* Build configuration list for PBXNativeTarget "TOKONE_iphone" */;
			buildPhases = (
				60A998B0287BCF52003F7159 /* Sources */,
				60A998B1287BCF52003F7159 /* Frameworks */,
				60A998B2287BCF52003F7159 /* Resources */,
			);
			buildRules = (
			);
			dependencies = (
			);
			name = TOKONE_iphone;
			productName = TOKONE_iphone;
			productReference = 60A998B4287BCF52003F7159 /* TOKONE_iphone.app */;
			productType = "com.apple.product-type.application";
		};
/* End PBXNativeTarget section */

/* Begin PBXProject section */
		601127E028611D6500F92967 /* Project object */ = {
			isa = PBXProject;
			attributes = {
				BuildIndependentTargetsInParallel = 1;
				LastUpgradeCheck = 1630;
				TargetAttributes = {
					6011281828611F5100F92967 = {
						CreatedOnToolsVersion = 13.2.1;
					};
					60A998B3287BCF52003F7159 = {
						CreatedOnToolsVersion = 13.2.1;
					};
				};
			};
			buildConfigurationList = 601127E328611D6500F92967 /* Build configuration list for PBXProject "TOK_ONE" */;
			compatibilityVersion = "Xcode 13.0";
			developmentRegion = en;
			hasScannedForEncodings = 0;
			knownRegions = (
				en,
				Base,
			);
			mainGroup = 601127DF28611D6500F92967;
			productRefGroup = 6011281A28611F5100F92967 /* Products */;
			projectDirPath = "";
			projectRoot = "";
			targets = (
				6011281828611F5100F92967 /* TOKONE_macos */,
				60A998B3287BCF52003F7159 /* TOKONE_iphone */,
			);
		};
/* End PBXProject section */

/* Begin PBXResourcesBuildPhase section */
		6011281728611F5100F92967 /* Resources */ = {
			isa = PBXResourcesBuildPhase;
			buildActionMask = 2147483647;
			files = (
				ECC47A6029E9111C0082A7C6 /* disk.obj in Resources */,
				EC67AE162A1B0813002D8380 /* leaves3.png in Resources */,
				EC7FBC402DECE93000A679A7 /* 1001_albedo.png in Resources */,
				EC0717F02C29CDD5007A4AFA /* teapot_smooth.obj in Resources */,
				EC90BDC22E040D5200773769 /* perlin_noise.dds in Resources */,
				EC74B52B2DE3BC070033206F /* guitar_simplified.obj in Resources */,
				ECB05E4D294F8FD400050BD4 /* key.obj in Resources */,
				EC90BD982E03266700773769 /* crack_1.mtl in Resources */,
				EC90BD992E03266700773769 /* crack_1.obj in Resources */,
				EC1412B12938597400DA0D21 /* cardwithuvcoords.obj in Resources */,
				6009FB642876A47100FC5A60 /* fontmetrics.dat in Resources */,
				EC676A3D2DE8D41D001FD4DE /* guitar_simplified.mtl in Resources */,
				6080CC46286FFD1E00444118 /* phoebus.png in Resources */,
				EC7B171B293A23E400C1D20C /* roundedborder.png in Resources */,
				EC18FF4229E3DC8B00ED785C /* blob1.png in Resources */,
				EC0BFBDB29EE71A200E4BC1C /* xmas_tree.obj in Resources */,
				EC8E828C2DF25F9E00E2D97A /* open_cube.obj in Resources */,
				EC8E828D2DF25F9E00E2D97A /* open_cube.mtl in Resources */,
				EC843EA82D1401F3001AD2E9 /* cardstand.obj in Resources */,
				601128AD28625BAF00F92967 /* structuredart1.png in Resources */,
				EC18FF4629E3DD8900ED785C /* blob2.png in Resources */,
				601128AE28625BAF00F92967 /* structuredart2.png in Resources */,
				601128B028625BAF00F92967 /* font.png in Resources */,
				EC14028E2DF8FDA400697AF4 /* normalmap_rectangles.png in Resources */,
				EC74B5252DE3BC070033206F /* 1001_normal.png in Resources */,
				601128AF28625BAF00F92967 /* teapot.obj in Resources */,
				EC18FF4829E3DD8900ED785C /* blob3.png in Resources */,
				EC0BFBD929EE71A200E4BC1C /* tree.obj in Resources */,
			);
			runOnlyForDeploymentPostprocessing = 0;
		};
		60A998B2287BCF52003F7159 /* Resources */ = {
			isa = PBXResourcesBuildPhase;
			buildActionMask = 2147483647;
			files = (
				EC14028D2DF8FDA400697AF4 /* normalmap_rectangles.png in Resources */,
				EC7B09D4293CAC8B000ED98E /* Main.storyboard in Resources */,
				EC1412B22938597400DA0D21 /* cardwithuvcoords.obj in Resources */,
				ECC47A6129E9111C0082A7C6 /* disk.obj in Resources */,
				60A99921287BDF31003F7159 /* fontmetrics.dat in Resources */,
				EC74B5222DE3BC070033206F /* guitar_simplified.mtl in Resources */,
				EC90BD9A2E03266700773769 /* crack_1.mtl in Resources */,
				EC90BD9B2E03266700773769 /* crack_1.obj in Resources */,
				60A99924287BDF31003F7159 /* phoebus.png in Resources */,
				EC18FF4329E3DC8B00ED785C /* blob1.png in Resources */,
				EC843EA92D1401F3001AD2E9 /* cardstand.obj in Resources */,
				EC67AE172A1B0813002D8380 /* leaves3.png in Resources */,
				EC0BFBDA29EE71A200E4BC1C /* tree.obj in Resources */,
				EC7B171C293A23E400C1D20C /* roundedborder.png in Resources */,
				ECB05E4F2950868E00050BD4 /* key.obj in Resources */,
				EC74B52C2DE3BC070033206F /* guitar_simplified.obj in Resources */,
				60A9991F287BDF31003F7159 /* font.png in Resources */,
				EC74B5262DE3BC070033206F /* 1001_normal.png in Resources */,
				EC90BDC32E040D5200773769 /* perlin_noise.dds in Resources */,
				60A99923287BDF31003F7159 /* teapot.obj in Resources */,
				EC18FF4729E3DD8900ED785C /* blob2.png in Resources */,
				EC8E828E2DF25F9E00E2D97A /* open_cube.obj in Resources */,
				EC8E828F2DF25F9E00E2D97A /* open_cube.mtl in Resources */,
				EC18FF4929E3DD8900ED785C /* blob3.png in Resources */,
				EC7FBC412DECE93000A679A7 /* 1001_albedo.png in Resources */,
				EC0717F12C29CDD5007A4AFA /* teapot_smooth.obj in Resources */,
				60A99920287BDF31003F7159 /* structuredart1.png in Resources */,
				EC0BFBDC29EE71A200E4BC1C /* xmas_tree.obj in Resources */,
				60A99922287BDF31003F7159 /* structuredart2.png in Resources */,
			);
			runOnlyForDeploymentPostprocessing = 0;
		};
/* End PBXResourcesBuildPhase section */

/* Begin PBXSourcesBuildPhase section */
		6011281528611F5100F92967 /* Sources */ = {
			isa = PBXSourcesBuildPhase;
			buildActionMask = 2147483647;
			files = (
				EC0531612C43D20F00C6771A /* unitybuild_macos.c in Sources */,
				EC493BCB2BEDAE07004D957F /* shaders.metal in Sources */,
			);
			runOnlyForDeploymentPostprocessing = 0;
		};
		60A998B0287BCF52003F7159 /* Sources */ = {
			isa = PBXSourcesBuildPhase;
			buildActionMask = 2147483647;
			files = (
				ECF7CB172D53ADA400623C60 /* T1_platform_layer_common.c in Sources */,
				ECB05E4E2950864000050BD4 /* T1_gpu.m in Sources */,
				60A99919287BD4C4003F7159 /* T1_mem.h in Sources */,
				60A998FE287BD4C3003F7159 /* T1_mem.c in Sources */,
				60A99900287BD4C3003F7159 /* T1_cpu_to_gpu_types.h in Sources */,
				60A998FB287BD4C3003F7159 /* T1_lightsource.h in Sources */,
				60A99916287BD4C4003F7159 /* T1_scheduled_animations.c in Sources */,
				60A99908287BD4C3003F7159 /* T1_random.h in Sources */,
				ECDCFF502DDE0F52002AA399 /* T1_tokenizer.c in Sources */,
				60A9990F287BD4C4003F7159 /* T1_text.c in Sources */,
				60A9991A287BD4C4003F7159 /* T1_engineglobals.c in Sources */,
				EC31932529DFAAFB00E320CD /* T1_particle.c in Sources */,
				60A9990A287BD4C3003F7159 /* T1_zsprite.h in Sources */,
				EC914B852B8AD5AB007FCBFC /* T1_apple_audio.m in Sources */,
				EC6441A629318B6D00A0267B /* ios_platform_layer.c in Sources */,
				60A998F8287BD4C3003F7159 /* T1_std.h in Sources */,
				60A9990D287BD4C3003F7159 /* T1_gpu.h in Sources */,
				EC8043212E56C3A800434066 /* T1_meta.c in Sources */,
				60A99905287BD4C3003F7159 /* T1_engineglobals.h in Sources */,
				60A99917287BD4C4003F7159 /* T1_lightsource.c in Sources */,
				60A99901287BD4C3003F7159 /* T1_text.h in Sources */,
				60A9991C287BD4C4003F7159 /* inflate.c in Sources */,
				60A9991D287BD4C4003F7159 /* T1_std.c in Sources */,
				60A99904287BD4C3003F7159 /* T1_random.c in Sources */,
				60A99915287BD4C4003F7159 /* T1_cpu_gpu_shared_types.h in Sources */,
				EC676A3A2DE6D667001FD4DE /* T1_material.c in Sources */,
				EC6441A529318B6D00A0267B /* AppDelegate.m in Sources */,
				EC6A301C29EFA1440071C58F /* T1_triangle.c in Sources */,
				60A99909287BD4C3003F7159 /* T1_platform_layer.h in Sources */,
				60A998F4287BD4C3003F7159 /* T1_apple_platform_layer.m in Sources */,
				6028DD342886EE54000E1E98 /* T1_appinit.c in Sources */,
				EC083A3B2AFF727900234FE3 /* T1_objparser.c in Sources */,
				EC4040DB2E5431C000264128 /* clientlogic_particledesigner.c in Sources */,
				60A99903287BD4C3003F7159 /* T1_uiinteraction.c in Sources */,
				ECF7CB182D53ADA400623C60 /* T1_profiler.c in Sources */,
				EC78509B29E62CA800E6882A /* T1_objmodel.c in Sources */,
				60A9990B287BD4C3003F7159 /* T1_decodedimage.h in Sources */,
				EC914B7F2B8AD447007FCBFC /* T1_audio.c in Sources */,
				EC92FDAE2902917500C10865 /* decode_bmp.c in Sources */,
				60A99910287BD4C4003F7159 /* T1_texture_array.c in Sources */,
				ECDCFF4D2DDE0F2B002AA399 /* T1_mtlparser.c in Sources */,
				EC6E12172A03BD90004E7BD1 /* T1_uielement.c in Sources */,
				6064C0C22892505000E8B3AD /* T1_gameloop.c in Sources */,
				60A9991E287BD4D6003F7159 /* shaders.metal in Sources */,
				EC6441A729318B6D00A0267B /* ViewController.m in Sources */,
				EC676A3C2DE85210001FD4DE /* T1_cpu_to_gpu_types.c in Sources */,
				ECDD9C232DE2157500721A48 /* T1_texture_files.c in Sources */,
				ECE759D12C400175004B0847 /* T1_lines.c in Sources */,
				60A99902287BD4C3003F7159 /* decode_png.h in Sources */,
				60A998F7287BD4C3003F7159 /* T1_logger.c in Sources */,
				60A99912287BD4C4003F7159 /* T1_uiinteraction.h in Sources */,
				60A998FD287BD4C3003F7159 /* T1_decodedimage.c in Sources */,
				60A998F5287BD4C3003F7159 /* T1_texture_array.h in Sources */,
				EC914B812B8AD447007FCBFC /* T1_wav.c in Sources */,
				60A99911287BD4C4003F7159 /* T1_zsprite.c in Sources */,
				EC6E121B2A04CE13004E7BD1 /* T1_zspriteid.c in Sources */,
				60A9990C287BD4C3003F7159 /* decode_png.c in Sources */,
				60A99913287BD4C4003F7159 /* inflate.h in Sources */,
				EC914B8D2B94B193007FCBFC /* T1_linux_apple_platform_layer.c in Sources */,
				6028DD332886EE54000E1E98 /* T1_appinit.h in Sources */,
				60A9990E287BD4C3003F7159 /* T1_scheduled_animations.h in Sources */,
				ECE759CE2C3FF1BE004B0847 /* T1_collision.c in Sources */,
				EC6441A429318B6D00A0267B /* main.m in Sources */,
				60A998FA287BD4C3003F7159 /* T1_renderer.c in Sources */,
				EC914B8E2B94B1EF007FCBFC /* T1_terminal.c in Sources */,
				60A998F1287BD4C3003F7159 /* T1_logger.h in Sources */,
				60A998F2287BD4C3003F7159 /* T1_renderer.h in Sources */,
			);
			runOnlyForDeploymentPostprocessing = 0;
		};
/* End PBXSourcesBuildPhase section */

/* Begin XCBuildConfiguration section */
		601127E428611D6500F92967 /* Debug */ = {
			isa = XCBuildConfiguration;
			buildSettings = {
				CLANG_WARN_ASSIGN_ENUM = YES;
				CLANG_WARN_BLOCK_CAPTURE_AUTORELEASING = YES;
				CLANG_WARN_BOOL_CONVERSION = YES;
				CLANG_WARN_COMMA = YES;
				CLANG_WARN_COMPLETION_HANDLER_MISUSE = YES;
				CLANG_WARN_CONSTANT_CONVERSION = YES;
				CLANG_WARN_DEPRECATED_OBJC_IMPLEMENTATIONS = YES;
				CLANG_WARN_DOCUMENTATION_COMMENTS = YES;
				CLANG_WARN_EMPTY_BODY = YES;
				CLANG_WARN_ENUM_CONVERSION = YES;
				CLANG_WARN_FLOAT_CONVERSION = YES;
				CLANG_WARN_FRAMEWORK_INCLUDE_PRIVATE_FROM_PUBLIC = YES;
				CLANG_WARN_IMPLICIT_FALLTHROUGH = YES;
				CLANG_WARN_IMPLICIT_SIGN_CONVERSION = YES;
				CLANG_WARN_INFINITE_RECURSION = YES;
				CLANG_WARN_INT_CONVERSION = YES;
				CLANG_WARN_NON_LITERAL_NULL_CONVERSION = YES;
				CLANG_WARN_OBJC_IMPLICIT_RETAIN_SELF = YES;
				CLANG_WARN_OBJC_LITERAL_CONVERSION = YES;
				CLANG_WARN_QUOTED_INCLUDE_IN_FRAMEWORK_HEADER = YES;
				CLANG_WARN_RANGE_LOOP_ANALYSIS = YES;
				CLANG_WARN_SEMICOLON_BEFORE_METHOD_BODY = YES;
				CLANG_WARN_STRICT_PROTOTYPES = YES;
				CLANG_WARN_SUSPICIOUS_IMPLICIT_CONVERSION = YES;
				CLANG_WARN_SUSPICIOUS_MOVE = YES;
				CLANG_WARN_UNREACHABLE_CODE = YES;
				CLANG_WARN__DUPLICATE_METHOD_MATCH = YES;
				DEAD_CODE_STRIPPING = YES;
				DEVELOPMENT_TEAM = 69FRAQZ2YR;
				ENABLE_STRICT_OBJC_MSGSEND = YES;
				ENABLE_TESTABILITY = YES;
				ENABLE_USER_SCRIPT_SANDBOXING = YES;
				GCC_C_LANGUAGE_STANDARD = c11;
				GCC_NO_COMMON_BLOCKS = YES;
				GCC_TREAT_WARNINGS_AS_ERRORS = YES;
				GCC_WARN_64_TO_32_BIT_CONVERSION = YES;
				GCC_WARN_ABOUT_MISSING_FIELD_INITIALIZERS = YES;
				GCC_WARN_ABOUT_MISSING_NEWLINE = YES;
				GCC_WARN_ABOUT_MISSING_PROTOTYPES = YES;
				GCC_WARN_ABOUT_RETURN_TYPE = YES;
				GCC_WARN_FOUR_CHARACTER_CONSTANTS = YES;
				GCC_WARN_INITIALIZER_NOT_FULLY_BRACKETED = YES;
				GCC_WARN_PEDANTIC = YES;
				GCC_WARN_SHADOW = YES;
				GCC_WARN_SIGN_COMPARE = YES;
				GCC_WARN_UNDECLARED_SELECTOR = YES;
				GCC_WARN_UNINITIALIZED_AUTOS = YES;
				GCC_WARN_UNUSED_FUNCTION = YES;
				GCC_WARN_UNUSED_VARIABLE = YES;
				HEADER_SEARCH_PATHS = (
					"../../engine_src/**",
					"../../client_src/**",
					"../../sampleproject_src/**",
				);
				IPHONEOS_DEPLOYMENT_TARGET = 12.0;
				MACOSX_DEPLOYMENT_TARGET = "$(RECOMMENDED_MACOSX_DEPLOYMENT_TARGET)";
				MTL_HEADER_SEARCH_PATHS = "$(SRCROOT)/../../**";
				MTL_LANGUAGE_REVISION = Metal20;
				ONLY_ACTIVE_ARCH = YES;
				OTHER_CFLAGS = "\"-includeclientlogic_macro_settings.h\"";
				TAPI_VERIFY_MODE = ErrorsOnly;
			};
			name = Debug;
		};
		601127E528611D6500F92967 /* Release */ = {
			isa = XCBuildConfiguration;
			buildSettings = {
				CLANG_WARN_ASSIGN_ENUM = YES;
				CLANG_WARN_BLOCK_CAPTURE_AUTORELEASING = YES;
				CLANG_WARN_BOOL_CONVERSION = YES;
				CLANG_WARN_COMMA = YES;
				CLANG_WARN_COMPLETION_HANDLER_MISUSE = YES;
				CLANG_WARN_CONSTANT_CONVERSION = YES;
				CLANG_WARN_DEPRECATED_OBJC_IMPLEMENTATIONS = YES;
				CLANG_WARN_DOCUMENTATION_COMMENTS = YES;
				CLANG_WARN_EMPTY_BODY = YES;
				CLANG_WARN_ENUM_CONVERSION = YES;
				CLANG_WARN_FLOAT_CONVERSION = YES;
				CLANG_WARN_FRAMEWORK_INCLUDE_PRIVATE_FROM_PUBLIC = YES;
				CLANG_WARN_IMPLICIT_FALLTHROUGH = YES;
				CLANG_WARN_IMPLICIT_SIGN_CONVERSION = YES;
				CLANG_WARN_INFINITE_RECURSION = YES;
				CLANG_WARN_INT_CONVERSION = YES;
				CLANG_WARN_NON_LITERAL_NULL_CONVERSION = YES;
				CLANG_WARN_OBJC_IMPLICIT_RETAIN_SELF = YES;
				CLANG_WARN_OBJC_LITERAL_CONVERSION = YES;
				CLANG_WARN_QUOTED_INCLUDE_IN_FRAMEWORK_HEADER = YES;
				CLANG_WARN_RANGE_LOOP_ANALYSIS = YES;
				CLANG_WARN_SEMICOLON_BEFORE_METHOD_BODY = YES;
				CLANG_WARN_STRICT_PROTOTYPES = YES;
				CLANG_WARN_SUSPICIOUS_IMPLICIT_CONVERSION = YES;
				CLANG_WARN_SUSPICIOUS_MOVE = YES;
				CLANG_WARN_UNREACHABLE_CODE = YES;
				CLANG_WARN__DUPLICATE_METHOD_MATCH = YES;
				DEAD_CODE_STRIPPING = YES;
				DEVELOPMENT_TEAM = 69FRAQZ2YR;
				ENABLE_STRICT_OBJC_MSGSEND = YES;
				ENABLE_USER_SCRIPT_SANDBOXING = YES;
				GCC_C_LANGUAGE_STANDARD = c11;
				GCC_NO_COMMON_BLOCKS = YES;
				GCC_TREAT_WARNINGS_AS_ERRORS = YES;
				GCC_WARN_64_TO_32_BIT_CONVERSION = YES;
				GCC_WARN_ABOUT_MISSING_FIELD_INITIALIZERS = YES;
				GCC_WARN_ABOUT_MISSING_NEWLINE = YES;
				GCC_WARN_ABOUT_MISSING_PROTOTYPES = YES;
				GCC_WARN_ABOUT_RETURN_TYPE = YES;
				GCC_WARN_FOUR_CHARACTER_CONSTANTS = YES;
				GCC_WARN_INITIALIZER_NOT_FULLY_BRACKETED = YES;
				GCC_WARN_PEDANTIC = YES;
				GCC_WARN_SHADOW = YES;
				GCC_WARN_SIGN_COMPARE = YES;
				GCC_WARN_UNDECLARED_SELECTOR = YES;
				GCC_WARN_UNINITIALIZED_AUTOS = YES;
				GCC_WARN_UNUSED_FUNCTION = YES;
				GCC_WARN_UNUSED_VARIABLE = YES;
				HEADER_SEARCH_PATHS = (
					"../../sampleproject_src/**",
					"../../client_src/**",
					"../../engine_src/**",
				);
				IPHONEOS_DEPLOYMENT_TARGET = 12.0;
				MACOSX_DEPLOYMENT_TARGET = "$(RECOMMENDED_MACOSX_DEPLOYMENT_TARGET)";
				MTL_HEADER_SEARCH_PATHS = "$(SRCROOT)/../../**";
				MTL_LANGUAGE_REVISION = Metal20;
				OTHER_CFLAGS = "\"-includeclientlogic_macro_settings.h\"";
				TAPI_VERIFY_MODE = ErrorsOnly;
			};
			name = Release;
		};
		6011282B28611F7900F92967 /* Debug */ = {
			isa = XCBuildConfiguration;
			buildSettings = {
				ALWAYS_SEARCH_USER_PATHS = NO;
				ASSETCATALOG_COMPILER_APPICON_NAME = AppIcon;
				ASSETCATALOG_COMPILER_GLOBAL_ACCENT_COLOR_NAME = AccentColor;
				CLANG_ANALYZER_NONNULL = YES;
				CLANG_ANALYZER_NUMBER_OBJECT_CONVERSION = YES_AGGRESSIVE;
				CLANG_CXX_LANGUAGE_STANDARD = "gnu++17";
				CLANG_CXX_LIBRARY = "libc++";
				CLANG_ENABLE_MODULES = YES;
				CLANG_ENABLE_OBJC_ARC = YES;
				CLANG_ENABLE_OBJC_WEAK = YES;
				CLANG_WARN_BLOCK_CAPTURE_AUTORELEASING = YES;
				CLANG_WARN_BOOL_CONVERSION = YES;
				CLANG_WARN_COMMA = YES;
				CLANG_WARN_CONSTANT_CONVERSION = YES;
				CLANG_WARN_DEPRECATED_OBJC_IMPLEMENTATIONS = YES;
				CLANG_WARN_DIRECT_OBJC_ISA_USAGE = YES_ERROR;
				CLANG_WARN_DOCUMENTATION_COMMENTS = YES;
				CLANG_WARN_EMPTY_BODY = YES;
				CLANG_WARN_ENUM_CONVERSION = YES;
				CLANG_WARN_INFINITE_RECURSION = YES;
				CLANG_WARN_INT_CONVERSION = YES;
				CLANG_WARN_NON_LITERAL_NULL_CONVERSION = YES;
				CLANG_WARN_OBJC_IMPLICIT_RETAIN_SELF = YES;
				CLANG_WARN_OBJC_LITERAL_CONVERSION = YES;
				CLANG_WARN_OBJC_ROOT_CLASS = YES_ERROR;
				CLANG_WARN_QUOTED_INCLUDE_IN_FRAMEWORK_HEADER = YES;
				CLANG_WARN_RANGE_LOOP_ANALYSIS = YES;
				CLANG_WARN_STRICT_PROTOTYPES = YES;
				CLANG_WARN_SUSPICIOUS_MOVE = YES;
				CLANG_WARN_UNGUARDED_AVAILABILITY = YES_AGGRESSIVE;
				CLANG_WARN_UNREACHABLE_CODE = YES;
				CLANG_WARN__DUPLICATE_METHOD_MATCH = YES;
				CLANG_X86_VECTOR_INSTRUCTIONS = avx;
				CODE_SIGN_ENTITLEMENTS = TOKONE_macos/TOKONE_macos.entitlements;
				CODE_SIGN_IDENTITY = "-";
				CODE_SIGN_STYLE = Automatic;
				COMBINE_HIDPI_IMAGES = YES;
				COPY_PHASE_STRIP = NO;
				CURRENT_PROJECT_VERSION = 1;
				DEAD_CODE_STRIPPING = YES;
				DEBUG_INFORMATION_FORMAT = dwarf;
				DEVELOPMENT_TEAM = 69FRAQZ2YR;
				ENABLE_HARDENED_RUNTIME = YES;
				ENABLE_STRICT_OBJC_MSGSEND = YES;
				ENABLE_TESTABILITY = YES;
				GCC_C_LANGUAGE_STANDARD = c11;
				GCC_DYNAMIC_NO_PIC = NO;
				GCC_NO_COMMON_BLOCKS = YES;
				GCC_OPTIMIZATION_LEVEL = 0;
				GCC_PREPROCESSOR_DEFINITIONS = (
					"DEBUG=1",
					"$(inherited)",
				);
				GCC_TREAT_WARNINGS_AS_ERRORS = YES;
				GCC_WARN_64_TO_32_BIT_CONVERSION = YES;
				GCC_WARN_ABOUT_RETURN_TYPE = YES_ERROR;
				GCC_WARN_PEDANTIC = YES;
				GCC_WARN_UNDECLARED_SELECTOR = YES;
				GCC_WARN_UNINITIALIZED_AUTOS = YES_AGGRESSIVE;
				GCC_WARN_UNUSED_FUNCTION = YES;
				GCC_WARN_UNUSED_VARIABLE = YES;
				GENERATE_INFOPLIST_FILE = YES;
				INFOPLIST_KEY_NSHumanReadableCopyright = "";
				INFOPLIST_KEY_NSMainStoryboardFile = "";
				INFOPLIST_KEY_NSPrincipalClass = NSApplication;
				LD_RUNPATH_SEARCH_PATHS = (
					"$(inherited)",
					"@executable_path/../Frameworks",
				);
				MACOSX_DEPLOYMENT_TARGET = 11.0;
				MARKETING_VERSION = 1.0;
				MTL_ENABLE_DEBUG_INFO = INCLUDE_SOURCE;
				MTL_FAST_MATH = YES;
				ONLY_ACTIVE_ARCH = YES;
				PRODUCT_BUNDLE_IDENTIFIER = com.TOK.engine;
				PRODUCT_NAME = "$(TARGET_NAME)";
				SDKROOT = macosx;
				SWIFT_EMIT_LOC_STRINGS = YES;
			};
			name = Debug;
		};
		6011282C28611F7900F92967 /* Release */ = {
			isa = XCBuildConfiguration;
			buildSettings = {
				ALWAYS_SEARCH_USER_PATHS = NO;
				ASSETCATALOG_COMPILER_APPICON_NAME = AppIcon;
				ASSETCATALOG_COMPILER_GLOBAL_ACCENT_COLOR_NAME = AccentColor;
				CLANG_ANALYZER_NONNULL = YES;
				CLANG_ANALYZER_NUMBER_OBJECT_CONVERSION = YES_AGGRESSIVE;
				CLANG_CXX_LANGUAGE_STANDARD = "gnu++17";
				CLANG_CXX_LIBRARY = "libc++";
				CLANG_ENABLE_MODULES = YES;
				CLANG_ENABLE_OBJC_ARC = YES;
				CLANG_ENABLE_OBJC_WEAK = YES;
				CLANG_WARN_BLOCK_CAPTURE_AUTORELEASING = YES;
				CLANG_WARN_BOOL_CONVERSION = YES;
				CLANG_WARN_COMMA = YES;
				CLANG_WARN_CONSTANT_CONVERSION = YES;
				CLANG_WARN_DEPRECATED_OBJC_IMPLEMENTATIONS = YES;
				CLANG_WARN_DIRECT_OBJC_ISA_USAGE = YES_ERROR;
				CLANG_WARN_DOCUMENTATION_COMMENTS = YES;
				CLANG_WARN_EMPTY_BODY = YES;
				CLANG_WARN_ENUM_CONVERSION = YES;
				CLANG_WARN_INFINITE_RECURSION = YES;
				CLANG_WARN_INT_CONVERSION = YES;
				CLANG_WARN_NON_LITERAL_NULL_CONVERSION = YES;
				CLANG_WARN_OBJC_IMPLICIT_RETAIN_SELF = YES;
				CLANG_WARN_OBJC_LITERAL_CONVERSION = YES;
				CLANG_WARN_OBJC_ROOT_CLASS = YES_ERROR;
				CLANG_WARN_QUOTED_INCLUDE_IN_FRAMEWORK_HEADER = YES;
				CLANG_WARN_RANGE_LOOP_ANALYSIS = YES;
				CLANG_WARN_STRICT_PROTOTYPES = YES;
				CLANG_WARN_SUSPICIOUS_MOVE = YES;
				CLANG_WARN_UNGUARDED_AVAILABILITY = YES_AGGRESSIVE;
				CLANG_WARN_UNREACHABLE_CODE = YES;
				CLANG_WARN__DUPLICATE_METHOD_MATCH = YES;
				CLANG_X86_VECTOR_INSTRUCTIONS = avx;
				CODE_SIGN_ENTITLEMENTS = TOKONE_macos/TOKONE_macos.entitlements;
				CODE_SIGN_IDENTITY = "-";
				CODE_SIGN_STYLE = Automatic;
				COMBINE_HIDPI_IMAGES = YES;
				COPY_PHASE_STRIP = NO;
				CURRENT_PROJECT_VERSION = 1;
				DEAD_CODE_STRIPPING = YES;
				DEBUG_INFORMATION_FORMAT = "dwarf-with-dsym";
				DEVELOPMENT_TEAM = 69FRAQZ2YR;
				ENABLE_HARDENED_RUNTIME = YES;
				ENABLE_NS_ASSERTIONS = NO;
				ENABLE_STRICT_OBJC_MSGSEND = YES;
				GCC_C_LANGUAGE_STANDARD = c11;
				GCC_NO_COMMON_BLOCKS = YES;
				GCC_TREAT_WARNINGS_AS_ERRORS = YES;
				GCC_WARN_64_TO_32_BIT_CONVERSION = YES;
				GCC_WARN_ABOUT_RETURN_TYPE = YES_ERROR;
				GCC_WARN_PEDANTIC = YES;
				GCC_WARN_UNDECLARED_SELECTOR = YES;
				GCC_WARN_UNINITIALIZED_AUTOS = YES_AGGRESSIVE;
				GCC_WARN_UNUSED_FUNCTION = YES;
				GCC_WARN_UNUSED_VARIABLE = YES;
				GENERATE_INFOPLIST_FILE = YES;
				INFOPLIST_KEY_NSHumanReadableCopyright = "";
				INFOPLIST_KEY_NSMainStoryboardFile = "";
				INFOPLIST_KEY_NSPrincipalClass = NSApplication;
				LD_RUNPATH_SEARCH_PATHS = (
					"$(inherited)",
					"@executable_path/../Frameworks",
				);
				MACOSX_DEPLOYMENT_TARGET = 11.0;
				MARKETING_VERSION = 1.0;
				MTL_ENABLE_DEBUG_INFO = NO;
				MTL_FAST_MATH = YES;
				PRODUCT_BUNDLE_IDENTIFIER = com.TOK.engine;
				PRODUCT_NAME = "$(TARGET_NAME)";
				SDKROOT = macosx;
				SWIFT_EMIT_LOC_STRINGS = YES;
			};
			name = Release;
		};
		60A998CB287BCF55003F7159 /* Debug */ = {
			isa = XCBuildConfiguration;
			buildSettings = {
				ALWAYS_SEARCH_USER_PATHS = NO;
				ASSETCATALOG_COMPILER_APPICON_NAME = AppIcon;
				ASSETCATALOG_COMPILER_GLOBAL_ACCENT_COLOR_NAME = AccentColor;
				CLANG_ANALYZER_NONNULL = YES;
				CLANG_ANALYZER_NUMBER_OBJECT_CONVERSION = YES_AGGRESSIVE;
				CLANG_CXX_LANGUAGE_STANDARD = "gnu++17";
				CLANG_CXX_LIBRARY = "libc++";
				CLANG_ENABLE_MODULES = YES;
				CLANG_ENABLE_OBJC_ARC = YES;
				CLANG_ENABLE_OBJC_WEAK = YES;
				CLANG_WARN_BLOCK_CAPTURE_AUTORELEASING = YES;
				CLANG_WARN_BOOL_CONVERSION = YES;
				CLANG_WARN_COMMA = YES;
				CLANG_WARN_CONSTANT_CONVERSION = YES;
				CLANG_WARN_DEPRECATED_OBJC_IMPLEMENTATIONS = YES;
				CLANG_WARN_DIRECT_OBJC_ISA_USAGE = YES_ERROR;
				CLANG_WARN_DOCUMENTATION_COMMENTS = YES;
				CLANG_WARN_EMPTY_BODY = YES;
				CLANG_WARN_ENUM_CONVERSION = YES;
				CLANG_WARN_INFINITE_RECURSION = YES;
				CLANG_WARN_INT_CONVERSION = YES;
				CLANG_WARN_NON_LITERAL_NULL_CONVERSION = YES;
				CLANG_WARN_OBJC_IMPLICIT_RETAIN_SELF = YES;
				CLANG_WARN_OBJC_LITERAL_CONVERSION = YES;
				CLANG_WARN_OBJC_ROOT_CLASS = YES_ERROR;
				CLANG_WARN_QUOTED_INCLUDE_IN_FRAMEWORK_HEADER = YES;
				CLANG_WARN_RANGE_LOOP_ANALYSIS = YES;
				CLANG_WARN_STRICT_PROTOTYPES = YES;
				CLANG_WARN_SUSPICIOUS_MOVE = YES;
				CLANG_WARN_UNGUARDED_AVAILABILITY = YES_AGGRESSIVE;
				CLANG_WARN_UNREACHABLE_CODE = YES;
				CLANG_WARN__DUPLICATE_METHOD_MATCH = YES;
				CLANG_X86_VECTOR_INSTRUCTIONS = default;
				CODE_SIGN_STYLE = Automatic;
				COPY_PHASE_STRIP = NO;
				CREATE_INFOPLIST_SECTION_IN_BINARY = YES;
				CURRENT_PROJECT_VERSION = 1;
				DEAD_CODE_STRIPPING = YES;
				DEBUG_INFORMATION_FORMAT = dwarf;
				DEVELOPMENT_TEAM = 69FRAQZ2YR;
				ENABLE_STRICT_OBJC_MSGSEND = YES;
				ENABLE_TESTABILITY = YES;
				GCC_C_LANGUAGE_STANDARD = c11;
				GCC_DYNAMIC_NO_PIC = NO;
				GCC_NO_COMMON_BLOCKS = YES;
				GCC_OPTIMIZATION_LEVEL = 0;
				GCC_PREPROCESSOR_DEFINITIONS = (
					"DEBUG=1",
					"$(inherited)",
				);
				GCC_WARN_64_TO_32_BIT_CONVERSION = YES;
				GCC_WARN_ABOUT_RETURN_TYPE = YES_ERROR;
				GCC_WARN_UNDECLARED_SELECTOR = YES;
				GCC_WARN_UNINITIALIZED_AUTOS = YES_AGGRESSIVE;
				GCC_WARN_UNUSED_FUNCTION = YES;
				GCC_WARN_UNUSED_VARIABLE = YES;
				GENERATE_INFOPLIST_FILE = YES;
				INFOPLIST_FILE = "";
				INFOPLIST_KEY_LSApplicationCategoryType = "public.app-category.card-games";
				INFOPLIST_KEY_UIApplicationSupportsIndirectInputEvents = YES;
				INFOPLIST_KEY_UILaunchStoryboardName = "";
				INFOPLIST_KEY_UIMainStoryboardFile = Main;
				INFOPLIST_KEY_UISupportedInterfaceOrientations_iPad = "UIInterfaceOrientationPortrait UIInterfaceOrientationPortraitUpsideDown UIInterfaceOrientationLandscapeLeft UIInterfaceOrientationLandscapeRight";
				INFOPLIST_KEY_UISupportedInterfaceOrientations_iPhone = "UIInterfaceOrientationPortrait UIInterfaceOrientationLandscapeLeft UIInterfaceOrientationLandscapeRight";
				IPHONEOS_DEPLOYMENT_TARGET = 16.4;
				LD_RUNPATH_SEARCH_PATHS = (
					"$(inherited)",
					"@executable_path/Frameworks",
				);
				MACOSX_DEPLOYMENT_TARGET = 11.0;
				MARKETING_VERSION = 1.0;
				MTL_ENABLE_DEBUG_INFO = INCLUDE_SOURCE;
				MTL_FAST_MATH = YES;
				ONLY_ACTIVE_ARCH = YES;
				OTHER_CFLAGS = "-includeclientlogic_macro_settings.h";
				PRODUCT_BUNDLE_IDENTIFIER = "com.TOK.TOKONE-iphone";
				PRODUCT_NAME = "$(TARGET_NAME)";
				SDKROOT = iphoneos;
				SWIFT_EMIT_LOC_STRINGS = YES;
				TARGETED_DEVICE_FAMILY = "1,2";
			};
			name = Debug;
		};
		60A998CC287BCF55003F7159 /* Release */ = {
			isa = XCBuildConfiguration;
			buildSettings = {
				ALWAYS_SEARCH_USER_PATHS = NO;
				ASSETCATALOG_COMPILER_APPICON_NAME = AppIcon;
				ASSETCATALOG_COMPILER_GLOBAL_ACCENT_COLOR_NAME = AccentColor;
				CLANG_ANALYZER_NONNULL = YES;
				CLANG_ANALYZER_NUMBER_OBJECT_CONVERSION = YES_AGGRESSIVE;
				CLANG_CXX_LANGUAGE_STANDARD = "gnu++17";
				CLANG_CXX_LIBRARY = "libc++";
				CLANG_ENABLE_MODULES = YES;
				CLANG_ENABLE_OBJC_ARC = YES;
				CLANG_ENABLE_OBJC_WEAK = YES;
				CLANG_WARN_BLOCK_CAPTURE_AUTORELEASING = YES;
				CLANG_WARN_BOOL_CONVERSION = YES;
				CLANG_WARN_COMMA = YES;
				CLANG_WARN_CONSTANT_CONVERSION = YES;
				CLANG_WARN_DEPRECATED_OBJC_IMPLEMENTATIONS = YES;
				CLANG_WARN_DIRECT_OBJC_ISA_USAGE = YES_ERROR;
				CLANG_WARN_DOCUMENTATION_COMMENTS = YES;
				CLANG_WARN_EMPTY_BODY = YES;
				CLANG_WARN_ENUM_CONVERSION = YES;
				CLANG_WARN_INFINITE_RECURSION = YES;
				CLANG_WARN_INT_CONVERSION = YES;
				CLANG_WARN_NON_LITERAL_NULL_CONVERSION = YES;
				CLANG_WARN_OBJC_IMPLICIT_RETAIN_SELF = YES;
				CLANG_WARN_OBJC_LITERAL_CONVERSION = YES;
				CLANG_WARN_OBJC_ROOT_CLASS = YES_ERROR;
				CLANG_WARN_QUOTED_INCLUDE_IN_FRAMEWORK_HEADER = YES;
				CLANG_WARN_RANGE_LOOP_ANALYSIS = YES;
				CLANG_WARN_STRICT_PROTOTYPES = YES;
				CLANG_WARN_SUSPICIOUS_MOVE = YES;
				CLANG_WARN_UNGUARDED_AVAILABILITY = YES_AGGRESSIVE;
				CLANG_WARN_UNREACHABLE_CODE = YES;
				CLANG_WARN__DUPLICATE_METHOD_MATCH = YES;
				CLANG_X86_VECTOR_INSTRUCTIONS = default;
				CODE_SIGN_STYLE = Automatic;
				COPY_PHASE_STRIP = NO;
				CREATE_INFOPLIST_SECTION_IN_BINARY = YES;
				CURRENT_PROJECT_VERSION = 1;
				DEAD_CODE_STRIPPING = YES;
				DEBUG_INFORMATION_FORMAT = "dwarf-with-dsym";
				DEVELOPMENT_TEAM = 69FRAQZ2YR;
				ENABLE_NS_ASSERTIONS = NO;
				ENABLE_STRICT_OBJC_MSGSEND = YES;
				GCC_C_LANGUAGE_STANDARD = c11;
				GCC_NO_COMMON_BLOCKS = YES;
				GCC_WARN_64_TO_32_BIT_CONVERSION = YES;
				GCC_WARN_ABOUT_RETURN_TYPE = YES_ERROR;
				GCC_WARN_UNDECLARED_SELECTOR = YES;
				GCC_WARN_UNINITIALIZED_AUTOS = YES_AGGRESSIVE;
				GCC_WARN_UNUSED_FUNCTION = YES;
				GCC_WARN_UNUSED_VARIABLE = YES;
				GENERATE_INFOPLIST_FILE = YES;
				INFOPLIST_FILE = "";
				INFOPLIST_KEY_LSApplicationCategoryType = "public.app-category.card-games";
				INFOPLIST_KEY_UIApplicationSupportsIndirectInputEvents = YES;
				INFOPLIST_KEY_UILaunchStoryboardName = "";
				INFOPLIST_KEY_UIMainStoryboardFile = Main;
				INFOPLIST_KEY_UISupportedInterfaceOrientations_iPad = "UIInterfaceOrientationPortrait UIInterfaceOrientationPortraitUpsideDown UIInterfaceOrientationLandscapeLeft UIInterfaceOrientationLandscapeRight";
				INFOPLIST_KEY_UISupportedInterfaceOrientations_iPhone = "UIInterfaceOrientationPortrait UIInterfaceOrientationLandscapeLeft UIInterfaceOrientationLandscapeRight";
				IPHONEOS_DEPLOYMENT_TARGET = 16.4;
				LD_RUNPATH_SEARCH_PATHS = (
					"$(inherited)",
					"@executable_path/Frameworks",
				);
				MACOSX_DEPLOYMENT_TARGET = 11.0;
				MARKETING_VERSION = 1.0;
				MTL_ENABLE_DEBUG_INFO = NO;
				MTL_FAST_MATH = YES;
				OTHER_CFLAGS = "-includeclientlogic_macro_settings.h";
				PRODUCT_BUNDLE_IDENTIFIER = "com.TOK.TOKONE-iphone";
				PRODUCT_NAME = "$(TARGET_NAME)";
				SDKROOT = iphoneos;
				SWIFT_EMIT_LOC_STRINGS = YES;
				TARGETED_DEVICE_FAMILY = "1,2";
				VALIDATE_PRODUCT = YES;
			};
			name = Release;
		};
/* End XCBuildConfiguration section */

/* Begin XCConfigurationList section */
		601127E328611D6500F92967 /* Build configuration list for PBXProject "TOK_ONE" */ = {
			isa = XCConfigurationList;
			buildConfigurations = (
				601127E428611D6500F92967 /* Debug */,
				601127E528611D6500F92967 /* Release */,
			);
			defaultConfigurationIsVisible = 0;
			defaultConfigurationName = Release;
		};
		6011282A28611F7900F92967 /* Build configuration list for PBXNativeTarget "TOKONE_macos" */ = {
			isa = XCConfigurationList;
			buildConfigurations = (
				6011282B28611F7900F92967 /* Debug */,
				6011282C28611F7900F92967 /* Release */,
			);
			defaultConfigurationIsVisible = 0;
			defaultConfigurationName = Release;
		};
		60A998CA287BCF55003F7159 /* Build configuration list for PBXNativeTarget "TOKONE_iphone" */ = {
			isa = XCConfigurationList;
			buildConfigurations = (
				60A998CB287BCF55003F7159 /* Debug */,
				60A998CC287BCF55003F7159 /* Release */,
			);
			defaultConfigurationIsVisible = 0;
			defaultConfigurationName = Release;
		};
/* End XCConfigurationList section */
	};
	rootObject = 601127E028611D6500F92967 /* Project object */;
}
