// !$*UTF8*$!
{
	archiveVersion = 1;
	classes = {
	};
	objectVersion = 55;
	objects = {

/* Begin PBXBuildFile section */
		6009B4F428679E7D00F1F279 /* memorystore.h in Sources */ = {isa = PBXBuildFile; fileRef = 6009B4F228679E7D00F1F279 /* memorystore.h */; };
		6009B4F528679E7D00F1F279 /* memorystore.c in Sources */ = {isa = PBXBuildFile; fileRef = 6009B4F328679E7D00F1F279 /* memorystore.c */; };
		6009FB642876A47100FC5A60 /* fontmetrics.dat in Resources */ = {isa = PBXBuildFile; fileRef = 6009FB632876A47100FC5A60 /* fontmetrics.dat */; };
		6011283F286122FE00F92967 /* inflate.c in Sources */ = {isa = PBXBuildFile; fileRef = 60112839286122FE00F92967 /* inflate.c */; };
		60112842286122FE00F92967 /* decode_png.c in Sources */ = {isa = PBXBuildFile; fileRef = 6011283D286122FE00F92967 /* decode_png.c */; };
		601128452861239600F92967 /* Foundation.framework in Frameworks */ = {isa = PBXBuildFile; fileRef = 601128442861239600F92967 /* Foundation.framework */; };
		601128852862511700F92967 /* texture_array.c in Sources */ = {isa = PBXBuildFile; fileRef = 601128662862511500F92967 /* texture_array.c */; };
		601128862862511700F92967 /* userinput.c in Sources */ = {isa = PBXBuildFile; fileRef = 601128692862511500F92967 /* userinput.c */; };
		601128872862511700F92967 /* renderer.c in Sources */ = {isa = PBXBuildFile; fileRef = 6011286C2862511500F92967 /* renderer.c */; };
		601128882862511800F92967 /* window_size.c in Sources */ = {isa = PBXBuildFile; fileRef = 6011286E2862511600F92967 /* window_size.c */; };
		601128892862511800F92967 /* common.c in Sources */ = {isa = PBXBuildFile; fileRef = 6011286F2862511600F92967 /* common.c */; };
		6011288A2862511800F92967 /* clientlogic.c in Sources */ = {isa = PBXBuildFile; fileRef = 601128702862511600F92967 /* clientlogic.c */; };
		6011288B2862511800F92967 /* common_platform_layer.c in Sources */ = {isa = PBXBuildFile; fileRef = 601128722862511600F92967 /* common_platform_layer.c */; };
		6011288C2862511800F92967 /* draw_triangle.c in Sources */ = {isa = PBXBuildFile; fileRef = 601128732862511600F92967 /* draw_triangle.c */; };
		6011288D2862511800F92967 /* text.c in Sources */ = {isa = PBXBuildFile; fileRef = 601128742862511600F92967 /* text.c */; };
		6011288E2862511800F92967 /* tok_random.c in Sources */ = {isa = PBXBuildFile; fileRef = 601128772862511600F92967 /* tok_random.c */; };
		6011288F2862511800F92967 /* lightsource.c in Sources */ = {isa = PBXBuildFile; fileRef = 601128782862511600F92967 /* lightsource.c */; };
		601128922862511800F92967 /* scheduled_animations.c in Sources */ = {isa = PBXBuildFile; fileRef = 6011287D2862511700F92967 /* scheduled_animations.c */; };
		601128932862511800F92967 /* zpolygon.c in Sources */ = {isa = PBXBuildFile; fileRef = 6011287E2862511700F92967 /* zpolygon.c */; };
		601128942862511800F92967 /* logger.c in Sources */ = {isa = PBXBuildFile; fileRef = 6011287F2862511700F92967 /* logger.c */; };
		60112899286253C100F92967 /* shaders.metal in Sources */ = {isa = PBXBuildFile; fileRef = 60112895286253C100F92967 /* shaders.metal */; };
		6011289A286253C100F92967 /* apple_platform_layer.c in Sources */ = {isa = PBXBuildFile; fileRef = 60112896286253C100F92967 /* apple_platform_layer.c */; };
		6011289E286253DD00F92967 /* macos_platform_layer.c in Sources */ = {isa = PBXBuildFile; fileRef = 6011289C286253DD00F92967 /* macos_platform_layer.c */; };
		601128A2286253FA00F92967 /* MetalKit.framework in Frameworks */ = {isa = PBXBuildFile; fileRef = 601128A0286253FA00F92967 /* MetalKit.framework */; };
		601128A3286253FA00F92967 /* Metal.framework in Frameworks */ = {isa = PBXBuildFile; fileRef = 601128A1286253FA00F92967 /* Metal.framework */; };
		601128A82862588900F92967 /* AppKit.framework in Frameworks */ = {isa = PBXBuildFile; fileRef = 601128A72862588900F92967 /* AppKit.framework */; };
		601128AD28625BAF00F92967 /* structuredart1.png in Resources */ = {isa = PBXBuildFile; fileRef = 601128A928625BAE00F92967 /* structuredart1.png */; };
		601128AE28625BAF00F92967 /* structuredart2.png in Resources */ = {isa = PBXBuildFile; fileRef = 601128AA28625BAE00F92967 /* structuredart2.png */; };
		601128AF28625BAF00F92967 /* teapot.obj in Resources */ = {isa = PBXBuildFile; fileRef = 601128AB28625BAE00F92967 /* teapot.obj */; };
		601128B028625BAF00F92967 /* font.png in Resources */ = {isa = PBXBuildFile; fileRef = 601128AC28625BAF00F92967 /* font.png */; };
		6028DD312886EE36000E1E98 /* init_application.c in Sources */ = {isa = PBXBuildFile; fileRef = 6028DD2F2886EE35000E1E98 /* init_application.c */; };
		6028DD322886EE36000E1E98 /* init_application.h in Sources */ = {isa = PBXBuildFile; fileRef = 6028DD302886EE36000E1E98 /* init_application.h */; };
		6028DD332886EE54000E1E98 /* init_application.h in Sources */ = {isa = PBXBuildFile; fileRef = 6028DD302886EE36000E1E98 /* init_application.h */; };
		6028DD342886EE54000E1E98 /* init_application.c in Sources */ = {isa = PBXBuildFile; fileRef = 6028DD2F2886EE35000E1E98 /* init_application.c */; };
		6064C0C02892504A00E8B3AD /* gameloop.h in Sources */ = {isa = PBXBuildFile; fileRef = 6064C0BE2892504A00E8B3AD /* gameloop.h */; };
		6064C0C12892504A00E8B3AD /* gameloop.c in Sources */ = {isa = PBXBuildFile; fileRef = 6064C0BF2892504A00E8B3AD /* gameloop.c */; };
		6064C0C22892505000E8B3AD /* gameloop.c in Sources */ = {isa = PBXBuildFile; fileRef = 6064C0BF2892504A00E8B3AD /* gameloop.c */; };
		6080CC46286FFD1E00444118 /* phoebus.png in Resources */ = {isa = PBXBuildFile; fileRef = 6080CC45286FFD1D00444118 /* phoebus.png */; };
		6080CC492870182700444118 /* common.h in Sources */ = {isa = PBXBuildFile; fileRef = 6080CC472870182700444118 /* common.h */; };
		608802F2286DCBE700B81255 /* clientlogic.h in Sources */ = {isa = PBXBuildFile; fileRef = 608802F1286DCBE700B81255 /* clientlogic.h */; };
		60A998DB287BD333003F7159 /* decodedimage.c in Sources */ = {isa = PBXBuildFile; fileRef = 60A998D9287BD332003F7159 /* decodedimage.c */; };
		60A998DC287BD333003F7159 /* decodedimage.h in Sources */ = {isa = PBXBuildFile; fileRef = 60A998DA287BD333003F7159 /* decodedimage.h */; };
		60A998DF287BD494003F7159 /* inflate.h in Sources */ = {isa = PBXBuildFile; fileRef = 6011283E286122FE00F92967 /* inflate.h */; };
		60A998E0287BD494003F7159 /* draw_triangle.h in Sources */ = {isa = PBXBuildFile; fileRef = 6011286D2862511500F92967 /* draw_triangle.h */; };
		60A998E1287BD494003F7159 /* decode_png.h in Sources */ = {isa = PBXBuildFile; fileRef = 6011283C286122FE00F92967 /* decode_png.h */; };
		60A998E2287BD494003F7159 /* lightsource.h in Sources */ = {isa = PBXBuildFile; fileRef = 601128712862511600F92967 /* lightsource.h */; };
		60A998E3287BD494003F7159 /* logger.h in Sources */ = {isa = PBXBuildFile; fileRef = 601128752862511600F92967 /* logger.h */; };
		60A998E4287BD494003F7159 /* gpu.h in Sources */ = {isa = PBXBuildFile; fileRef = 60112898286253C100F92967 /* gpu.h */; };
		60A998E5287BD4AA003F7159 /* platform_layer.h in Sources */ = {isa = PBXBuildFile; fileRef = 601128832862511700F92967 /* platform_layer.h */; };
		60A998E6287BD4AA003F7159 /* scheduled_animations.h in Sources */ = {isa = PBXBuildFile; fileRef = 6011286A2862511500F92967 /* scheduled_animations.h */; };
		60A998E8287BD4B7003F7159 /* userinput.h in Sources */ = {isa = PBXBuildFile; fileRef = 6011286B2862511500F92967 /* userinput.h */; };
		60A998E9287BD4B7003F7159 /* texture_array.h in Sources */ = {isa = PBXBuildFile; fileRef = 601128682862511500F92967 /* texture_array.h */; };
		60A998EA287BD4B7003F7159 /* text.h in Sources */ = {isa = PBXBuildFile; fileRef = 601128672862511500F92967 /* text.h */; };
		60A998EB287BD4B7003F7159 /* cpu_gpu_shared_types.h in Sources */ = {isa = PBXBuildFile; fileRef = 6011287A2862511600F92967 /* cpu_gpu_shared_types.h */; };
		60A998EC287BD4B7003F7159 /* window_size.h in Sources */ = {isa = PBXBuildFile; fileRef = 601128822862511700F92967 /* window_size.h */; };
		60A998ED287BD4B7003F7159 /* zpolygon.h in Sources */ = {isa = PBXBuildFile; fileRef = 601128842862511700F92967 /* zpolygon.h */; };
		60A998EE287BD4B7003F7159 /* tok_random.h in Sources */ = {isa = PBXBuildFile; fileRef = 601128802862511700F92967 /* tok_random.h */; };
		60A998EF287BD4B7003F7159 /* renderer.h in Sources */ = {isa = PBXBuildFile; fileRef = 6011287B2862511700F92967 /* renderer.h */; };
		60A998F0287BD4B7003F7159 /* cpu_to_gpu_types.h in Sources */ = {isa = PBXBuildFile; fileRef = 601128762862511600F92967 /* cpu_to_gpu_types.h */; };
		60A998F1287BD4C3003F7159 /* logger.h in Sources */ = {isa = PBXBuildFile; fileRef = 601128752862511600F92967 /* logger.h */; };
		60A998F2287BD4C3003F7159 /* renderer.h in Sources */ = {isa = PBXBuildFile; fileRef = 6011287B2862511700F92967 /* renderer.h */; };
		60A998F3287BD4C3003F7159 /* draw_triangle.c in Sources */ = {isa = PBXBuildFile; fileRef = 601128732862511600F92967 /* draw_triangle.c */; };
		60A998F4287BD4C3003F7159 /* apple_platform_layer.c in Sources */ = {isa = PBXBuildFile; fileRef = 60112896286253C100F92967 /* apple_platform_layer.c */; };
		60A998F5287BD4C3003F7159 /* texture_array.h in Sources */ = {isa = PBXBuildFile; fileRef = 601128682862511500F92967 /* texture_array.h */; };
		60A998F6287BD4C3003F7159 /* common_platform_layer.c in Sources */ = {isa = PBXBuildFile; fileRef = 601128722862511600F92967 /* common_platform_layer.c */; };
		60A998F7287BD4C3003F7159 /* logger.c in Sources */ = {isa = PBXBuildFile; fileRef = 6011287F2862511700F92967 /* logger.c */; };
		60A998F8287BD4C3003F7159 /* common.h in Sources */ = {isa = PBXBuildFile; fileRef = 6080CC472870182700444118 /* common.h */; };
		60A998FA287BD4C3003F7159 /* renderer.c in Sources */ = {isa = PBXBuildFile; fileRef = 6011286C2862511500F92967 /* renderer.c */; };
		60A998FB287BD4C3003F7159 /* lightsource.h in Sources */ = {isa = PBXBuildFile; fileRef = 601128712862511600F92967 /* lightsource.h */; };
		60A998FD287BD4C3003F7159 /* decodedimage.c in Sources */ = {isa = PBXBuildFile; fileRef = 60A998D9287BD332003F7159 /* decodedimage.c */; };
		60A998FE287BD4C3003F7159 /* memorystore.c in Sources */ = {isa = PBXBuildFile; fileRef = 6009B4F328679E7D00F1F279 /* memorystore.c */; };
		60A99900287BD4C3003F7159 /* cpu_to_gpu_types.h in Sources */ = {isa = PBXBuildFile; fileRef = 601128762862511600F92967 /* cpu_to_gpu_types.h */; };
		60A99901287BD4C3003F7159 /* text.h in Sources */ = {isa = PBXBuildFile; fileRef = 601128672862511500F92967 /* text.h */; };
		60A99902287BD4C3003F7159 /* decode_png.h in Sources */ = {isa = PBXBuildFile; fileRef = 6011283C286122FE00F92967 /* decode_png.h */; };
		60A99903287BD4C3003F7159 /* userinput.c in Sources */ = {isa = PBXBuildFile; fileRef = 601128692862511500F92967 /* userinput.c */; };
		60A99904287BD4C3003F7159 /* tok_random.c in Sources */ = {isa = PBXBuildFile; fileRef = 601128772862511600F92967 /* tok_random.c */; };
		60A99905287BD4C3003F7159 /* window_size.h in Sources */ = {isa = PBXBuildFile; fileRef = 601128822862511700F92967 /* window_size.h */; };
		60A99907287BD4C3003F7159 /* clientlogic.c in Sources */ = {isa = PBXBuildFile; fileRef = 601128702862511600F92967 /* clientlogic.c */; };
		60A99908287BD4C3003F7159 /* tok_random.h in Sources */ = {isa = PBXBuildFile; fileRef = 601128802862511700F92967 /* tok_random.h */; };
		60A99909287BD4C3003F7159 /* platform_layer.h in Sources */ = {isa = PBXBuildFile; fileRef = 601128832862511700F92967 /* platform_layer.h */; };
		60A9990A287BD4C3003F7159 /* zpolygon.h in Sources */ = {isa = PBXBuildFile; fileRef = 601128842862511700F92967 /* zpolygon.h */; };
		60A9990B287BD4C3003F7159 /* decodedimage.h in Sources */ = {isa = PBXBuildFile; fileRef = 60A998DA287BD333003F7159 /* decodedimage.h */; };
		60A9990C287BD4C3003F7159 /* decode_png.c in Sources */ = {isa = PBXBuildFile; fileRef = 6011283D286122FE00F92967 /* decode_png.c */; };
		60A9990D287BD4C3003F7159 /* gpu.h in Sources */ = {isa = PBXBuildFile; fileRef = 60112898286253C100F92967 /* gpu.h */; };
		60A9990E287BD4C3003F7159 /* scheduled_animations.h in Sources */ = {isa = PBXBuildFile; fileRef = 6011286A2862511500F92967 /* scheduled_animations.h */; };
		60A9990F287BD4C4003F7159 /* text.c in Sources */ = {isa = PBXBuildFile; fileRef = 601128742862511600F92967 /* text.c */; };
		60A99910287BD4C4003F7159 /* texture_array.c in Sources */ = {isa = PBXBuildFile; fileRef = 601128662862511500F92967 /* texture_array.c */; };
		60A99911287BD4C4003F7159 /* zpolygon.c in Sources */ = {isa = PBXBuildFile; fileRef = 6011287E2862511700F92967 /* zpolygon.c */; };
		60A99912287BD4C4003F7159 /* userinput.h in Sources */ = {isa = PBXBuildFile; fileRef = 6011286B2862511500F92967 /* userinput.h */; };
		60A99913287BD4C4003F7159 /* inflate.h in Sources */ = {isa = PBXBuildFile; fileRef = 6011283E286122FE00F92967 /* inflate.h */; };
		60A99915287BD4C4003F7159 /* cpu_gpu_shared_types.h in Sources */ = {isa = PBXBuildFile; fileRef = 6011287A2862511600F92967 /* cpu_gpu_shared_types.h */; };
		60A99916287BD4C4003F7159 /* scheduled_animations.c in Sources */ = {isa = PBXBuildFile; fileRef = 6011287D2862511700F92967 /* scheduled_animations.c */; };
		60A99917287BD4C4003F7159 /* lightsource.c in Sources */ = {isa = PBXBuildFile; fileRef = 601128782862511600F92967 /* lightsource.c */; };
		60A99918287BD4C4003F7159 /* clientlogic.h in Sources */ = {isa = PBXBuildFile; fileRef = 608802F1286DCBE700B81255 /* clientlogic.h */; };
		60A99919287BD4C4003F7159 /* memorystore.h in Sources */ = {isa = PBXBuildFile; fileRef = 6009B4F228679E7D00F1F279 /* memorystore.h */; };
		60A9991A287BD4C4003F7159 /* window_size.c in Sources */ = {isa = PBXBuildFile; fileRef = 6011286E2862511600F92967 /* window_size.c */; };
		60A9991B287BD4C4003F7159 /* draw_triangle.h in Sources */ = {isa = PBXBuildFile; fileRef = 6011286D2862511500F92967 /* draw_triangle.h */; };
		60A9991C287BD4C4003F7159 /* inflate.c in Sources */ = {isa = PBXBuildFile; fileRef = 60112839286122FE00F92967 /* inflate.c */; };
		60A9991D287BD4C4003F7159 /* common.c in Sources */ = {isa = PBXBuildFile; fileRef = 6011286F2862511600F92967 /* common.c */; };
		60A9991E287BD4D6003F7159 /* shaders.metal in Sources */ = {isa = PBXBuildFile; fileRef = 60112895286253C100F92967 /* shaders.metal */; };
		60A9991F287BDF31003F7159 /* font.png in Resources */ = {isa = PBXBuildFile; fileRef = 601128AC28625BAF00F92967 /* font.png */; };
		60A99920287BDF31003F7159 /* structuredart1.png in Resources */ = {isa = PBXBuildFile; fileRef = 601128A928625BAE00F92967 /* structuredart1.png */; };
		60A99921287BDF31003F7159 /* fontmetrics.dat in Resources */ = {isa = PBXBuildFile; fileRef = 6009FB632876A47100FC5A60 /* fontmetrics.dat */; };
		60A99922287BDF31003F7159 /* structuredart2.png in Resources */ = {isa = PBXBuildFile; fileRef = 601128AA28625BAE00F92967 /* structuredart2.png */; };
		60A99923287BDF31003F7159 /* teapot.obj in Resources */ = {isa = PBXBuildFile; fileRef = 601128AB28625BAE00F92967 /* teapot.obj */; };
		60A99924287BDF31003F7159 /* phoebus.png in Resources */ = {isa = PBXBuildFile; fileRef = 6080CC45286FFD1D00444118 /* phoebus.png */; };
		EC1412B12938597400DA0D21 /* cardwithuvcoords.obj in Resources */ = {isa = PBXBuildFile; fileRef = EC1412AE2938597400DA0D21 /* cardwithuvcoords.obj */; };
		EC1412B22938597400DA0D21 /* cardwithuvcoords.obj in Resources */ = {isa = PBXBuildFile; fileRef = EC1412AE2938597400DA0D21 /* cardwithuvcoords.obj */; };
		EC18FF4229E3DC8B00ED785C /* blob1.png in Resources */ = {isa = PBXBuildFile; fileRef = EC18FF4129E3DC8B00ED785C /* blob1.png */; };
		EC18FF4329E3DC8B00ED785C /* blob1.png in Resources */ = {isa = PBXBuildFile; fileRef = EC18FF4129E3DC8B00ED785C /* blob1.png */; };
		EC18FF4629E3DD8900ED785C /* blob2.png in Resources */ = {isa = PBXBuildFile; fileRef = EC18FF4429E3DD8900ED785C /* blob2.png */; };
		EC18FF4729E3DD8900ED785C /* blob2.png in Resources */ = {isa = PBXBuildFile; fileRef = EC18FF4429E3DD8900ED785C /* blob2.png */; };
		EC18FF4829E3DD8900ED785C /* blob3.png in Resources */ = {isa = PBXBuildFile; fileRef = EC18FF4529E3DD8900ED785C /* blob3.png */; };
		EC18FF4929E3DD8900ED785C /* blob3.png in Resources */ = {isa = PBXBuildFile; fileRef = EC18FF4529E3DD8900ED785C /* blob3.png */; };
		EC1BD95C297B5DBE00A9BA54 /* clientlogic_macro_settings.h in Sources */ = {isa = PBXBuildFile; fileRef = EC1BD95B297B5DBD00A9BA54 /* clientlogic_macro_settings.h */; };
		EC31932429DFAAFB00E320CD /* particle.c in Sources */ = {isa = PBXBuildFile; fileRef = EC31932329DFAAFB00E320CD /* particle.c */; };
		EC31932529DFAAFB00E320CD /* particle.c in Sources */ = {isa = PBXBuildFile; fileRef = EC31932329DFAAFB00E320CD /* particle.c */; };
		EC6441A429318B6D00A0267B /* main.m in Sources */ = {isa = PBXBuildFile; fileRef = EC64419F29318B6D00A0267B /* main.m */; };
		EC6441A529318B6D00A0267B /* AppDelegate.m in Sources */ = {isa = PBXBuildFile; fileRef = EC6441A029318B6D00A0267B /* AppDelegate.m */; };
		EC6441A629318B6D00A0267B /* ios_platform_layer.c in Sources */ = {isa = PBXBuildFile; fileRef = EC6441A129318B6D00A0267B /* ios_platform_layer.c */; };
		EC6441A729318B6D00A0267B /* ViewController.m in Sources */ = {isa = PBXBuildFile; fileRef = EC6441A329318B6D00A0267B /* ViewController.m */; };
		EC6B1F49293C9FD900837369 /* UIKit.framework in Frameworks */ = {isa = PBXBuildFile; fileRef = EC6B1F48293C9FD900837369 /* UIKit.framework */; };
		EC6B1F4B293CA04800837369 /* Foundation.framework in Frameworks */ = {isa = PBXBuildFile; fileRef = EC6B1F4A293CA04800837369 /* Foundation.framework */; };
		EC6B1F4D293CA04F00837369 /* Metal.framework in Frameworks */ = {isa = PBXBuildFile; fileRef = EC6B1F4C293CA04F00837369 /* Metal.framework */; };
		EC6B1F4F293CA05500837369 /* MetalKit.framework in Frameworks */ = {isa = PBXBuildFile; fileRef = EC6B1F4E293CA05500837369 /* MetalKit.framework */; };
		EC6B1F51293CA06200837369 /* AVFoundation.framework in Frameworks */ = {isa = PBXBuildFile; fileRef = EC6B1F50293CA06200837369 /* AVFoundation.framework */; };
		EC7B09D4293CAC8B000ED98E /* Main.storyboard in Resources */ = {isa = PBXBuildFile; fileRef = EC7B09D3293CAC8B000ED98E /* Main.storyboard */; };
		EC7B171B293A23E400C1D20C /* roundedborder.png in Resources */ = {isa = PBXBuildFile; fileRef = EC7B171A293A23E300C1D20C /* roundedborder.png */; };
		EC7B171C293A23E400C1D20C /* roundedborder.png in Resources */ = {isa = PBXBuildFile; fileRef = EC7B171A293A23E300C1D20C /* roundedborder.png */; };
		EC7C25262980B6AA00DB7BC8 /* terminal.h in Sources */ = {isa = PBXBuildFile; fileRef = EC7C25242980B6A900DB7BC8 /* terminal.h */; };
		EC7C25272980B6AA00DB7BC8 /* terminal.c in Sources */ = {isa = PBXBuildFile; fileRef = EC7C25252980B6A900DB7BC8 /* terminal.c */; };
		EC92FDAD2902917500C10865 /* decode_bmp.c in Sources */ = {isa = PBXBuildFile; fileRef = EC92FDAC2902917500C10865 /* decode_bmp.c */; };
		EC92FDAE2902917500C10865 /* decode_bmp.c in Sources */ = {isa = PBXBuildFile; fileRef = EC92FDAC2902917500C10865 /* decode_bmp.c */; };
		ECB05E47294F8AC300050BD4 /* simd.h in Sources */ = {isa = PBXBuildFile; fileRef = ECB05E46294F8AC200050BD4 /* simd.h */; };
		ECB05E49294F8B1300050BD4 /* gpu.m in Sources */ = {isa = PBXBuildFile; fileRef = ECB05E48294F8B1300050BD4 /* gpu.m */; };
		ECB05E4B294F8B3500050BD4 /* main.m in Sources */ = {isa = PBXBuildFile; fileRef = ECB05E4A294F8B3500050BD4 /* main.m */; };
		ECB05E4D294F8FD400050BD4 /* key.obj in Resources */ = {isa = PBXBuildFile; fileRef = ECB05E4C294F8FD300050BD4 /* key.obj */; };
		ECB05E4E2950864000050BD4 /* gpu.m in Sources */ = {isa = PBXBuildFile; fileRef = ECB05E48294F8B1300050BD4 /* gpu.m */; };
		ECB05E4F2950868E00050BD4 /* key.obj in Resources */ = {isa = PBXBuildFile; fileRef = ECB05E4C294F8FD300050BD4 /* key.obj */; };
		ECB2B71529E33C5900151F15 /* flame1.png in Resources */ = {isa = PBXBuildFile; fileRef = ECB2B71229E33C5800151F15 /* flame1.png */; };
		ECB2B71629E33C5900151F15 /* flame1.png in Resources */ = {isa = PBXBuildFile; fileRef = ECB2B71229E33C5800151F15 /* flame1.png */; };
		ECB2B71729E33C5900151F15 /* flame2.png in Resources */ = {isa = PBXBuildFile; fileRef = ECB2B71329E33C5800151F15 /* flame2.png */; };
		ECB2B71829E33C5900151F15 /* flame2.png in Resources */ = {isa = PBXBuildFile; fileRef = ECB2B71329E33C5800151F15 /* flame2.png */; };
		ECB2B71929E33C5900151F15 /* flame3.png in Resources */ = {isa = PBXBuildFile; fileRef = ECB2B71429E33C5800151F15 /* flame3.png */; };
		ECB2B71A29E33C5900151F15 /* flame3.png in Resources */ = {isa = PBXBuildFile; fileRef = ECB2B71429E33C5800151F15 /* flame3.png */; };
		ECB2B71C29E362C100151F15 /* flame4.png in Resources */ = {isa = PBXBuildFile; fileRef = ECB2B71B29E362C100151F15 /* flame4.png */; };
		ECB2B71D29E362C100151F15 /* flame4.png in Resources */ = {isa = PBXBuildFile; fileRef = ECB2B71B29E362C100151F15 /* flame4.png */; };
		ECCB08A528DB6FD00038BBAC /* AVFoundation.framework in Frameworks */ = {isa = PBXBuildFile; fileRef = ECCB08A428DB6FD00038BBAC /* AVFoundation.framework */; };
/* End PBXBuildFile section */

/* Begin PBXFileReference section */
		6009B4F228679E7D00F1F279 /* memorystore.h */ = {isa = PBXFileReference; lastKnownFileType = sourcecode.c.h; name = memorystore.h; path = ../../engine_src/shared/memorystore.h; sourceTree = "<group>"; };
		6009B4F328679E7D00F1F279 /* memorystore.c */ = {isa = PBXFileReference; lastKnownFileType = sourcecode.c.c; name = memorystore.c; path = ../../engine_src/shared/memorystore.c; sourceTree = "<group>"; };
		6009FB632876A47100FC5A60 /* fontmetrics.dat */ = {isa = PBXFileReference; lastKnownFileType = file; name = fontmetrics.dat; path = ../../resources/fontmetrics.dat; sourceTree = "<group>"; };
		6011281928611F5100F92967 /* TOKONE_macos.app */ = {isa = PBXFileReference; explicitFileType = wrapper.application; includeInIndex = 0; path = TOKONE_macos.app; sourceTree = BUILT_PRODUCTS_DIR; };
		6011282928611F7900F92967 /* TOKONE_macos.entitlements */ = {isa = PBXFileReference; lastKnownFileType = text.plist.entitlements; path = TOKONE_macos.entitlements; sourceTree = "<group>"; };
		60112839286122FE00F92967 /* inflate.c */ = {isa = PBXFileReference; fileEncoding = 4; lastKnownFileType = sourcecode.c.c; name = inflate.c; path = ../../engine_src/shared/debigulator/src/inflate.c; sourceTree = "<group>"; };
		6011283C286122FE00F92967 /* decode_png.h */ = {isa = PBXFileReference; fileEncoding = 4; lastKnownFileType = sourcecode.c.h; name = decode_png.h; path = ../../engine_src/shared/debigulator/src/decode_png.h; sourceTree = "<group>"; };
		6011283D286122FE00F92967 /* decode_png.c */ = {isa = PBXFileReference; fileEncoding = 4; lastKnownFileType = sourcecode.c.c; name = decode_png.c; path = ../../engine_src/shared/debigulator/src/decode_png.c; sourceTree = "<group>"; };
		6011283E286122FE00F92967 /* inflate.h */ = {isa = PBXFileReference; fileEncoding = 4; lastKnownFileType = sourcecode.c.h; name = inflate.h; path = ../../engine_src/shared/debigulator/src/inflate.h; sourceTree = "<group>"; };
		601128442861239600F92967 /* Foundation.framework */ = {isa = PBXFileReference; lastKnownFileType = wrapper.framework; name = Foundation.framework; path = System/Library/Frameworks/Foundation.framework; sourceTree = SDKROOT; };
		601128662862511500F92967 /* texture_array.c */ = {isa = PBXFileReference; fileEncoding = 4; lastKnownFileType = sourcecode.c.c; name = texture_array.c; path = ../../engine_src/shared/texture_array.c; sourceTree = "<group>"; };
		601128672862511500F92967 /* text.h */ = {isa = PBXFileReference; fileEncoding = 4; lastKnownFileType = sourcecode.c.h; name = text.h; path = ../../engine_src/shared/text.h; sourceTree = "<group>"; };
		601128682862511500F92967 /* texture_array.h */ = {isa = PBXFileReference; fileEncoding = 4; lastKnownFileType = sourcecode.c.h; name = texture_array.h; path = ../../engine_src/shared/texture_array.h; sourceTree = "<group>"; };
		601128692862511500F92967 /* userinput.c */ = {isa = PBXFileReference; fileEncoding = 4; lastKnownFileType = sourcecode.c.c; name = userinput.c; path = ../../engine_src/shared/userinput.c; sourceTree = "<group>"; };
		6011286A2862511500F92967 /* scheduled_animations.h */ = {isa = PBXFileReference; fileEncoding = 4; lastKnownFileType = sourcecode.c.h; name = scheduled_animations.h; path = ../../engine_src/shared/scheduled_animations.h; sourceTree = "<group>"; };
		6011286B2862511500F92967 /* userinput.h */ = {isa = PBXFileReference; fileEncoding = 4; lastKnownFileType = sourcecode.c.h; name = userinput.h; path = ../../engine_src/shared/userinput.h; sourceTree = "<group>"; };
		6011286C2862511500F92967 /* renderer.c */ = {isa = PBXFileReference; fileEncoding = 4; lastKnownFileType = sourcecode.c.c; name = renderer.c; path = ../../engine_src/shared/renderer.c; sourceTree = "<group>"; };
		6011286D2862511500F92967 /* draw_triangle.h */ = {isa = PBXFileReference; fileEncoding = 4; lastKnownFileType = sourcecode.c.h; name = draw_triangle.h; path = ../../engine_src/shared/draw_triangle.h; sourceTree = "<group>"; };
		6011286E2862511600F92967 /* window_size.c */ = {isa = PBXFileReference; fileEncoding = 4; lastKnownFileType = sourcecode.c.c; name = window_size.c; path = ../../engine_src/shared/window_size.c; sourceTree = "<group>"; };
		6011286F2862511600F92967 /* common.c */ = {isa = PBXFileReference; fileEncoding = 4; lastKnownFileType = sourcecode.c.c; name = common.c; path = ../../engine_src/shared/common.c; sourceTree = "<group>"; };
		601128702862511600F92967 /* clientlogic.c */ = {isa = PBXFileReference; fileEncoding = 4; lastKnownFileType = sourcecode.c.c; name = clientlogic.c; path = ../../sampleproject_src/clientlogic.c; sourceTree = "<group>"; };
		601128712862511600F92967 /* lightsource.h */ = {isa = PBXFileReference; fileEncoding = 4; lastKnownFileType = sourcecode.c.h; name = lightsource.h; path = ../../engine_src/shared/lightsource.h; sourceTree = "<group>"; };
		601128722862511600F92967 /* common_platform_layer.c */ = {isa = PBXFileReference; fileEncoding = 4; lastKnownFileType = sourcecode.c.c; name = common_platform_layer.c; path = ../../engine_src/shared/common_platform_layer.c; sourceTree = "<group>"; };
		601128732862511600F92967 /* draw_triangle.c */ = {isa = PBXFileReference; fileEncoding = 4; lastKnownFileType = sourcecode.c.c; name = draw_triangle.c; path = ../../engine_src/shared/draw_triangle.c; sourceTree = "<group>"; };
		601128742862511600F92967 /* text.c */ = {isa = PBXFileReference; fileEncoding = 4; lastKnownFileType = sourcecode.c.c; name = text.c; path = ../../engine_src/shared/text.c; sourceTree = "<group>"; };
		601128752862511600F92967 /* logger.h */ = {isa = PBXFileReference; fileEncoding = 4; lastKnownFileType = sourcecode.c.h; name = logger.h; path = ../../engine_src/shared/logger.h; sourceTree = "<group>"; };
		601128762862511600F92967 /* cpu_to_gpu_types.h */ = {isa = PBXFileReference; fileEncoding = 4; lastKnownFileType = sourcecode.c.h; name = cpu_to_gpu_types.h; path = ../../engine_src/shared/cpu_to_gpu_types.h; sourceTree = "<group>"; };
		601128772862511600F92967 /* tok_random.c */ = {isa = PBXFileReference; fileEncoding = 4; lastKnownFileType = sourcecode.c.c; name = tok_random.c; path = ../../engine_src/shared/tok_random.c; sourceTree = "<group>"; };
		601128782862511600F92967 /* lightsource.c */ = {isa = PBXFileReference; fileEncoding = 4; lastKnownFileType = sourcecode.c.c; name = lightsource.c; path = ../../engine_src/shared/lightsource.c; sourceTree = "<group>"; };
		6011287A2862511600F92967 /* cpu_gpu_shared_types.h */ = {isa = PBXFileReference; fileEncoding = 4; lastKnownFileType = sourcecode.c.h; name = cpu_gpu_shared_types.h; path = ../../engine_src/shared/cpu_gpu_shared_types.h; sourceTree = "<group>"; };
		6011287B2862511700F92967 /* renderer.h */ = {isa = PBXFileReference; fileEncoding = 4; lastKnownFileType = sourcecode.c.h; name = renderer.h; path = ../../engine_src/shared/renderer.h; sourceTree = "<group>"; };
		6011287D2862511700F92967 /* scheduled_animations.c */ = {isa = PBXFileReference; fileEncoding = 4; lastKnownFileType = sourcecode.c.c; name = scheduled_animations.c; path = ../../engine_src/shared/scheduled_animations.c; sourceTree = "<group>"; };
		6011287E2862511700F92967 /* zpolygon.c */ = {isa = PBXFileReference; fileEncoding = 4; lastKnownFileType = sourcecode.c.c; name = zpolygon.c; path = ../../engine_src/shared/zpolygon.c; sourceTree = "<group>"; };
		6011287F2862511700F92967 /* logger.c */ = {isa = PBXFileReference; fileEncoding = 4; lastKnownFileType = sourcecode.c.c; name = logger.c; path = ../../engine_src/shared/logger.c; sourceTree = "<group>"; };
		601128802862511700F92967 /* tok_random.h */ = {isa = PBXFileReference; fileEncoding = 4; lastKnownFileType = sourcecode.c.h; name = tok_random.h; path = ../../engine_src/shared/tok_random.h; sourceTree = "<group>"; };
		601128822862511700F92967 /* window_size.h */ = {isa = PBXFileReference; fileEncoding = 4; lastKnownFileType = sourcecode.c.h; name = window_size.h; path = ../../engine_src/shared/window_size.h; sourceTree = "<group>"; };
		601128832862511700F92967 /* platform_layer.h */ = {isa = PBXFileReference; explicitFileType = sourcecode.c.objc; fileEncoding = 4; name = platform_layer.h; path = ../../engine_src/shared/platform_layer.h; sourceTree = "<group>"; };
		601128842862511700F92967 /* zpolygon.h */ = {isa = PBXFileReference; fileEncoding = 4; lastKnownFileType = sourcecode.c.h; name = zpolygon.h; path = ../../engine_src/shared/zpolygon.h; sourceTree = "<group>"; };
		60112895286253C100F92967 /* shaders.metal */ = {isa = PBXFileReference; fileEncoding = 4; lastKnownFileType = sourcecode.metal; name = shaders.metal; path = ../../engine_src/shared_apple/shaders.metal; sourceTree = "<group>"; };
		60112896286253C100F92967 /* apple_platform_layer.c */ = {isa = PBXFileReference; explicitFileType = sourcecode.c.objc; fileEncoding = 4; name = apple_platform_layer.c; path = ../../engine_src/shared_apple/apple_platform_layer.c; sourceTree = "<group>"; };
		60112898286253C100F92967 /* gpu.h */ = {isa = PBXFileReference; explicitFileType = sourcecode.c.objc; fileEncoding = 4; name = gpu.h; path = ../../engine_src/shared_apple/gpu.h; sourceTree = "<group>"; };
		6011289C286253DD00F92967 /* macos_platform_layer.c */ = {isa = PBXFileReference; explicitFileType = sourcecode.c.objc; fileEncoding = 4; name = macos_platform_layer.c; path = ../../engine_src/macos/macos_platform_layer.c; sourceTree = "<group>"; };
		601128A0286253FA00F92967 /* MetalKit.framework */ = {isa = PBXFileReference; lastKnownFileType = wrapper.framework; name = MetalKit.framework; path = System/Library/Frameworks/MetalKit.framework; sourceTree = SDKROOT; };
		601128A1286253FA00F92967 /* Metal.framework */ = {isa = PBXFileReference; lastKnownFileType = wrapper.framework; name = Metal.framework; path = System/Library/Frameworks/Metal.framework; sourceTree = SDKROOT; };
		601128A72862588900F92967 /* AppKit.framework */ = {isa = PBXFileReference; lastKnownFileType = wrapper.framework; name = AppKit.framework; path = System/Library/Frameworks/AppKit.framework; sourceTree = SDKROOT; };
		601128A928625BAE00F92967 /* structuredart1.png */ = {isa = PBXFileReference; explicitFileType = compiled; name = structuredart1.png; path = ../../resources/structuredart1.png; sourceTree = "<group>"; };
		601128AA28625BAE00F92967 /* structuredart2.png */ = {isa = PBXFileReference; explicitFileType = compiled; name = structuredart2.png; path = ../../resources/structuredart2.png; sourceTree = "<group>"; };
		601128AB28625BAE00F92967 /* teapot.obj */ = {isa = PBXFileReference; explicitFileType = compiled; fileEncoding = 4; name = teapot.obj; path = ../../resources/teapot.obj; sourceTree = "<group>"; };
		601128AC28625BAF00F92967 /* font.png */ = {isa = PBXFileReference; explicitFileType = compiled; name = font.png; path = ../../resources/font.png; sourceTree = "<group>"; };
		6028DD2F2886EE35000E1E98 /* init_application.c */ = {isa = PBXFileReference; lastKnownFileType = sourcecode.c.c; name = init_application.c; path = ../../engine_src/shared/init_application.c; sourceTree = "<group>"; };
		6028DD302886EE36000E1E98 /* init_application.h */ = {isa = PBXFileReference; lastKnownFileType = sourcecode.c.h; name = init_application.h; path = ../../engine_src/shared/init_application.h; sourceTree = "<group>"; };
		6064C0BE2892504A00E8B3AD /* gameloop.h */ = {isa = PBXFileReference; lastKnownFileType = sourcecode.c.h; name = gameloop.h; path = ../../engine_src/shared/gameloop.h; sourceTree = "<group>"; };
		6064C0BF2892504A00E8B3AD /* gameloop.c */ = {isa = PBXFileReference; lastKnownFileType = sourcecode.c.c; name = gameloop.c; path = ../../engine_src/shared/gameloop.c; sourceTree = "<group>"; };
		6080CC45286FFD1D00444118 /* phoebus.png */ = {isa = PBXFileReference; explicitFileType = compiled; name = phoebus.png; path = ../../resources/phoebus.png; sourceTree = "<group>"; };
		6080CC472870182700444118 /* common.h */ = {isa = PBXFileReference; lastKnownFileType = sourcecode.c.h; name = common.h; path = ../../engine_src/shared/common.h; sourceTree = "<group>"; };
		608802F1286DCBE700B81255 /* clientlogic.h */ = {isa = PBXFileReference; lastKnownFileType = sourcecode.c.h; name = clientlogic.h; path = ../../client_src/clientlogic.h; sourceTree = "<group>"; };
		60A998B4287BCF52003F7159 /* TOKONE_iphone.app */ = {isa = PBXFileReference; explicitFileType = wrapper.application; includeInIndex = 0; path = TOKONE_iphone.app; sourceTree = BUILT_PRODUCTS_DIR; };
		60A998D9287BD332003F7159 /* decodedimage.c */ = {isa = PBXFileReference; lastKnownFileType = sourcecode.c.c; name = decodedimage.c; path = ../../engine_src/shared/decodedimage.c; sourceTree = "<group>"; };
		60A998DA287BD333003F7159 /* decodedimage.h */ = {isa = PBXFileReference; lastKnownFileType = sourcecode.c.h; name = decodedimage.h; path = ../../engine_src/shared/decodedimage.h; sourceTree = "<group>"; };
		EC1412AE2938597400DA0D21 /* cardwithuvcoords.obj */ = {isa = PBXFileReference; explicitFileType = compiled; fileEncoding = 4; name = cardwithuvcoords.obj; path = ../../resources/cardwithuvcoords.obj; sourceTree = "<group>"; };
		EC18FF4129E3DC8B00ED785C /* blob1.png */ = {isa = PBXFileReference; explicitFileType = compiled; name = blob1.png; path = ../../resources/blob1.png; sourceTree = "<group>"; };
		EC18FF4429E3DD8900ED785C /* blob2.png */ = {isa = PBXFileReference; explicitFileType = compiled; name = blob2.png; path = ../../resources/blob2.png; sourceTree = "<group>"; };
		EC18FF4529E3DD8900ED785C /* blob3.png */ = {isa = PBXFileReference; explicitFileType = compiled; name = blob3.png; path = ../../resources/blob3.png; sourceTree = "<group>"; };
		EC1BD95B297B5DBD00A9BA54 /* clientlogic_macro_settings.h */ = {isa = PBXFileReference; lastKnownFileType = sourcecode.c.h; name = clientlogic_macro_settings.h; path = ../../sampleproject_src/clientlogic_macro_settings.h; sourceTree = "<group>"; };
		EC31932229DFAAFB00E320CD /* particle.h */ = {isa = PBXFileReference; fileEncoding = 4; lastKnownFileType = sourcecode.c.h; name = particle.h; path = ../../engine_src/shared/particle.h; sourceTree = "<group>"; };
		EC31932329DFAAFB00E320CD /* particle.c */ = {isa = PBXFileReference; fileEncoding = 4; lastKnownFileType = sourcecode.c.c; name = particle.c; path = ../../engine_src/shared/particle.c; sourceTree = "<group>"; };
		EC64419E29318B6D00A0267B /* AppDelegate.h */ = {isa = PBXFileReference; fileEncoding = 4; lastKnownFileType = sourcecode.c.h; name = AppDelegate.h; path = ../../engine_src/ios/AppDelegate.h; sourceTree = "<group>"; };
		EC64419F29318B6D00A0267B /* main.m */ = {isa = PBXFileReference; fileEncoding = 4; lastKnownFileType = sourcecode.c.objc; name = main.m; path = ../../engine_src/ios/main.m; sourceTree = "<group>"; };
		EC6441A029318B6D00A0267B /* AppDelegate.m */ = {isa = PBXFileReference; fileEncoding = 4; lastKnownFileType = sourcecode.c.objc; name = AppDelegate.m; path = ../../engine_src/ios/AppDelegate.m; sourceTree = "<group>"; };
		EC6441A129318B6D00A0267B /* ios_platform_layer.c */ = {isa = PBXFileReference; explicitFileType = sourcecode.c.objc; fileEncoding = 4; name = ios_platform_layer.c; path = ../../engine_src/ios/ios_platform_layer.c; sourceTree = "<group>"; };
		EC6441A229318B6D00A0267B /* ViewController.h */ = {isa = PBXFileReference; fileEncoding = 4; lastKnownFileType = sourcecode.c.h; name = ViewController.h; path = ../../engine_src/ios/ViewController.h; sourceTree = "<group>"; };
		EC6441A329318B6D00A0267B /* ViewController.m */ = {isa = PBXFileReference; fileEncoding = 4; lastKnownFileType = sourcecode.c.objc; name = ViewController.m; path = ../../engine_src/ios/ViewController.m; sourceTree = "<group>"; };
		EC6B1F48293C9FD900837369 /* UIKit.framework */ = {isa = PBXFileReference; lastKnownFileType = wrapper.framework; name = UIKit.framework; path = Platforms/iPhoneOS.platform/Developer/SDKs/iPhoneOS16.1.sdk/System/Library/Frameworks/UIKit.framework; sourceTree = DEVELOPER_DIR; };
		EC6B1F4A293CA04800837369 /* Foundation.framework */ = {isa = PBXFileReference; lastKnownFileType = wrapper.framework; name = Foundation.framework; path = Platforms/iPhoneOS.platform/Developer/SDKs/iPhoneOS16.1.sdk/System/Library/Frameworks/Foundation.framework; sourceTree = DEVELOPER_DIR; };
		EC6B1F4C293CA04F00837369 /* Metal.framework */ = {isa = PBXFileReference; lastKnownFileType = wrapper.framework; name = Metal.framework; path = Platforms/iPhoneOS.platform/Developer/SDKs/iPhoneOS16.1.sdk/System/Library/Frameworks/Metal.framework; sourceTree = DEVELOPER_DIR; };
		EC6B1F4E293CA05500837369 /* MetalKit.framework */ = {isa = PBXFileReference; lastKnownFileType = wrapper.framework; name = MetalKit.framework; path = Platforms/iPhoneOS.platform/Developer/SDKs/iPhoneOS16.1.sdk/System/Library/Frameworks/MetalKit.framework; sourceTree = DEVELOPER_DIR; };
		EC6B1F50293CA06200837369 /* AVFoundation.framework */ = {isa = PBXFileReference; lastKnownFileType = wrapper.framework; name = AVFoundation.framework; path = Platforms/iPhoneOS.platform/Developer/SDKs/iPhoneOS16.1.sdk/System/Library/Frameworks/AVFoundation.framework; sourceTree = DEVELOPER_DIR; };
		EC7B09D3293CAC8B000ED98E /* Main.storyboard */ = {isa = PBXFileReference; lastKnownFileType = file.storyboard; name = Main.storyboard; path = ../../resources/ios/Main.storyboard; sourceTree = "<group>"; };
		EC7B171A293A23E300C1D20C /* roundedborder.png */ = {isa = PBXFileReference; explicitFileType = compiled; name = roundedborder.png; path = ../../resources/roundedborder.png; sourceTree = "<group>"; };
		EC7C25242980B6A900DB7BC8 /* terminal.h */ = {isa = PBXFileReference; lastKnownFileType = sourcecode.c.h; name = terminal.h; path = ../../engine_src/shared/terminal.h; sourceTree = "<group>"; };
		EC7C25252980B6A900DB7BC8 /* terminal.c */ = {isa = PBXFileReference; lastKnownFileType = sourcecode.c.c; name = terminal.c; path = ../../engine_src/shared/terminal.c; sourceTree = "<group>"; };
		EC92FDAB2902917500C10865 /* decode_bmp.h */ = {isa = PBXFileReference; fileEncoding = 4; lastKnownFileType = sourcecode.c.h; name = decode_bmp.h; path = ../../engine_src/shared/debigulator/src/decode_bmp.h; sourceTree = "<group>"; };
		EC92FDAC2902917500C10865 /* decode_bmp.c */ = {isa = PBXFileReference; fileEncoding = 4; lastKnownFileType = sourcecode.c.c; name = decode_bmp.c; path = ../../engine_src/shared/debigulator/src/decode_bmp.c; sourceTree = "<group>"; };
		ECB05E46294F8AC200050BD4 /* simd.h */ = {isa = PBXFileReference; lastKnownFileType = sourcecode.c.h; name = simd.h; path = ../../engine_src/shared/simd.h; sourceTree = "<group>"; };
		ECB05E48294F8B1300050BD4 /* gpu.m */ = {isa = PBXFileReference; lastKnownFileType = sourcecode.c.objc; name = gpu.m; path = ../../engine_src/shared_apple/gpu.m; sourceTree = "<group>"; };
		ECB05E4A294F8B3500050BD4 /* main.m */ = {isa = PBXFileReference; lastKnownFileType = sourcecode.c.objc; name = main.m; path = ../../engine_src/macos/main.m; sourceTree = "<group>"; };
		ECB05E4C294F8FD300050BD4 /* key.obj */ = {isa = PBXFileReference; explicitFileType = compiled; name = key.obj; path = ../../resources/key.obj; sourceTree = "<group>"; };
		ECB2B71229E33C5800151F15 /* flame1.png */ = {isa = PBXFileReference; explicitFileType = compiled; name = flame1.png; path = ../../resources/flame1.png; sourceTree = "<group>"; };
		ECB2B71329E33C5800151F15 /* flame2.png */ = {isa = PBXFileReference; explicitFileType = compiled; name = flame2.png; path = ../../resources/flame2.png; sourceTree = "<group>"; };
		ECB2B71429E33C5800151F15 /* flame3.png */ = {isa = PBXFileReference; explicitFileType = compiled; name = flame3.png; path = ../../resources/flame3.png; sourceTree = "<group>"; };
		ECB2B71B29E362C100151F15 /* flame4.png */ = {isa = PBXFileReference; explicitFileType = compiled; name = flame4.png; path = ../../resources/flame4.png; sourceTree = "<group>"; };
		ECCB08A428DB6FD00038BBAC /* AVFoundation.framework */ = {isa = PBXFileReference; lastKnownFileType = wrapper.framework; name = AVFoundation.framework; path = System/Library/Frameworks/AVFoundation.framework; sourceTree = SDKROOT; };
/* End PBXFileReference section */

/* Begin PBXFrameworksBuildPhase section */
		6011281628611F5100F92967 /* Frameworks */ = {
			isa = PBXFrameworksBuildPhase;
			buildActionMask = 2147483647;
			files = (
				ECCB08A528DB6FD00038BBAC /* AVFoundation.framework in Frameworks */,
				601128A82862588900F92967 /* AppKit.framework in Frameworks */,
				601128A2286253FA00F92967 /* MetalKit.framework in Frameworks */,
				601128A3286253FA00F92967 /* Metal.framework in Frameworks */,
				601128452861239600F92967 /* Foundation.framework in Frameworks */,
			);
			runOnlyForDeploymentPostprocessing = 0;
		};
		60A998B1287BCF52003F7159 /* Frameworks */ = {
			isa = PBXFrameworksBuildPhase;
			buildActionMask = 2147483647;
			files = (
				EC6B1F51293CA06200837369 /* AVFoundation.framework in Frameworks */,
				EC6B1F4F293CA05500837369 /* MetalKit.framework in Frameworks */,
				EC6B1F4D293CA04F00837369 /* Metal.framework in Frameworks */,
				EC6B1F4B293CA04800837369 /* Foundation.framework in Frameworks */,
				EC6B1F49293C9FD900837369 /* UIKit.framework in Frameworks */,
			);
			runOnlyForDeploymentPostprocessing = 0;
		};
/* End PBXFrameworksBuildPhase section */

/* Begin PBXGroup section */
		601127DF28611D6500F92967 = {
			isa = PBXGroup;
			children = (
				601128B128625BC100F92967 /* resources */,
				601128A42862540400F92967 /* src */,
				6011281B28611F5100F92967 /* TOKONE_macos */,
				6011281A28611F5100F92967 /* Products */,
				601128432861239600F92967 /* Frameworks */,
			);
			sourceTree = "<group>";
		};
		6011281A28611F5100F92967 /* Products */ = {
			isa = PBXGroup;
			children = (
				6011281928611F5100F92967 /* TOKONE_macos.app */,
				60A998B4287BCF52003F7159 /* TOKONE_iphone.app */,
			);
			name = Products;
			sourceTree = "<group>";
		};
		6011281B28611F5100F92967 /* TOKONE_macos */ = {
			isa = PBXGroup;
			children = (
				6011282928611F7900F92967 /* TOKONE_macos.entitlements */,
			);
			path = TOKONE_macos;
			sourceTree = "<group>";
		};
		601128432861239600F92967 /* Frameworks */ = {
			isa = PBXGroup;
			children = (
				EC6B1F50293CA06200837369 /* AVFoundation.framework */,
				EC6B1F4E293CA05500837369 /* MetalKit.framework */,
				EC6B1F4C293CA04F00837369 /* Metal.framework */,
				EC6B1F4A293CA04800837369 /* Foundation.framework */,
				EC6B1F48293C9FD900837369 /* UIKit.framework */,
				ECCB08A428DB6FD00038BBAC /* AVFoundation.framework */,
				601128A72862588900F92967 /* AppKit.framework */,
				601128A1286253FA00F92967 /* Metal.framework */,
				601128A0286253FA00F92967 /* MetalKit.framework */,
				601128442861239600F92967 /* Foundation.framework */,
			);
			name = Frameworks;
			sourceTree = "<group>";
		};
		601128A42862540400F92967 /* src */ = {
			isa = PBXGroup;
			children = (
				EC6441A829318B7900A0267B /* iphone_only */,
				60A998DE287BD468003F7159 /* shared_macos_iphone */,
				60A998DD287BD459003F7159 /* macos_only */,
				60112895286253C100F92967 /* shaders.metal */,
			);
			name = src;
			sourceTree = "<group>";
		};
		601128B128625BC100F92967 /* resources */ = {
			isa = PBXGroup;
			children = (
				EC7B09D3293CAC8B000ED98E /* Main.storyboard */,
				ECB05E4C294F8FD300050BD4 /* key.obj */,
				6009FB632876A47100FC5A60 /* fontmetrics.dat */,
				601128AC28625BAF00F92967 /* font.png */,
				EC7B171A293A23E300C1D20C /* roundedborder.png */,
				ECB2B71229E33C5800151F15 /* flame1.png */,
				EC18FF4129E3DC8B00ED785C /* blob1.png */,
				ECB2B71329E33C5800151F15 /* flame2.png */,
				ECB2B71B29E362C100151F15 /* flame4.png */,
				ECB2B71429E33C5800151F15 /* flame3.png */,
				EC1412AE2938597400DA0D21 /* cardwithuvcoords.obj */,
				6080CC45286FFD1D00444118 /* phoebus.png */,
				EC18FF4429E3DD8900ED785C /* blob2.png */,
				EC18FF4529E3DD8900ED785C /* blob3.png */,
				601128A928625BAE00F92967 /* structuredart1.png */,
				601128AA28625BAE00F92967 /* structuredart2.png */,
				601128AB28625BAE00F92967 /* teapot.obj */,
			);
			name = resources;
			sourceTree = "<group>";
		};
		60A998DD287BD459003F7159 /* macos_only */ = {
			isa = PBXGroup;
			children = (
				ECB05E4A294F8B3500050BD4 /* main.m */,
				6011289C286253DD00F92967 /* macos_platform_layer.c */,
			);
			name = macos_only;
			sourceTree = "<group>";
		};
		60A998DE287BD468003F7159 /* shared_macos_iphone */ = {
			isa = PBXGroup;
			children = (
				60112896286253C100F92967 /* apple_platform_layer.c */,
				EC1BD95B297B5DBD00A9BA54 /* clientlogic_macro_settings.h */,
				601128702862511600F92967 /* clientlogic.c */,
				608802F1286DCBE700B81255 /* clientlogic.h */,
				601128722862511600F92967 /* common_platform_layer.c */,
				6011286F2862511600F92967 /* common.c */,
				6080CC472870182700444118 /* common.h */,
				6011287A2862511600F92967 /* cpu_gpu_shared_types.h */,
				601128762862511600F92967 /* cpu_to_gpu_types.h */,
				EC92FDAC2902917500C10865 /* decode_bmp.c */,
				EC92FDAB2902917500C10865 /* decode_bmp.h */,
				6011283D286122FE00F92967 /* decode_png.c */,
				6011283C286122FE00F92967 /* decode_png.h */,
				60A998D9287BD332003F7159 /* decodedimage.c */,
				60A998DA287BD333003F7159 /* decodedimage.h */,
				601128732862511600F92967 /* draw_triangle.c */,
				6011286D2862511500F92967 /* draw_triangle.h */,
				6064C0BF2892504A00E8B3AD /* gameloop.c */,
				6064C0BE2892504A00E8B3AD /* gameloop.h */,
				EC31932329DFAAFB00E320CD /* particle.c */,
				EC31932229DFAAFB00E320CD /* particle.h */,
				60112898286253C100F92967 /* gpu.h */,
				ECB05E48294F8B1300050BD4 /* gpu.m */,
				60112839286122FE00F92967 /* inflate.c */,
				6011283E286122FE00F92967 /* inflate.h */,
				6028DD2F2886EE35000E1E98 /* init_application.c */,
				6028DD302886EE36000E1E98 /* init_application.h */,
				601128782862511600F92967 /* lightsource.c */,
				601128712862511600F92967 /* lightsource.h */,
				6011287F2862511700F92967 /* logger.c */,
				601128752862511600F92967 /* logger.h */,
				6009B4F328679E7D00F1F279 /* memorystore.c */,
				6009B4F228679E7D00F1F279 /* memorystore.h */,
				601128832862511700F92967 /* platform_layer.h */,
				6011286C2862511500F92967 /* renderer.c */,
				6011287B2862511700F92967 /* renderer.h */,
				6011287D2862511700F92967 /* scheduled_animations.c */,
				6011286A2862511500F92967 /* scheduled_animations.h */,
				ECB05E46294F8AC200050BD4 /* simd.h */,
				EC7C25252980B6A900DB7BC8 /* terminal.c */,
				EC7C25242980B6A900DB7BC8 /* terminal.h */,
				601128742862511600F92967 /* text.c */,
				601128672862511500F92967 /* text.h */,
				601128662862511500F92967 /* texture_array.c */,
				601128682862511500F92967 /* texture_array.h */,
				601128772862511600F92967 /* tok_random.c */,
				601128802862511700F92967 /* tok_random.h */,
				601128692862511500F92967 /* userinput.c */,
				6011286B2862511500F92967 /* userinput.h */,
				6011286E2862511600F92967 /* window_size.c */,
				601128822862511700F92967 /* window_size.h */,
				6011287E2862511700F92967 /* zpolygon.c */,
				601128842862511700F92967 /* zpolygon.h */,
			);
			name = shared_macos_iphone;
			sourceTree = "<group>";
		};
		EC6441A829318B7900A0267B /* iphone_only */ = {
			isa = PBXGroup;
			children = (
				EC64419E29318B6D00A0267B /* AppDelegate.h */,
				EC6441A029318B6D00A0267B /* AppDelegate.m */,
				EC6441A129318B6D00A0267B /* ios_platform_layer.c */,
				EC64419F29318B6D00A0267B /* main.m */,
				EC6441A229318B6D00A0267B /* ViewController.h */,
				EC6441A329318B6D00A0267B /* ViewController.m */,
			);
			name = iphone_only;
			sourceTree = "<group>";
		};
/* End PBXGroup section */

/* Begin PBXNativeTarget section */
		6011281828611F5100F92967 /* TOKONE_macos */ = {
			isa = PBXNativeTarget;
			buildConfigurationList = 6011282A28611F7900F92967 /* Build configuration list for PBXNativeTarget "TOKONE_macos" */;
			buildPhases = (
				6011281528611F5100F92967 /* Sources */,
				6011281628611F5100F92967 /* Frameworks */,
				6011281728611F5100F92967 /* Resources */,
			);
			buildRules = (
			);
			dependencies = (
			);
			name = TOKONE_macos;
			productName = engine;
			productReference = 6011281928611F5100F92967 /* TOKONE_macos.app */;
			productType = "com.apple.product-type.application";
		};
		60A998B3287BCF52003F7159 /* TOKONE_iphone */ = {
			isa = PBXNativeTarget;
			buildConfigurationList = 60A998CA287BCF55003F7159 /* Build configuration list for PBXNativeTarget "TOKONE_iphone" */;
			buildPhases = (
				60A998B0287BCF52003F7159 /* Sources */,
				60A998B1287BCF52003F7159 /* Frameworks */,
				60A998B2287BCF52003F7159 /* Resources */,
			);
			buildRules = (
			);
			dependencies = (
			);
			name = TOKONE_iphone;
			productName = TOKONE_iphone;
			productReference = 60A998B4287BCF52003F7159 /* TOKONE_iphone.app */;
			productType = "com.apple.product-type.application";
		};
/* End PBXNativeTarget section */

/* Begin PBXProject section */
		601127E028611D6500F92967 /* Project object */ = {
			isa = PBXProject;
			attributes = {
				BuildIndependentTargetsInParallel = 1;
				LastUpgradeCheck = 1400;
				TargetAttributes = {
					6011281828611F5100F92967 = {
						CreatedOnToolsVersion = 13.2.1;
					};
					60A998B3287BCF52003F7159 = {
						CreatedOnToolsVersion = 13.2.1;
					};
				};
			};
			buildConfigurationList = 601127E328611D6500F92967 /* Build configuration list for PBXProject "TOK_ONE" */;
			compatibilityVersion = "Xcode 13.0";
			developmentRegion = en;
			hasScannedForEncodings = 0;
			knownRegions = (
				en,
				Base,
			);
			mainGroup = 601127DF28611D6500F92967;
			productRefGroup = 6011281A28611F5100F92967 /* Products */;
			projectDirPath = "";
			projectRoot = "";
			targets = (
				6011281828611F5100F92967 /* TOKONE_macos */,
				60A998B3287BCF52003F7159 /* TOKONE_iphone */,
			);
		};
/* End PBXProject section */

/* Begin PBXResourcesBuildPhase section */
		6011281728611F5100F92967 /* Resources */ = {
			isa = PBXResourcesBuildPhase;
			buildActionMask = 2147483647;
			files = (
				ECB05E4D294F8FD400050BD4 /* key.obj in Resources */,
				ECB2B71929E33C5900151F15 /* flame3.png in Resources */,
				EC1412B12938597400DA0D21 /* cardwithuvcoords.obj in Resources */,
				6009FB642876A47100FC5A60 /* fontmetrics.dat in Resources */,
				6080CC46286FFD1E00444118 /* phoebus.png in Resources */,
				EC7B171B293A23E400C1D20C /* roundedborder.png in Resources */,
				EC18FF4229E3DC8B00ED785C /* blob1.png in Resources */,
				601128AD28625BAF00F92967 /* structuredart1.png in Resources */,
				EC18FF4629E3DD8900ED785C /* blob2.png in Resources */,
				601128AE28625BAF00F92967 /* structuredart2.png in Resources */,
				ECB2B71C29E362C100151F15 /* flame4.png in Resources */,
				601128B028625BAF00F92967 /* font.png in Resources */,
				601128AF28625BAF00F92967 /* teapot.obj in Resources */,
				ECB2B71529E33C5900151F15 /* flame1.png in Resources */,
				EC18FF4829E3DD8900ED785C /* blob3.png in Resources */,
				ECB2B71729E33C5900151F15 /* flame2.png in Resources */,
			);
			runOnlyForDeploymentPostprocessing = 0;
		};
		60A998B2287BCF52003F7159 /* Resources */ = {
			isa = PBXResourcesBuildPhase;
			buildActionMask = 2147483647;
			files = (
				EC7B09D4293CAC8B000ED98E /* Main.storyboard in Resources */,
				ECB2B71A29E33C5900151F15 /* flame3.png in Resources */,
				EC1412B22938597400DA0D21 /* cardwithuvcoords.obj in Resources */,
				60A99921287BDF31003F7159 /* fontmetrics.dat in Resources */,
				60A99924287BDF31003F7159 /* phoebus.png in Resources */,
				EC18FF4329E3DC8B00ED785C /* blob1.png in Resources */,
				ECB2B71629E33C5900151F15 /* flame1.png in Resources */,
				ECB2B71D29E362C100151F15 /* flame4.png in Resources */,
				EC7B171C293A23E400C1D20C /* roundedborder.png in Resources */,
				ECB05E4F2950868E00050BD4 /* key.obj in Resources */,
				60A9991F287BDF31003F7159 /* font.png in Resources */,
				ECB2B71829E33C5900151F15 /* flame2.png in Resources */,
				60A99923287BDF31003F7159 /* teapot.obj in Resources */,
				EC18FF4729E3DD8900ED785C /* blob2.png in Resources */,
				EC18FF4929E3DD8900ED785C /* blob3.png in Resources */,
				60A99920287BDF31003F7159 /* structuredart1.png in Resources */,
				60A99922287BDF31003F7159 /* structuredart2.png in Resources */,
			);
			runOnlyForDeploymentPostprocessing = 0;
		};
/* End PBXResourcesBuildPhase section */

/* Begin PBXSourcesBuildPhase section */
		6011281528611F5100F92967 /* Sources */ = {
			isa = PBXSourcesBuildPhase;
			buildActionMask = 2147483647;
			files = (
				EC7C25262980B6AA00DB7BC8 /* terminal.h in Sources */,
				EC7C25272980B6AA00DB7BC8 /* terminal.c in Sources */,
				EC1BD95C297B5DBE00A9BA54 /* clientlogic_macro_settings.h in Sources */,
				ECB05E4B294F8B3500050BD4 /* main.m in Sources */,
				ECB05E49294F8B1300050BD4 /* gpu.m in Sources */,
				ECB05E47294F8AC300050BD4 /* simd.h in Sources */,
				6064C0C02892504A00E8B3AD /* gameloop.h in Sources */,
				6064C0C12892504A00E8B3AD /* gameloop.c in Sources */,
				6028DD312886EE36000E1E98 /* init_application.c in Sources */,
				6028DD322886EE36000E1E98 /* init_application.h in Sources */,
				601128892862511800F92967 /* common.c in Sources */,
				EC92FDAD2902917500C10865 /* decode_bmp.c in Sources */,
				60A998E5287BD4AA003F7159 /* platform_layer.h in Sources */,
				60A998DB287BD333003F7159 /* decodedimage.c in Sources */,
				60A998E9287BD4B7003F7159 /* texture_array.h in Sources */,
				EC31932429DFAAFB00E320CD /* particle.c in Sources */,
				60A998DC287BD333003F7159 /* decodedimage.h in Sources */,
				6080CC492870182700444118 /* common.h in Sources */,
				60A998DF287BD494003F7159 /* inflate.h in Sources */,
				608802F2286DCBE700B81255 /* clientlogic.h in Sources */,
				60A998EC287BD4B7003F7159 /* window_size.h in Sources */,
				60A998E8287BD4B7003F7159 /* userinput.h in Sources */,
				60A998EB287BD4B7003F7159 /* cpu_gpu_shared_types.h in Sources */,
				6009B4F428679E7D00F1F279 /* memorystore.h in Sources */,
				6009B4F528679E7D00F1F279 /* memorystore.c in Sources */,
				60A998E0287BD494003F7159 /* draw_triangle.h in Sources */,
				60112842286122FE00F92967 /* decode_png.c in Sources */,
				6011289A286253C100F92967 /* apple_platform_layer.c in Sources */,
				60A998EA287BD4B7003F7159 /* text.h in Sources */,
				601128922862511800F92967 /* scheduled_animations.c in Sources */,
				60A998E6287BD4AA003F7159 /* scheduled_animations.h in Sources */,
				6011288E2862511800F92967 /* tok_random.c in Sources */,
				6011289E286253DD00F92967 /* macos_platform_layer.c in Sources */,
				60A998F0287BD4B7003F7159 /* cpu_to_gpu_types.h in Sources */,
				60A998E1287BD494003F7159 /* decode_png.h in Sources */,
				60A998E4287BD494003F7159 /* gpu.h in Sources */,
				6011288A2862511800F92967 /* clientlogic.c in Sources */,
				601128942862511800F92967 /* logger.c in Sources */,
				60A998E3287BD494003F7159 /* logger.h in Sources */,
				6011283F286122FE00F92967 /* inflate.c in Sources */,
				601128862862511700F92967 /* userinput.c in Sources */,
				601128882862511800F92967 /* window_size.c in Sources */,
				601128932862511800F92967 /* zpolygon.c in Sources */,
				6011288C2862511800F92967 /* draw_triangle.c in Sources */,
				6011288D2862511800F92967 /* text.c in Sources */,
				601128852862511700F92967 /* texture_array.c in Sources */,
				60A998E2287BD494003F7159 /* lightsource.h in Sources */,
				60112899286253C100F92967 /* shaders.metal in Sources */,
				601128872862511700F92967 /* renderer.c in Sources */,
				60A998ED287BD4B7003F7159 /* zpolygon.h in Sources */,
				60A998EF287BD4B7003F7159 /* renderer.h in Sources */,
				6011288B2862511800F92967 /* common_platform_layer.c in Sources */,
				60A998EE287BD4B7003F7159 /* tok_random.h in Sources */,
				6011288F2862511800F92967 /* lightsource.c in Sources */,
			);
			runOnlyForDeploymentPostprocessing = 0;
		};
		60A998B0287BCF52003F7159 /* Sources */ = {
			isa = PBXSourcesBuildPhase;
			buildActionMask = 2147483647;
			files = (
				ECB05E4E2950864000050BD4 /* gpu.m in Sources */,
				60A99919287BD4C4003F7159 /* memorystore.h in Sources */,
				60A998FE287BD4C3003F7159 /* memorystore.c in Sources */,
				60A99900287BD4C3003F7159 /* cpu_to_gpu_types.h in Sources */,
				60A998FB287BD4C3003F7159 /* lightsource.h in Sources */,
				60A99916287BD4C4003F7159 /* scheduled_animations.c in Sources */,
				60A99908287BD4C3003F7159 /* tok_random.h in Sources */,
				60A9990F287BD4C4003F7159 /* text.c in Sources */,
				60A9991A287BD4C4003F7159 /* window_size.c in Sources */,
				EC31932529DFAAFB00E320CD /* particle.c in Sources */,
				60A9990A287BD4C3003F7159 /* zpolygon.h in Sources */,
				EC6441A629318B6D00A0267B /* ios_platform_layer.c in Sources */,
				60A998F8287BD4C3003F7159 /* common.h in Sources */,
				60A9990D287BD4C3003F7159 /* gpu.h in Sources */,
				60A99905287BD4C3003F7159 /* window_size.h in Sources */,
				60A99917287BD4C4003F7159 /* lightsource.c in Sources */,
				60A99901287BD4C3003F7159 /* text.h in Sources */,
				60A9991C287BD4C4003F7159 /* inflate.c in Sources */,
				60A9991D287BD4C4003F7159 /* common.c in Sources */,
				60A99904287BD4C3003F7159 /* tok_random.c in Sources */,
				60A99915287BD4C4003F7159 /* cpu_gpu_shared_types.h in Sources */,
				EC6441A529318B6D00A0267B /* AppDelegate.m in Sources */,
				60A99918287BD4C4003F7159 /* clientlogic.h in Sources */,
				60A99909287BD4C3003F7159 /* platform_layer.h in Sources */,
				60A998F4287BD4C3003F7159 /* apple_platform_layer.c in Sources */,
				6028DD342886EE54000E1E98 /* init_application.c in Sources */,
				60A99903287BD4C3003F7159 /* userinput.c in Sources */,
				60A998F3287BD4C3003F7159 /* draw_triangle.c in Sources */,
				60A9990B287BD4C3003F7159 /* decodedimage.h in Sources */,
				EC92FDAE2902917500C10865 /* decode_bmp.c in Sources */,
				60A99910287BD4C4003F7159 /* texture_array.c in Sources */,
				6064C0C22892505000E8B3AD /* gameloop.c in Sources */,
				60A9991E287BD4D6003F7159 /* shaders.metal in Sources */,
				EC6441A729318B6D00A0267B /* ViewController.m in Sources */,
				60A99907287BD4C3003F7159 /* clientlogic.c in Sources */,
				60A99902287BD4C3003F7159 /* decode_png.h in Sources */,
				60A998F7287BD4C3003F7159 /* logger.c in Sources */,
				60A998F6287BD4C3003F7159 /* common_platform_layer.c in Sources */,
				60A99912287BD4C4003F7159 /* userinput.h in Sources */,
				60A998FD287BD4C3003F7159 /* decodedimage.c in Sources */,
				60A998F5287BD4C3003F7159 /* texture_array.h in Sources */,
				60A99911287BD4C4003F7159 /* zpolygon.c in Sources */,
				60A9990C287BD4C3003F7159 /* decode_png.c in Sources */,
				60A99913287BD4C4003F7159 /* inflate.h in Sources */,
				6028DD332886EE54000E1E98 /* init_application.h in Sources */,
				60A9990E287BD4C3003F7159 /* scheduled_animations.h in Sources */,
				EC6441A429318B6D00A0267B /* main.m in Sources */,
				60A998FA287BD4C3003F7159 /* renderer.c in Sources */,
				60A9991B287BD4C4003F7159 /* draw_triangle.h in Sources */,
				60A998F1287BD4C3003F7159 /* logger.h in Sources */,
				60A998F2287BD4C3003F7159 /* renderer.h in Sources */,
			);
			runOnlyForDeploymentPostprocessing = 0;
		};
/* End PBXSourcesBuildPhase section */

/* Begin XCBuildConfiguration section */
		601127E428611D6500F92967 /* Debug */ = {
			isa = XCBuildConfiguration;
			buildSettings = {
				CLANG_WARN_BLOCK_CAPTURE_AUTORELEASING = YES;
				CLANG_WARN_BOOL_CONVERSION = YES;
				CLANG_WARN_COMMA = YES;
				CLANG_WARN_CONSTANT_CONVERSION = YES;
				CLANG_WARN_DEPRECATED_OBJC_IMPLEMENTATIONS = YES;
				CLANG_WARN_EMPTY_BODY = YES;
				CLANG_WARN_ENUM_CONVERSION = YES;
				CLANG_WARN_INFINITE_RECURSION = YES;
				CLANG_WARN_INT_CONVERSION = YES;
				CLANG_WARN_NON_LITERAL_NULL_CONVERSION = YES;
				CLANG_WARN_OBJC_IMPLICIT_RETAIN_SELF = YES;
				CLANG_WARN_OBJC_LITERAL_CONVERSION = YES;
				CLANG_WARN_QUOTED_INCLUDE_IN_FRAMEWORK_HEADER = YES;
				CLANG_WARN_RANGE_LOOP_ANALYSIS = YES;
				CLANG_WARN_STRICT_PROTOTYPES = YES;
				CLANG_WARN_SUSPICIOUS_MOVE = YES;
				CLANG_WARN_UNREACHABLE_CODE = YES;
				CLANG_WARN__DUPLICATE_METHOD_MATCH = YES;
				DEAD_CODE_STRIPPING = NO;
				DEVELOPMENT_TEAM = 69FRAQZ2YR;
				ENABLE_STRICT_OBJC_MSGSEND = YES;
				ENABLE_TESTABILITY = YES;
				GCC_C_LANGUAGE_STANDARD = c99;
				GCC_NO_COMMON_BLOCKS = YES;
				GCC_WARN_64_TO_32_BIT_CONVERSION = YES;
				GCC_WARN_ABOUT_RETURN_TYPE = YES;
				GCC_WARN_UNDECLARED_SELECTOR = YES;
				GCC_WARN_UNINITIALIZED_AUTOS = YES;
				GCC_WARN_UNUSED_FUNCTION = YES;
				GCC_WARN_UNUSED_VARIABLE = YES;
				HEADER_SEARCH_PATHS = (
					"../../engine_src/**",
					"../../client_src/**",
					"../../sampleproject_src/**",
				);
				IPHONEOS_DEPLOYMENT_TARGET = 11.0;
				MACOSX_DEPLOYMENT_TARGET = 10.13;
				MTL_LANGUAGE_REVISION = Metal20;
				ONLY_ACTIVE_ARCH = YES;
				STRIP_INSTALLED_PRODUCT = NO;
			};
			name = Debug;
		};
		601127E528611D6500F92967 /* Release */ = {
			isa = XCBuildConfiguration;
			buildSettings = {
				CLANG_WARN_BLOCK_CAPTURE_AUTORELEASING = YES;
				CLANG_WARN_BOOL_CONVERSION = YES;
				CLANG_WARN_COMMA = YES;
				CLANG_WARN_CONSTANT_CONVERSION = YES;
				CLANG_WARN_DEPRECATED_OBJC_IMPLEMENTATIONS = YES;
				CLANG_WARN_EMPTY_BODY = YES;
				CLANG_WARN_ENUM_CONVERSION = YES;
				CLANG_WARN_INFINITE_RECURSION = YES;
				CLANG_WARN_INT_CONVERSION = YES;
				CLANG_WARN_NON_LITERAL_NULL_CONVERSION = YES;
				CLANG_WARN_OBJC_IMPLICIT_RETAIN_SELF = YES;
				CLANG_WARN_OBJC_LITERAL_CONVERSION = YES;
				CLANG_WARN_QUOTED_INCLUDE_IN_FRAMEWORK_HEADER = YES;
				CLANG_WARN_RANGE_LOOP_ANALYSIS = YES;
				CLANG_WARN_STRICT_PROTOTYPES = YES;
				CLANG_WARN_SUSPICIOUS_MOVE = YES;
				CLANG_WARN_UNREACHABLE_CODE = YES;
				CLANG_WARN__DUPLICATE_METHOD_MATCH = YES;
				DEAD_CODE_STRIPPING = NO;
				DEVELOPMENT_TEAM = 69FRAQZ2YR;
				ENABLE_STRICT_OBJC_MSGSEND = YES;
				GCC_C_LANGUAGE_STANDARD = c99;
				GCC_NO_COMMON_BLOCKS = YES;
				GCC_WARN_64_TO_32_BIT_CONVERSION = YES;
				GCC_WARN_ABOUT_RETURN_TYPE = YES;
				GCC_WARN_UNDECLARED_SELECTOR = YES;
				GCC_WARN_UNINITIALIZED_AUTOS = YES;
				GCC_WARN_UNUSED_FUNCTION = YES;
				GCC_WARN_UNUSED_VARIABLE = YES;
				HEADER_SEARCH_PATHS = (
					"../../sampleproject_src/**",
					"../../client_src/**",
					"../../engine_src/**",
				);
				IPHONEOS_DEPLOYMENT_TARGET = 11.0;
				MACOSX_DEPLOYMENT_TARGET = 10.13;
				MTL_LANGUAGE_REVISION = Metal20;
				STRIP_INSTALLED_PRODUCT = NO;
			};
			name = Release;
		};
		6011282B28611F7900F92967 /* Debug */ = {
			isa = XCBuildConfiguration;
			buildSettings = {
				ALWAYS_SEARCH_USER_PATHS = NO;
				ASSETCATALOG_COMPILER_APPICON_NAME = AppIcon;
				ASSETCATALOG_COMPILER_GLOBAL_ACCENT_COLOR_NAME = AccentColor;
				CLANG_ANALYZER_NONNULL = YES;
				CLANG_ANALYZER_NUMBER_OBJECT_CONVERSION = YES_AGGRESSIVE;
				CLANG_CXX_LANGUAGE_STANDARD = "gnu++17";
				CLANG_CXX_LIBRARY = "libc++";
				CLANG_ENABLE_MODULES = YES;
				CLANG_ENABLE_OBJC_ARC = YES;
				CLANG_ENABLE_OBJC_WEAK = YES;
				CLANG_WARN_BLOCK_CAPTURE_AUTORELEASING = YES;
				CLANG_WARN_BOOL_CONVERSION = YES;
				CLANG_WARN_COMMA = YES;
				CLANG_WARN_CONSTANT_CONVERSION = YES;
				CLANG_WARN_DEPRECATED_OBJC_IMPLEMENTATIONS = YES;
				CLANG_WARN_DIRECT_OBJC_ISA_USAGE = YES_ERROR;
				CLANG_WARN_DOCUMENTATION_COMMENTS = YES;
				CLANG_WARN_EMPTY_BODY = YES;
				CLANG_WARN_ENUM_CONVERSION = YES;
				CLANG_WARN_INFINITE_RECURSION = YES;
				CLANG_WARN_INT_CONVERSION = YES;
				CLANG_WARN_NON_LITERAL_NULL_CONVERSION = YES;
				CLANG_WARN_OBJC_IMPLICIT_RETAIN_SELF = YES;
				CLANG_WARN_OBJC_LITERAL_CONVERSION = YES;
				CLANG_WARN_OBJC_ROOT_CLASS = YES_ERROR;
				CLANG_WARN_QUOTED_INCLUDE_IN_FRAMEWORK_HEADER = YES;
				CLANG_WARN_RANGE_LOOP_ANALYSIS = YES;
				CLANG_WARN_STRICT_PROTOTYPES = YES;
				CLANG_WARN_SUSPICIOUS_MOVE = YES;
				CLANG_WARN_UNGUARDED_AVAILABILITY = YES_AGGRESSIVE;
				CLANG_WARN_UNREACHABLE_CODE = YES;
				CLANG_WARN__DUPLICATE_METHOD_MATCH = YES;
				CLANG_X86_VECTOR_INSTRUCTIONS = avx;
				CODE_SIGN_ENTITLEMENTS = TOKONE_macos/TOKONE_macos.entitlements;
				CODE_SIGN_IDENTITY = "-";
				CODE_SIGN_STYLE = Automatic;
				COMBINE_HIDPI_IMAGES = YES;
				COPY_PHASE_STRIP = NO;
				CURRENT_PROJECT_VERSION = 1;
				DEAD_CODE_STRIPPING = YES;
				DEBUG_INFORMATION_FORMAT = dwarf;
				DEVELOPMENT_TEAM = 69FRAQZ2YR;
				ENABLE_HARDENED_RUNTIME = YES;
				ENABLE_STRICT_OBJC_MSGSEND = YES;
				ENABLE_TESTABILITY = YES;
				GCC_C_LANGUAGE_STANDARD = gnu11;
				GCC_DYNAMIC_NO_PIC = NO;
				GCC_NO_COMMON_BLOCKS = YES;
				GCC_OPTIMIZATION_LEVEL = 0;
				GCC_PREPROCESSOR_DEFINITIONS = (
					"DEBUG=1",
					"$(inherited)",
				);
				GCC_WARN_64_TO_32_BIT_CONVERSION = YES;
				GCC_WARN_ABOUT_RETURN_TYPE = YES_ERROR;
				GCC_WARN_UNDECLARED_SELECTOR = YES;
				GCC_WARN_UNINITIALIZED_AUTOS = YES_AGGRESSIVE;
				GCC_WARN_UNUSED_FUNCTION = YES;
				GCC_WARN_UNUSED_VARIABLE = YES;
				GENERATE_INFOPLIST_FILE = YES;
				INFOPLIST_KEY_NSHumanReadableCopyright = "";
				INFOPLIST_KEY_NSMainStoryboardFile = "";
				INFOPLIST_KEY_NSPrincipalClass = NSApplication;
				LD_RUNPATH_SEARCH_PATHS = (
					"$(inherited)",
					"@executable_path/../Frameworks",
				);
				MACOSX_DEPLOYMENT_TARGET = 11.6;
				MARKETING_VERSION = 1.0;
				MTL_ENABLE_DEBUG_INFO = INCLUDE_SOURCE;
				MTL_FAST_MATH = YES;
				ONLY_ACTIVE_ARCH = YES;
				OTHER_CFLAGS = "";
				PRODUCT_BUNDLE_IDENTIFIER = com.TOK.engine;
				PRODUCT_NAME = "$(TARGET_NAME)";
				SDKROOT = macosx;
				SWIFT_EMIT_LOC_STRINGS = YES;
			};
			name = Debug;
		};
		6011282C28611F7900F92967 /* Release */ = {
			isa = XCBuildConfiguration;
			buildSettings = {
				ALWAYS_SEARCH_USER_PATHS = NO;
				ASSETCATALOG_COMPILER_APPICON_NAME = AppIcon;
				ASSETCATALOG_COMPILER_GLOBAL_ACCENT_COLOR_NAME = AccentColor;
				CLANG_ANALYZER_NONNULL = YES;
				CLANG_ANALYZER_NUMBER_OBJECT_CONVERSION = YES_AGGRESSIVE;
				CLANG_CXX_LANGUAGE_STANDARD = "gnu++17";
				CLANG_CXX_LIBRARY = "libc++";
				CLANG_ENABLE_MODULES = YES;
				CLANG_ENABLE_OBJC_ARC = YES;
				CLANG_ENABLE_OBJC_WEAK = YES;
				CLANG_WARN_BLOCK_CAPTURE_AUTORELEASING = YES;
				CLANG_WARN_BOOL_CONVERSION = YES;
				CLANG_WARN_COMMA = YES;
				CLANG_WARN_CONSTANT_CONVERSION = YES;
				CLANG_WARN_DEPRECATED_OBJC_IMPLEMENTATIONS = YES;
				CLANG_WARN_DIRECT_OBJC_ISA_USAGE = YES_ERROR;
				CLANG_WARN_DOCUMENTATION_COMMENTS = YES;
				CLANG_WARN_EMPTY_BODY = YES;
				CLANG_WARN_ENUM_CONVERSION = YES;
				CLANG_WARN_INFINITE_RECURSION = YES;
				CLANG_WARN_INT_CONVERSION = YES;
				CLANG_WARN_NON_LITERAL_NULL_CONVERSION = YES;
				CLANG_WARN_OBJC_IMPLICIT_RETAIN_SELF = YES;
				CLANG_WARN_OBJC_LITERAL_CONVERSION = YES;
				CLANG_WARN_OBJC_ROOT_CLASS = YES_ERROR;
				CLANG_WARN_QUOTED_INCLUDE_IN_FRAMEWORK_HEADER = YES;
				CLANG_WARN_RANGE_LOOP_ANALYSIS = YES;
				CLANG_WARN_STRICT_PROTOTYPES = YES;
				CLANG_WARN_SUSPICIOUS_MOVE = YES;
				CLANG_WARN_UNGUARDED_AVAILABILITY = YES_AGGRESSIVE;
				CLANG_WARN_UNREACHABLE_CODE = YES;
				CLANG_WARN__DUPLICATE_METHOD_MATCH = YES;
				CLANG_X86_VECTOR_INSTRUCTIONS = avx;
				CODE_SIGN_ENTITLEMENTS = TOKONE_macos/TOKONE_macos.entitlements;
				CODE_SIGN_IDENTITY = "-";
				CODE_SIGN_STYLE = Automatic;
				COMBINE_HIDPI_IMAGES = YES;
				COPY_PHASE_STRIP = NO;
				CURRENT_PROJECT_VERSION = 1;
				DEAD_CODE_STRIPPING = YES;
				DEBUG_INFORMATION_FORMAT = "dwarf-with-dsym";
				DEVELOPMENT_TEAM = 69FRAQZ2YR;
				ENABLE_HARDENED_RUNTIME = YES;
				ENABLE_NS_ASSERTIONS = NO;
				ENABLE_STRICT_OBJC_MSGSEND = YES;
				GCC_C_LANGUAGE_STANDARD = gnu11;
				GCC_NO_COMMON_BLOCKS = YES;
				GCC_WARN_64_TO_32_BIT_CONVERSION = YES;
				GCC_WARN_ABOUT_RETURN_TYPE = YES_ERROR;
				GCC_WARN_UNDECLARED_SELECTOR = YES;
				GCC_WARN_UNINITIALIZED_AUTOS = YES_AGGRESSIVE;
				GCC_WARN_UNUSED_FUNCTION = YES;
				GCC_WARN_UNUSED_VARIABLE = YES;
				GENERATE_INFOPLIST_FILE = YES;
				INFOPLIST_KEY_NSHumanReadableCopyright = "";
				INFOPLIST_KEY_NSMainStoryboardFile = "";
				INFOPLIST_KEY_NSPrincipalClass = NSApplication;
				LD_RUNPATH_SEARCH_PATHS = (
					"$(inherited)",
					"@executable_path/../Frameworks",
				);
				MACOSX_DEPLOYMENT_TARGET = 11.6;
				MARKETING_VERSION = 1.0;
				MTL_ENABLE_DEBUG_INFO = NO;
				MTL_FAST_MATH = YES;
				OTHER_CFLAGS = "";
				PRODUCT_BUNDLE_IDENTIFIER = com.TOK.engine;
				PRODUCT_NAME = "$(TARGET_NAME)";
				SDKROOT = macosx;
				SWIFT_EMIT_LOC_STRINGS = YES;
			};
			name = Release;
		};
		60A998CB287BCF55003F7159 /* Debug */ = {
			isa = XCBuildConfiguration;
			buildSettings = {
				ALWAYS_SEARCH_USER_PATHS = NO;
				ASSETCATALOG_COMPILER_APPICON_NAME = AppIcon;
				ASSETCATALOG_COMPILER_GLOBAL_ACCENT_COLOR_NAME = AccentColor;
				CLANG_ANALYZER_NONNULL = YES;
				CLANG_ANALYZER_NUMBER_OBJECT_CONVERSION = YES_AGGRESSIVE;
				CLANG_CXX_LANGUAGE_STANDARD = "gnu++17";
				CLANG_CXX_LIBRARY = "libc++";
				CLANG_ENABLE_MODULES = YES;
				CLANG_ENABLE_OBJC_ARC = YES;
				CLANG_ENABLE_OBJC_WEAK = YES;
				CLANG_WARN_BLOCK_CAPTURE_AUTORELEASING = YES;
				CLANG_WARN_BOOL_CONVERSION = YES;
				CLANG_WARN_COMMA = YES;
				CLANG_WARN_CONSTANT_CONVERSION = YES;
				CLANG_WARN_DEPRECATED_OBJC_IMPLEMENTATIONS = YES;
				CLANG_WARN_DIRECT_OBJC_ISA_USAGE = YES_ERROR;
				CLANG_WARN_DOCUMENTATION_COMMENTS = YES;
				CLANG_WARN_EMPTY_BODY = YES;
				CLANG_WARN_ENUM_CONVERSION = YES;
				CLANG_WARN_INFINITE_RECURSION = YES;
				CLANG_WARN_INT_CONVERSION = YES;
				CLANG_WARN_NON_LITERAL_NULL_CONVERSION = YES;
				CLANG_WARN_OBJC_IMPLICIT_RETAIN_SELF = YES;
				CLANG_WARN_OBJC_LITERAL_CONVERSION = YES;
				CLANG_WARN_OBJC_ROOT_CLASS = YES_ERROR;
				CLANG_WARN_QUOTED_INCLUDE_IN_FRAMEWORK_HEADER = YES;
				CLANG_WARN_RANGE_LOOP_ANALYSIS = YES;
				CLANG_WARN_STRICT_PROTOTYPES = YES;
				CLANG_WARN_SUSPICIOUS_MOVE = YES;
				CLANG_WARN_UNGUARDED_AVAILABILITY = YES_AGGRESSIVE;
				CLANG_WARN_UNREACHABLE_CODE = YES;
				CLANG_WARN__DUPLICATE_METHOD_MATCH = YES;
				CLANG_X86_VECTOR_INSTRUCTIONS = default;
				CODE_SIGN_STYLE = Automatic;
				COPY_PHASE_STRIP = NO;
				CREATE_INFOPLIST_SECTION_IN_BINARY = YES;
				CURRENT_PROJECT_VERSION = 1;
				DEBUG_INFORMATION_FORMAT = dwarf;
				DEVELOPMENT_TEAM = 69FRAQZ2YR;
				ENABLE_STRICT_OBJC_MSGSEND = YES;
				ENABLE_TESTABILITY = YES;
				GCC_C_LANGUAGE_STANDARD = c99;
				GCC_DYNAMIC_NO_PIC = NO;
				GCC_NO_COMMON_BLOCKS = YES;
				GCC_OPTIMIZATION_LEVEL = 0;
				GCC_PREPROCESSOR_DEFINITIONS = (
					"DEBUG=1",
					"$(inherited)",
				);
				GCC_WARN_64_TO_32_BIT_CONVERSION = YES;
				GCC_WARN_ABOUT_RETURN_TYPE = YES_ERROR;
				GCC_WARN_UNDECLARED_SELECTOR = YES;
				GCC_WARN_UNINITIALIZED_AUTOS = YES_AGGRESSIVE;
				GCC_WARN_UNUSED_FUNCTION = YES;
				GCC_WARN_UNUSED_VARIABLE = YES;
				GENERATE_INFOPLIST_FILE = YES;
				INFOPLIST_FILE = "";
				INFOPLIST_KEY_LSApplicationCategoryType = "public.app-category.card-games";
				INFOPLIST_KEY_UIApplicationSupportsIndirectInputEvents = YES;
				INFOPLIST_KEY_UILaunchStoryboardName = "";
				INFOPLIST_KEY_UIMainStoryboardFile = Main;
				INFOPLIST_KEY_UISupportedInterfaceOrientations_iPad = "UIInterfaceOrientationPortrait UIInterfaceOrientationPortraitUpsideDown UIInterfaceOrientationLandscapeLeft UIInterfaceOrientationLandscapeRight";
				INFOPLIST_KEY_UISupportedInterfaceOrientations_iPhone = "UIInterfaceOrientationPortrait UIInterfaceOrientationLandscapeLeft UIInterfaceOrientationLandscapeRight";
				IPHONEOS_DEPLOYMENT_TARGET = 15.2;
				LD_RUNPATH_SEARCH_PATHS = (
					"$(inherited)",
					"@executable_path/Frameworks",
				);
				MARKETING_VERSION = 1.0;
				MTL_ENABLE_DEBUG_INFO = INCLUDE_SOURCE;
				MTL_FAST_MATH = YES;
				ONLY_ACTIVE_ARCH = YES;
				OTHER_CFLAGS = "";
				PRODUCT_BUNDLE_IDENTIFIER = "com.TOK.TOKONE-iphone";
				PRODUCT_NAME = "$(TARGET_NAME)";
				SDKROOT = iphoneos;
				SWIFT_EMIT_LOC_STRINGS = YES;
				TARGETED_DEVICE_FAMILY = "1,2";
			};
			name = Debug;
		};
		60A998CC287BCF55003F7159 /* Release */ = {
			isa = XCBuildConfiguration;
			buildSettings = {
				ALWAYS_SEARCH_USER_PATHS = NO;
				ASSETCATALOG_COMPILER_APPICON_NAME = AppIcon;
				ASSETCATALOG_COMPILER_GLOBAL_ACCENT_COLOR_NAME = AccentColor;
				CLANG_ANALYZER_NONNULL = YES;
				CLANG_ANALYZER_NUMBER_OBJECT_CONVERSION = YES_AGGRESSIVE;
				CLANG_CXX_LANGUAGE_STANDARD = "gnu++17";
				CLANG_CXX_LIBRARY = "libc++";
				CLANG_ENABLE_MODULES = YES;
				CLANG_ENABLE_OBJC_ARC = YES;
				CLANG_ENABLE_OBJC_WEAK = YES;
				CLANG_WARN_BLOCK_CAPTURE_AUTORELEASING = YES;
				CLANG_WARN_BOOL_CONVERSION = YES;
				CLANG_WARN_COMMA = YES;
				CLANG_WARN_CONSTANT_CONVERSION = YES;
				CLANG_WARN_DEPRECATED_OBJC_IMPLEMENTATIONS = YES;
				CLANG_WARN_DIRECT_OBJC_ISA_USAGE = YES_ERROR;
				CLANG_WARN_DOCUMENTATION_COMMENTS = YES;
				CLANG_WARN_EMPTY_BODY = YES;
				CLANG_WARN_ENUM_CONVERSION = YES;
				CLANG_WARN_INFINITE_RECURSION = YES;
				CLANG_WARN_INT_CONVERSION = YES;
				CLANG_WARN_NON_LITERAL_NULL_CONVERSION = YES;
				CLANG_WARN_OBJC_IMPLICIT_RETAIN_SELF = YES;
				CLANG_WARN_OBJC_LITERAL_CONVERSION = YES;
				CLANG_WARN_OBJC_ROOT_CLASS = YES_ERROR;
				CLANG_WARN_QUOTED_INCLUDE_IN_FRAMEWORK_HEADER = YES;
				CLANG_WARN_RANGE_LOOP_ANALYSIS = YES;
				CLANG_WARN_STRICT_PROTOTYPES = YES;
				CLANG_WARN_SUSPICIOUS_MOVE = YES;
				CLANG_WARN_UNGUARDED_AVAILABILITY = YES_AGGRESSIVE;
				CLANG_WARN_UNREACHABLE_CODE = YES;
				CLANG_WARN__DUPLICATE_METHOD_MATCH = YES;
				CLANG_X86_VECTOR_INSTRUCTIONS = default;
				CODE_SIGN_STYLE = Automatic;
				COPY_PHASE_STRIP = NO;
				CREATE_INFOPLIST_SECTION_IN_BINARY = YES;
				CURRENT_PROJECT_VERSION = 1;
				DEBUG_INFORMATION_FORMAT = "dwarf-with-dsym";
				DEVELOPMENT_TEAM = 69FRAQZ2YR;
				ENABLE_NS_ASSERTIONS = NO;
				ENABLE_STRICT_OBJC_MSGSEND = YES;
				GCC_C_LANGUAGE_STANDARD = c99;
				GCC_NO_COMMON_BLOCKS = YES;
				GCC_WARN_64_TO_32_BIT_CONVERSION = YES;
				GCC_WARN_ABOUT_RETURN_TYPE = YES_ERROR;
				GCC_WARN_UNDECLARED_SELECTOR = YES;
				GCC_WARN_UNINITIALIZED_AUTOS = YES_AGGRESSIVE;
				GCC_WARN_UNUSED_FUNCTION = YES;
				GCC_WARN_UNUSED_VARIABLE = YES;
				GENERATE_INFOPLIST_FILE = YES;
				INFOPLIST_FILE = "";
				INFOPLIST_KEY_LSApplicationCategoryType = "public.app-category.card-games";
				INFOPLIST_KEY_UIApplicationSupportsIndirectInputEvents = YES;
				INFOPLIST_KEY_UILaunchStoryboardName = "";
				INFOPLIST_KEY_UIMainStoryboardFile = Main;
				INFOPLIST_KEY_UISupportedInterfaceOrientations_iPad = "UIInterfaceOrientationPortrait UIInterfaceOrientationPortraitUpsideDown UIInterfaceOrientationLandscapeLeft UIInterfaceOrientationLandscapeRight";
				INFOPLIST_KEY_UISupportedInterfaceOrientations_iPhone = "UIInterfaceOrientationPortrait UIInterfaceOrientationLandscapeLeft UIInterfaceOrientationLandscapeRight";
				IPHONEOS_DEPLOYMENT_TARGET = 15.2;
				LD_RUNPATH_SEARCH_PATHS = (
					"$(inherited)",
					"@executable_path/Frameworks",
				);
				MARKETING_VERSION = 1.0;
				MTL_ENABLE_DEBUG_INFO = NO;
				MTL_FAST_MATH = YES;
				OTHER_CFLAGS = "";
				PRODUCT_BUNDLE_IDENTIFIER = "com.TOK.TOKONE-iphone";
				PRODUCT_NAME = "$(TARGET_NAME)";
				SDKROOT = iphoneos;
				SWIFT_EMIT_LOC_STRINGS = YES;
				TARGETED_DEVICE_FAMILY = "1,2";
				VALIDATE_PRODUCT = YES;
			};
			name = Release;
		};
/* End XCBuildConfiguration section */

/* Begin XCConfigurationList section */
		601127E328611D6500F92967 /* Build configuration list for PBXProject "TOK_ONE" */ = {
			isa = XCConfigurationList;
			buildConfigurations = (
				601127E428611D6500F92967 /* Debug */,
				601127E528611D6500F92967 /* Release */,
			);
			defaultConfigurationIsVisible = 0;
			defaultConfigurationName = Release;
		};
		6011282A28611F7900F92967 /* Build configuration list for PBXNativeTarget "TOKONE_macos" */ = {
			isa = XCConfigurationList;
			buildConfigurations = (
				6011282B28611F7900F92967 /* Debug */,
				6011282C28611F7900F92967 /* Release */,
			);
			defaultConfigurationIsVisible = 0;
			defaultConfigurationName = Release;
		};
		60A998CA287BCF55003F7159 /* Build configuration list for PBXNativeTarget "TOKONE_iphone" */ = {
			isa = XCConfigurationList;
			buildConfigurations = (
				60A998CB287BCF55003F7159 /* Debug */,
				60A998CC287BCF55003F7159 /* Release */,
			);
			defaultConfigurationIsVisible = 0;
			defaultConfigurationName = Release;
		};
/* End XCConfigurationList section */
	};
	rootObject = 601127E028611D6500F92967 /* Project object */;
}
