// !$*UTF8*$!
{
	archiveVersion = 1;
	classes = {
	};
	objectVersion = 55;
	objects = {

/* Begin PBXBuildFile section */
		6019854827B32B6600A96EAA /* AppDelegate.m in Sources */ = {isa = PBXBuildFile; fileRef = 6019854727B32B6600A96EAA /* AppDelegate.m */; };
		6019854E27B32B6600A96EAA /* ViewController.m in Sources */ = {isa = PBXBuildFile; fileRef = 6019854D27B32B6600A96EAA /* ViewController.m */; };
		6019855327B32B8D00A96EAA /* Assets.xcassets in Resources */ = {isa = PBXBuildFile; fileRef = 6019855227B32B8D00A96EAA /* Assets.xcassets */; };
		6019855627B32B8D00A96EAA /* LaunchScreen.storyboard in Resources */ = {isa = PBXBuildFile; fileRef = 6019855427B32B8D00A96EAA /* LaunchScreen.storyboard */; };
		6019855927B32B8D00A96EAA /* main.m in Sources */ = {isa = PBXBuildFile; fileRef = 6019855827B32B8D00A96EAA /* main.m */; };
		6019856027B3307B00A96EAA /* shaders.metal in Sources */ = {isa = PBXBuildFile; fileRef = 6019855F27B3307B00A96EAA /* shaders.metal */; };
		603EDA8927B389A200C80F7E /* software_renderer.c in Sources */ = {isa = PBXBuildFile; fileRef = 603EDA8227B389A200C80F7E /* software_renderer.c */; };
		603EDA8A27B389A200C80F7E /* box.c in Sources */ = {isa = PBXBuildFile; fileRef = 603EDA8727B389A200C80F7E /* box.c */; };
		603EDA8C27B3A67C00C80F7E /* gpu.m in Sources */ = {isa = PBXBuildFile; fileRef = 603EDA8B27B3A67C00C80F7E /* gpu.m */; };
		603EDA8E27B4976C00C80F7E /* Main.storyboard in Resources */ = {isa = PBXBuildFile; fileRef = 603EDA8D27B4976C00C80F7E /* Main.storyboard */; };
/* End PBXBuildFile section */

/* Begin PBXFileReference section */
		6019854327B32B6600A96EAA /* hello3dgfx.app */ = {isa = PBXFileReference; explicitFileType = wrapper.application; includeInIndex = 0; path = hello3dgfx.app; sourceTree = BUILT_PRODUCTS_DIR; };
		6019854627B32B6600A96EAA /* AppDelegate.h */ = {isa = PBXFileReference; lastKnownFileType = sourcecode.c.h; path = AppDelegate.h; sourceTree = "<group>"; };
		6019854727B32B6600A96EAA /* AppDelegate.m */ = {isa = PBXFileReference; lastKnownFileType = sourcecode.c.objc; path = AppDelegate.m; sourceTree = "<group>"; };
		6019854C27B32B6600A96EAA /* ViewController.h */ = {isa = PBXFileReference; lastKnownFileType = sourcecode.c.h; path = ViewController.h; sourceTree = "<group>"; };
		6019854D27B32B6600A96EAA /* ViewController.m */ = {isa = PBXFileReference; lastKnownFileType = sourcecode.c.objc; path = ViewController.m; sourceTree = "<group>"; };
		6019855227B32B8D00A96EAA /* Assets.xcassets */ = {isa = PBXFileReference; lastKnownFileType = folder.assetcatalog; path = Assets.xcassets; sourceTree = "<group>"; };
		6019855527B32B8D00A96EAA /* Base */ = {isa = PBXFileReference; lastKnownFileType = file.storyboard; name = Base; path = Base.lproj/LaunchScreen.storyboard; sourceTree = "<group>"; };
		6019855727B32B8D00A96EAA /* Info.plist */ = {isa = PBXFileReference; lastKnownFileType = text.plist.xml; path = Info.plist; sourceTree = "<group>"; };
		6019855827B32B8D00A96EAA /* main.m */ = {isa = PBXFileReference; lastKnownFileType = sourcecode.c.objc; path = main.m; sourceTree = "<group>"; };
		6019855F27B3307B00A96EAA /* shaders.metal */ = {isa = PBXFileReference; fileEncoding = 4; lastKnownFileType = sourcecode.metal; name = shaders.metal; path = ../../../macos/shaders.metal; sourceTree = "<group>"; };
		603EDA8127B389A200C80F7E /* vertex_types.h */ = {isa = PBXFileReference; fileEncoding = 4; lastKnownFileType = sourcecode.c.h; name = vertex_types.h; path = ../../../shared/vertex_types.h; sourceTree = "<group>"; };
		603EDA8227B389A200C80F7E /* software_renderer.c */ = {isa = PBXFileReference; fileEncoding = 4; lastKnownFileType = sourcecode.c.c; name = software_renderer.c; path = ../../../shared/software_renderer.c; sourceTree = "<group>"; };
		603EDA8327B389A200C80F7E /* bool_types.h */ = {isa = PBXFileReference; fileEncoding = 4; lastKnownFileType = sourcecode.c.h; name = bool_types.h; path = ../../../shared/bool_types.h; sourceTree = "<group>"; };
		603EDA8427B389A200C80F7E /* window_size.h */ = {isa = PBXFileReference; fileEncoding = 4; lastKnownFileType = sourcecode.c.h; name = window_size.h; path = ../../../shared/window_size.h; sourceTree = "<group>"; };
		603EDA8527B389A200C80F7E /* gpu.h */ = {isa = PBXFileReference; fileEncoding = 4; lastKnownFileType = sourcecode.c.h; name = gpu.h; path = ../../../shared/gpu.h; sourceTree = "<group>"; };
		603EDA8627B389A200C80F7E /* software_renderer.h */ = {isa = PBXFileReference; fileEncoding = 4; lastKnownFileType = sourcecode.c.h; name = software_renderer.h; path = ../../../shared/software_renderer.h; sourceTree = "<group>"; };
		603EDA8727B389A200C80F7E /* box.c */ = {isa = PBXFileReference; fileEncoding = 4; lastKnownFileType = sourcecode.c.c; name = box.c; path = ../../../shared/box.c; sourceTree = "<group>"; };
		603EDA8827B389A200C80F7E /* box.h */ = {isa = PBXFileReference; fileEncoding = 4; lastKnownFileType = sourcecode.c.h; name = box.h; path = ../../../shared/box.h; sourceTree = "<group>"; };
		603EDA8B27B3A67C00C80F7E /* gpu.m */ = {isa = PBXFileReference; fileEncoding = 4; lastKnownFileType = sourcecode.c.objc; name = gpu.m; path = ../../../shared/gpu.m; sourceTree = "<group>"; };
		603EDA8D27B4976C00C80F7E /* Main.storyboard */ = {isa = PBXFileReference; lastKnownFileType = file.storyboard; path = Main.storyboard; sourceTree = "<group>"; };
/* End PBXFileReference section */

/* Begin PBXFrameworksBuildPhase section */
		6019854027B32B6600A96EAA /* Frameworks */ = {
			isa = PBXFrameworksBuildPhase;
			buildActionMask = 2147483647;
			files = (
			);
			runOnlyForDeploymentPostprocessing = 0;
		};
/* End PBXFrameworksBuildPhase section */

/* Begin PBXGroup section */
		6019853A27B32B6600A96EAA = {
			isa = PBXGroup;
			children = (
				6019854527B32B6600A96EAA /* hello3dgfx */,
				6019854427B32B6600A96EAA /* Products */,
			);
			sourceTree = "<group>";
		};
		6019854427B32B6600A96EAA /* Products */ = {
			isa = PBXGroup;
			children = (
				6019854327B32B6600A96EAA /* hello3dgfx.app */,
			);
			name = Products;
			sourceTree = "<group>";
		};
		6019854527B32B6600A96EAA /* hello3dgfx */ = {
			isa = PBXGroup;
			children = (
				603EDA8327B389A200C80F7E /* bool_types.h */,
				603EDA8727B389A200C80F7E /* box.c */,
				603EDA8827B389A200C80F7E /* box.h */,
				603EDA8527B389A200C80F7E /* gpu.h */,
				603EDA8B27B3A67C00C80F7E /* gpu.m */,
				603EDA8227B389A200C80F7E /* software_renderer.c */,
				603EDA8627B389A200C80F7E /* software_renderer.h */,
				603EDA8127B389A200C80F7E /* vertex_types.h */,
				603EDA8427B389A200C80F7E /* window_size.h */,
				6019854627B32B6600A96EAA /* AppDelegate.h */,
				6019854727B32B6600A96EAA /* AppDelegate.m */,
				6019854C27B32B6600A96EAA /* ViewController.h */,
				6019854D27B32B6600A96EAA /* ViewController.m */,
				6019855227B32B8D00A96EAA /* Assets.xcassets */,
				6019855427B32B8D00A96EAA /* LaunchScreen.storyboard */,
				603EDA8D27B4976C00C80F7E /* Main.storyboard */,
				6019855727B32B8D00A96EAA /* Info.plist */,
				6019855827B32B8D00A96EAA /* main.m */,
				6019855F27B3307B00A96EAA /* shaders.metal */,
			);
			path = hello3dgfx;
			sourceTree = "<group>";
		};
/* End PBXGroup section */

/* Begin PBXNativeTarget section */
		6019854227B32B6600A96EAA /* hello3dgfx */ = {
			isa = PBXNativeTarget;
			buildConfigurationList = 6019855C27B32B8D00A96EAA /* Build configuration list for PBXNativeTarget "hello3dgfx" */;
			buildPhases = (
				6019853F27B32B6600A96EAA /* Sources */,
				6019854027B32B6600A96EAA /* Frameworks */,
				6019854127B32B6600A96EAA /* Resources */,
			);
			buildRules = (
			);
			dependencies = (
			);
			name = hello3dgfx;
			productName = hello3dgfx;
			productReference = 6019854327B32B6600A96EAA /* hello3dgfx.app */;
			productType = "com.apple.product-type.application";
		};
/* End PBXNativeTarget section */

/* Begin PBXProject section */
		6019853B27B32B6600A96EAA /* Project object */ = {
			isa = PBXProject;
			attributes = {
				BuildIndependentTargetsInParallel = 1;
				LastUpgradeCheck = 1320;
				TargetAttributes = {
					6019854227B32B6600A96EAA = {
						CreatedOnToolsVersion = 13.2.1;
					};
				};
			};
			buildConfigurationList = 6019853E27B32B6600A96EAA /* Build configuration list for PBXProject "hello3dgfx" */;
			compatibilityVersion = "Xcode 13.0";
			developmentRegion = en;
			hasScannedForEncodings = 0;
			knownRegions = (
				en,
				Base,
			);
			mainGroup = 6019853A27B32B6600A96EAA;
			productRefGroup = 6019854427B32B6600A96EAA /* Products */;
			projectDirPath = "";
			projectRoot = "";
			targets = (
				6019854227B32B6600A96EAA /* hello3dgfx */,
			);
		};
/* End PBXProject section */

/* Begin PBXResourcesBuildPhase section */
		6019854127B32B6600A96EAA /* Resources */ = {
			isa = PBXResourcesBuildPhase;
			buildActionMask = 2147483647;
			files = (
				603EDA8E27B4976C00C80F7E /* Main.storyboard in Resources */,
				6019855627B32B8D00A96EAA /* LaunchScreen.storyboard in Resources */,
				6019855327B32B8D00A96EAA /* Assets.xcassets in Resources */,
			);
			runOnlyForDeploymentPostprocessing = 0;
		};
/* End PBXResourcesBuildPhase section */

/* Begin PBXSourcesBuildPhase section */
		6019853F27B32B6600A96EAA /* Sources */ = {
			isa = PBXSourcesBuildPhase;
			buildActionMask = 2147483647;
			files = (
				6019854E27B32B6600A96EAA /* ViewController.m in Sources */,
				6019856027B3307B00A96EAA /* shaders.metal in Sources */,
				6019854827B32B6600A96EAA /* AppDelegate.m in Sources */,
				6019855927B32B8D00A96EAA /* main.m in Sources */,
				603EDA8C27B3A67C00C80F7E /* gpu.m in Sources */,
				603EDA8927B389A200C80F7E /* software_renderer.c in Sources */,
				603EDA8A27B389A200C80F7E /* box.c in Sources */,
			);
			runOnlyForDeploymentPostprocessing = 0;
		};
/* End PBXSourcesBuildPhase section */

/* Begin PBXVariantGroup section */
		6019855427B32B8D00A96EAA /* LaunchScreen.storyboard */ = {
			isa = PBXVariantGroup;
			children = (
				6019855527B32B8D00A96EAA /* Base */,
			);
			name = LaunchScreen.storyboard;
			sourceTree = "<group>";
		};
/* End PBXVariantGroup section */

/* Begin XCBuildConfiguration section */
		6019855A27B32B8D00A96EAA /* Debug */ = {
			isa = XCBuildConfiguration;
			buildSettings = {
				ALWAYS_SEARCH_USER_PATHS = NO;
				CLANG_ANALYZER_NONNULL = YES;
				CLANG_ANALYZER_NUMBER_OBJECT_CONVERSION = YES_AGGRESSIVE;
				CLANG_CXX_LANGUAGE_STANDARD = "gnu++17";
				CLANG_CXX_LIBRARY = "libc++";
				CLANG_ENABLE_MODULES = YES;
				CLANG_ENABLE_OBJC_ARC = YES;
				CLANG_ENABLE_OBJC_WEAK = YES;
				CLANG_WARN_BLOCK_CAPTURE_AUTORELEASING = YES;
				CLANG_WARN_BOOL_CONVERSION = YES;
				CLANG_WARN_COMMA = YES;
				CLANG_WARN_CONSTANT_CONVERSION = YES;
				CLANG_WARN_DEPRECATED_OBJC_IMPLEMENTATIONS = YES;
				CLANG_WARN_DIRECT_OBJC_ISA_USAGE = YES_ERROR;
				CLANG_WARN_DOCUMENTATION_COMMENTS = YES;
				CLANG_WARN_EMPTY_BODY = YES;
				CLANG_WARN_ENUM_CONVERSION = YES;
				CLANG_WARN_INFINITE_RECURSION = YES;
				CLANG_WARN_INT_CONVERSION = YES;
				CLANG_WARN_NON_LITERAL_NULL_CONVERSION = YES;
				CLANG_WARN_OBJC_IMPLICIT_RETAIN_SELF = YES;
				CLANG_WARN_OBJC_LITERAL_CONVERSION = YES;
				CLANG_WARN_OBJC_ROOT_CLASS = YES_ERROR;
				CLANG_WARN_QUOTED_INCLUDE_IN_FRAMEWORK_HEADER = YES;
				CLANG_WARN_RANGE_LOOP_ANALYSIS = YES;
				CLANG_WARN_STRICT_PROTOTYPES = YES;
				CLANG_WARN_SUSPICIOUS_MOVE = YES;
				CLANG_WARN_UNGUARDED_AVAILABILITY = YES_AGGRESSIVE;
				CLANG_WARN_UNREACHABLE_CODE = YES;
				CLANG_WARN__DUPLICATE_METHOD_MATCH = YES;
				COPY_PHASE_STRIP = NO;
				DEBUG_INFORMATION_FORMAT = dwarf;
				ENABLE_STRICT_OBJC_MSGSEND = YES;
				ENABLE_TESTABILITY = YES;
				GCC_C_LANGUAGE_STANDARD = gnu11;
				GCC_DYNAMIC_NO_PIC = NO;
				GCC_NO_COMMON_BLOCKS = YES;
				GCC_OPTIMIZATION_LEVEL = 0;
				GCC_PREPROCESSOR_DEFINITIONS = (
					"DEBUG=1",
					"$(inherited)",
				);
				GCC_WARN_64_TO_32_BIT_CONVERSION = YES;
				GCC_WARN_ABOUT_RETURN_TYPE = YES_ERROR;
				GCC_WARN_UNDECLARED_SELECTOR = YES;
				GCC_WARN_UNINITIALIZED_AUTOS = YES_AGGRESSIVE;
				GCC_WARN_UNUSED_FUNCTION = YES;
				GCC_WARN_UNUSED_VARIABLE = YES;
				IPHONEOS_DEPLOYMENT_TARGET = 15.2;
				MTL_ENABLE_DEBUG_INFO = INCLUDE_SOURCE;
				MTL_FAST_MATH = YES;
				ONLY_ACTIVE_ARCH = YES;
				SDKROOT = iphoneos;
			};
			name = Debug;
		};
		6019855B27B32B8D00A96EAA /* Release */ = {
			isa = XCBuildConfiguration;
			buildSettings = {
				ALWAYS_SEARCH_USER_PATHS = NO;
				CLANG_ANALYZER_NONNULL = YES;
				CLANG_ANALYZER_NUMBER_OBJECT_CONVERSION = YES_AGGRESSIVE;
				CLANG_CXX_LANGUAGE_STANDARD = "gnu++17";
				CLANG_CXX_LIBRARY = "libc++";
				CLANG_ENABLE_MODULES = YES;
				CLANG_ENABLE_OBJC_ARC = YES;
				CLANG_ENABLE_OBJC_WEAK = YES;
				CLANG_WARN_BLOCK_CAPTURE_AUTORELEASING = YES;
				CLANG_WARN_BOOL_CONVERSION = YES;
				CLANG_WARN_COMMA = YES;
				CLANG_WARN_CONSTANT_CONVERSION = YES;
				CLANG_WARN_DEPRECATED_OBJC_IMPLEMENTATIONS = YES;
				CLANG_WARN_DIRECT_OBJC_ISA_USAGE = YES_ERROR;
				CLANG_WARN_DOCUMENTATION_COMMENTS = YES;
				CLANG_WARN_EMPTY_BODY = YES;
				CLANG_WARN_ENUM_CONVERSION = YES;
				CLANG_WARN_INFINITE_RECURSION = YES;
				CLANG_WARN_INT_CONVERSION = YES;
				CLANG_WARN_NON_LITERAL_NULL_CONVERSION = YES;
				CLANG_WARN_OBJC_IMPLICIT_RETAIN_SELF = YES;
				CLANG_WARN_OBJC_LITERAL_CONVERSION = YES;
				CLANG_WARN_OBJC_ROOT_CLASS = YES_ERROR;
				CLANG_WARN_QUOTED_INCLUDE_IN_FRAMEWORK_HEADER = YES;
				CLANG_WARN_RANGE_LOOP_ANALYSIS = YES;
				CLANG_WARN_STRICT_PROTOTYPES = YES;
				CLANG_WARN_SUSPICIOUS_MOVE = YES;
				CLANG_WARN_UNGUARDED_AVAILABILITY = YES_AGGRESSIVE;
				CLANG_WARN_UNREACHABLE_CODE = YES;
				CLANG_WARN__DUPLICATE_METHOD_MATCH = YES;
				COPY_PHASE_STRIP = NO;
				DEBUG_INFORMATION_FORMAT = "dwarf-with-dsym";
				ENABLE_NS_ASSERTIONS = NO;
				ENABLE_STRICT_OBJC_MSGSEND = YES;
				GCC_C_LANGUAGE_STANDARD = gnu11;
				GCC_NO_COMMON_BLOCKS = YES;
				GCC_WARN_64_TO_32_BIT_CONVERSION = YES;
				GCC_WARN_ABOUT_RETURN_TYPE = YES_ERROR;
				GCC_WARN_UNDECLARED_SELECTOR = YES;
				GCC_WARN_UNINITIALIZED_AUTOS = YES_AGGRESSIVE;
				GCC_WARN_UNUSED_FUNCTION = YES;
				GCC_WARN_UNUSED_VARIABLE = YES;
				IPHONEOS_DEPLOYMENT_TARGET = 15.2;
				MTL_ENABLE_DEBUG_INFO = NO;
				MTL_FAST_MATH = YES;
				SDKROOT = iphoneos;
				VALIDATE_PRODUCT = YES;
			};
			name = Release;
		};
		6019855D27B32B8D00A96EAA /* Debug */ = {
			isa = XCBuildConfiguration;
			buildSettings = {
				ASSETCATALOG_COMPILER_APPICON_NAME = AppIcon;
				ASSETCATALOG_COMPILER_GLOBAL_ACCENT_COLOR_NAME = AccentColor;
				CODE_SIGN_STYLE = Automatic;
				CURRENT_PROJECT_VERSION = 1;
				DEAD_CODE_STRIPPING = NO;
				DEVELOPMENT_TEAM = 69FRAQZ2YR;
				GENERATE_INFOPLIST_FILE = YES;
				HEADER_SEARCH_PATHS = "";
				INFOPLIST_FILE = hello3dgfx/Info.plist;
				INFOPLIST_KEY_UIApplicationSupportsIndirectInputEvents = YES;
				INFOPLIST_KEY_UILaunchStoryboardName = LaunchScreen;
				INFOPLIST_KEY_UIMainStoryboardFile = Main;
				INFOPLIST_KEY_UISupportedInterfaceOrientations_iPad = "UIInterfaceOrientationPortrait UIInterfaceOrientationPortraitUpsideDown UIInterfaceOrientationLandscapeLeft UIInterfaceOrientationLandscapeRight";
				INFOPLIST_KEY_UISupportedInterfaceOrientations_iPhone = "UIInterfaceOrientationPortrait UIInterfaceOrientationLandscapeLeft UIInterfaceOrientationLandscapeRight";
				LD_RUNPATH_SEARCH_PATHS = (
					"$(inherited)",
					"@executable_path/Frameworks",
				);
				MARKETING_VERSION = 1.0;
				PRODUCT_BUNDLE_IDENTIFIER = com.TOK.hello3dgfx;
				PRODUCT_NAME = "$(TARGET_NAME)";
				SWIFT_EMIT_LOC_STRINGS = YES;
				TARGETED_DEVICE_FAMILY = "1,2";
			};
			name = Debug;
		};
		6019855E27B32B8D00A96EAA /* Release */ = {
			isa = XCBuildConfiguration;
			buildSettings = {
				ASSETCATALOG_COMPILER_APPICON_NAME = AppIcon;
				ASSETCATALOG_COMPILER_GLOBAL_ACCENT_COLOR_NAME = AccentColor;
				CODE_SIGN_STYLE = Automatic;
				CURRENT_PROJECT_VERSION = 1;
				DEAD_CODE_STRIPPING = NO;
				DEVELOPMENT_TEAM = 69FRAQZ2YR;
				GENERATE_INFOPLIST_FILE = YES;
				"HEADER_SEARCH_PATHS[arch=*]" = "";
				INFOPLIST_FILE = hello3dgfx/Info.plist;
				INFOPLIST_KEY_UIApplicationSupportsIndirectInputEvents = YES;
				INFOPLIST_KEY_UILaunchStoryboardName = LaunchScreen;
				INFOPLIST_KEY_UIMainStoryboardFile = Main;
				INFOPLIST_KEY_UISupportedInterfaceOrientations_iPad = "UIInterfaceOrientationPortrait UIInterfaceOrientationPortraitUpsideDown UIInterfaceOrientationLandscapeLeft UIInterfaceOrientationLandscapeRight";
				INFOPLIST_KEY_UISupportedInterfaceOrientations_iPhone = "UIInterfaceOrientationPortrait UIInterfaceOrientationLandscapeLeft UIInterfaceOrientationLandscapeRight";
				LD_RUNPATH_SEARCH_PATHS = (
					"$(inherited)",
					"@executable_path/Frameworks",
				);
				MARKETING_VERSION = 1.0;
				PRODUCT_BUNDLE_IDENTIFIER = com.TOK.hello3dgfx;
				PRODUCT_NAME = "$(TARGET_NAME)";
				SWIFT_EMIT_LOC_STRINGS = YES;
				TARGETED_DEVICE_FAMILY = "1,2";
			};
			name = Release;
		};
/* End XCBuildConfiguration section */

/* Begin XCConfigurationList section */
		6019853E27B32B6600A96EAA /* Build configuration list for PBXProject "hello3dgfx" */ = {
			isa = XCConfigurationList;
			buildConfigurations = (
				6019855A27B32B8D00A96EAA /* Debug */,
				6019855B27B32B8D00A96EAA /* Release */,
			);
			defaultConfigurationIsVisible = 0;
			defaultConfigurationName = Release;
		};
		6019855C27B32B8D00A96EAA /* Build configuration list for PBXNativeTarget "hello3dgfx" */ = {
			isa = XCConfigurationList;
			buildConfigurations = (
				6019855D27B32B8D00A96EAA /* Debug */,
				6019855E27B32B8D00A96EAA /* Release */,
			);
			defaultConfigurationIsVisible = 0;
			defaultConfigurationName = Release;
		};
/* End XCConfigurationList section */
	};
	rootObject = 6019853B27B32B6600A96EAA /* Project object */;
}
